PODS:
  - FBSnapshotTestCase (2.1.4):
    - FBSnapshotTestCase/SwiftSupport (= 2.1.4)
  - FBSnapshotTestCase/Core (2.1.4)
  - FBSnapshotTestCase/SwiftSupport (2.1.4):
    - FBSnapshotTestCase/Core
  - HBSwiftKit (0.0.9):
    - HBSwiftKit/BaseClass (= 0.0.9)
    - HBSwiftKit/Extension (= 0.0.9)
    - HBSwiftKit/Global (= 0.0.9)
    - HBSwiftKit/Network (= 0.0.9)
    - HBSwiftKit/UIKit (= 0.0.9)
    - Kingfisher
  - HBSwiftKit/BaseClass (0.0.9):
    - HBSwiftKit/Extension
    - HBSwiftKit/Global
    - Kingfisher
  - HBSwiftKit/Extension (0.0.9):
    - HBSwiftKit/Global
    - Kingfisher
  - HBSwiftKit/Global (0.0.9):
    - Kingfisher
  - HBSwiftKit/Network (0.0.9):
    - HBSwiftKit/Extension
    - HBSwiftKit/Global
    - HBSwiftKit/UIKit
    - Kingfisher
  - HBSwiftKit/UIKit (0.0.9):
    - HBSwiftKit/BaseClass
    - HBSwiftKit/Extension
    - HBSwiftKit/Global
    - Kingfisher
  - Kingfisher (4.10.1)
  - Nimble (7.3.4)
  - Nimble-Snapshots (6.3.0):
    - Nimble-Snapshots/Core (= 6.3.0)
  - Nimble-Snapshots/Core (6.3.0):
    - FBSnapshotTestCase (~> 2.0)
    - Nimble (~> 7.0)
  - Quick (1.2.0)

DEPENDENCIES:
  - FBSnapshotTestCase (~> 2.1.4)
  - HBSwiftKit (from `../`)
  - Nimble (~> 7.0)
  - Nimble-Snapshots (~> 6.3.0)
  - Quick (~> 1.2.0)

SPEC REPOS:
  trunk:
    - FBSnapshotTestCase
    - Kingfisher
    - Nimble
    - Nimble-Snapshots
    - Quick

EXTERNAL SOURCES:
  HBSwiftKit:
    :path: "../"

SPEC CHECKSUMS:
  FBSnapshotTestCase: 094f9f314decbabe373b87cc339bea235a63e07a
  HBSwiftKit: 5aff976334cf3409b926e160e09b1c6e778ec413
  Kingfisher: c148cd7b47ebde9989f6bc7c27dcaa79d81279a0
  Nimble: 051e3d8912d40138fa5591c78594f95fb172af37
  Nimble-Snapshots: f5459b5b091678dc942d03ec4741cacb58ba4a52
  Quick: 58d203b1c5e27fff7229c4c1ae445ad7069a7a08

PODFILE CHECKSUM: 0723afde778ec5c96b62d543d41734bb0b731c1b

COCOAPODS: 1.10.0
