// !$*UTF8*$!
{
	archiveVersion = 1;
	classes = {
	};
	objectVersion = 54;
	objects = {

/* Begin PBXBuildFile section */
		0630D2901133ACAA226C5EF5 /* Pods_HBSwiftKit_Tests.framework in Frameworks */ = {isa = PBXBuildFile; fileRef = 12F5E5A4DC30D6A96A4CC4E3 /* Pods_HBSwiftKit_Tests.framework */; };
		607FACD61AFB9204008FA782 /* AppDelegate.swift in Sources */ = {isa = PBXBuildFile; fileRef = 607FACD51AFB9204008FA782 /* AppDelegate.swift */; };
		607FACD81AFB9204008FA782 /* ViewController.swift in Sources */ = {isa = PBXBuildFile; fileRef = 607FACD71AFB9204008FA782 /* ViewController.swift */; };
		607FACDB1AFB9204008FA782 /* Main.storyboard in Resources */ = {isa = PBXBuildFile; fileRef = 607FACD91AFB9204008FA782 /* Main.storyboard */; };
		607FACDD1AFB9204008FA782 /* Images.xcassets in Resources */ = {isa = PBXBuildFile; fileRef = 607FACDC1AFB9204008FA782 /* Images.xcassets */; };
		B518517626269E340013A973 /* Quick+NimbleTest.swift in Sources */ = {isa = PBXBuildFile; fileRef = B518517526269E340013A973 /* Quick+NimbleTest.swift */; };
		B5389B3225EE1D7100ED67F9 /* Wto_Calendar.swift in Sources */ = {isa = PBXBuildFile; fileRef = B5389B2625EE1BB900ED67F9 /* Wto_Calendar.swift */; };
		B5389B7925EF8FB400ED67F9 /* R.generated.swift in Sources */ = {isa = PBXBuildFile; fileRef = B5389B7825EF8FB400ED67F9 /* R.generated.swift */; };
		B5389B8925EF913E00ED67F9 /* LaunchScreen.storyboard in Resources */ = {isa = PBXBuildFile; fileRef = B5389B8825EF913E00ED67F9 /* LaunchScreen.storyboard */; };
		B53D570326268EBE001D0BC0 /* HBSwiftKit_UITests.swift in Sources */ = {isa = PBXBuildFile; fileRef = B53D570226268EBE001D0BC0 /* HBSwiftKit_UITests.swift */; };
		B5557A302670614E007F5B44 /* LoadAnimateView.swift in Sources */ = {isa = PBXBuildFile; fileRef = B5557A2F2670614E007F5B44 /* LoadAnimateView.swift */; };
		B5557A3526706188007F5B44 /* loading.gif in Resources */ = {isa = PBXBuildFile; fileRef = B5557A3426706188007F5B44 /* loading.gif */; };
		B557E4DB2631304900C62147 /* ThemeStyle.swift in Sources */ = {isa = PBXBuildFile; fileRef = B557E4DA2631304800C62147 /* ThemeStyle.swift */; };
		B567FCE52596F39F006AFA69 /* README_SWIFT.md in Resources */ = {isa = PBXBuildFile; fileRef = B567FCE42596F39F006AFA69 /* README_SWIFT.md */; };
		B56F689D264B8AB300FD62CF /* DualListView.swift in Sources */ = {isa = PBXBuildFile; fileRef = B56F689C264B8AB300FD62CF /* DualListView.swift */; };
		B56F68A2264B8AF400FD62CF /* duallist.json in Resources */ = {isa = PBXBuildFile; fileRef = B56F68A1264B8AF400FD62CF /* duallist.json */; };
		B575D5F925A9900C0068EB19 /* help_es.html in Resources */ = {isa = PBXBuildFile; fileRef = B575D5F725A9900C0068EB19 /* help_es.html */; };
		B575D5FA25A9900C0068EB19 /* help_cn.html in Resources */ = {isa = PBXBuildFile; fileRef = B575D5F825A9900C0068EB19 /* help_cn.html */; };
		B5BAC82D255A7818005A5179 /* ImageBrowerController.swift in Sources */ = {isa = PBXBuildFile; fileRef = B5BAC828255A7818005A5179 /* ImageBrowerController.swift */; };
		B5BAC82E255A7818005A5179 /* NumberPickerController.swift in Sources */ = {isa = PBXBuildFile; fileRef = B5BAC829255A7818005A5179 /* NumberPickerController.swift */; };
		B5BAC82F255A7818005A5179 /* CalendarPickerController.swift in Sources */ = {isa = PBXBuildFile; fileRef = B5BAC82A255A7818005A5179 /* CalendarPickerController.swift */; };
		B5BAC830255A7818005A5179 /* BlueToothController.swift in Sources */ = {isa = PBXBuildFile; fileRef = B5BAC82B255A7818005A5179 /* BlueToothController.swift */; };
		B5BAC831255A7818005A5179 /* DatePickerController.swift in Sources */ = {isa = PBXBuildFile; fileRef = B5BAC82C255A7818005A5179 /* DatePickerController.swift */; };
		B5BAC835255A7875005A5179 /* images.json in Resources */ = {isa = PBXBuildFile; fileRef = B5BAC834255A7875005A5179 /* images.json */; };
		B5C6C5C725ECCE7700C88C1C /* SliderRuler.swift in Sources */ = {isa = PBXBuildFile; fileRef = B5C6C5C625ECCE7700C88C1C /* SliderRuler.swift */; };
		B5C6C5EA25ECD38800C88C1C /* Wto_ImageBrower.swift in Sources */ = {isa = PBXBuildFile; fileRef = B5C6C5DE25ECD1BD00C88C1C /* Wto_ImageBrower.swift */; };
		B5C6C5F325ECD39600C88C1C /* Wto_ThemeMode.swift in Sources */ = {isa = PBXBuildFile; fileRef = B5C6C5E025ECD1C400C88C1C /* Wto_ThemeMode.swift */; };
		B5C6C5F925ECD3A000C88C1C /* EditTableView.swift in Sources */ = {isa = PBXBuildFile; fileRef = B5C6C5CE25ECD08900C88C1C /* EditTableView.swift */; };
		B5C6C5FD25ECD4F100C88C1C /* EasyAdScrollTool.swift in Sources */ = {isa = PBXBuildFile; fileRef = B5C6C5FC25ECD4F100C88C1C /* EasyAdScrollTool.swift */; };
		B5CC7A3C25E88D2400D263B4 /* UIKitTestController.swift in Sources */ = {isa = PBXBuildFile; fileRef = B5CC7A3B25E88D2400D263B4 /* UIKitTestController.swift */; };
		B5CC7A4625E88F1400D263B4 /* AdvancedFilter.swift in Sources */ = {isa = PBXBuildFile; fileRef = B5CC7A4525E88F1400D263B4 /* AdvancedFilter.swift */; };
		B5CC7A4A25E8989300D263B4 /* advfilterdata.json in Resources */ = {isa = PBXBuildFile; fileRef = B5CC7A4925E8989300D263B4 /* advfilterdata.json */; };
		B5D55405261D40AE007A20F5 /* jstest.html in Resources */ = {isa = PBXBuildFile; fileRef = B5D55404261D40AE007A20F5 /* jstest.html */; };
		B5DCC71425F3266D007E3237 /* areacode.plist in Resources */ = {isa = PBXBuildFile; fileRef = B5DCC71325F3266D007E3237 /* areacode.plist */; };
		B5FB4F27257A365E007F1238 /* WebPreviewController.swift in Sources */ = {isa = PBXBuildFile; fileRef = B5FB4F26257A365E007F1238 /* WebPreviewController.swift */; };
		B5FB4FBD257DC20A007F1238 /* EasyAdScrollController.swift in Sources */ = {isa = PBXBuildFile; fileRef = B5FB4FBC257DC20A007F1238 /* EasyAdScrollController.swift */; };
		FE480E90E2CA32C49FC5A2F3 /* Pods_HBSwiftKit_Example.framework in Frameworks */ = {isa = PBXBuildFile; fileRef = 4845C4375F7293ACE69A0714 /* Pods_HBSwiftKit_Example.framework */; };
/* End PBXBuildFile section */

/* Begin PBXContainerItemProxy section */
		B53D570526268EBE001D0BC0 /* PBXContainerItemProxy */ = {
			isa = PBXContainerItemProxy;
			containerPortal = 607FACC81AFB9204008FA782 /* Project object */;
			proxyType = 1;
			remoteGlobalIDString = 607FACCF1AFB9204008FA782;
			remoteInfo = HBSwiftKit_Example;
		};
		B5E0A44A26269729005D248D /* PBXContainerItemProxy */ = {
			isa = PBXContainerItemProxy;
			containerPortal = 607FACC81AFB9204008FA782 /* Project object */;
			proxyType = 1;
			remoteGlobalIDString = 607FACCF1AFB9204008FA782;
			remoteInfo = HBSwiftKit_Example;
		};
/* End PBXContainerItemProxy section */

/* Begin PBXFileReference section */
		12F5E5A4DC30D6A96A4CC4E3 /* Pods_HBSwiftKit_Tests.framework */ = {isa = PBXFileReference; explicitFileType = wrapper.framework; includeInIndex = 0; path = Pods_HBSwiftKit_Tests.framework; sourceTree = BUILT_PRODUCTS_DIR; };
		4845C4375F7293ACE69A0714 /* Pods_HBSwiftKit_Example.framework */ = {isa = PBXFileReference; explicitFileType = wrapper.framework; includeInIndex = 0; path = Pods_HBSwiftKit_Example.framework; sourceTree = BUILT_PRODUCTS_DIR; };
		5217653375CCE7602F1DA3F5 /* README.md */ = {isa = PBXFileReference; includeInIndex = 1; lastKnownFileType = net.daringfireball.markdown; name = README.md; path = ../README.md; sourceTree = "<group>"; };
		5CA296E7E757B6B9CCC2CB2F /* LICENSE */ = {isa = PBXFileReference; includeInIndex = 1; lastKnownFileType = text; name = LICENSE; path = ../LICENSE; sourceTree = "<group>"; };
		607FACD01AFB9204008FA782 /* HBSwiftKit_Example.app */ = {isa = PBXFileReference; explicitFileType = wrapper.application; includeInIndex = 0; path = HBSwiftKit_Example.app; sourceTree = BUILT_PRODUCTS_DIR; };
		607FACD41AFB9204008FA782 /* Info.plist */ = {isa = PBXFileReference; lastKnownFileType = text.plist.xml; path = Info.plist; sourceTree = "<group>"; };
		607FACD51AFB9204008FA782 /* AppDelegate.swift */ = {isa = PBXFileReference; lastKnownFileType = sourcecode.swift; path = AppDelegate.swift; sourceTree = "<group>"; };
		607FACD71AFB9204008FA782 /* ViewController.swift */ = {isa = PBXFileReference; lastKnownFileType = sourcecode.swift; path = ViewController.swift; sourceTree = "<group>"; };
		607FACDA1AFB9204008FA782 /* Base */ = {isa = PBXFileReference; lastKnownFileType = file.storyboard; name = Base; path = Base.lproj/Main.storyboard; sourceTree = "<group>"; };
		607FACDC1AFB9204008FA782 /* Images.xcassets */ = {isa = PBXFileReference; lastKnownFileType = folder.assetcatalog; path = Images.xcassets; sourceTree = "<group>"; };
		60A90EE9A7E1640E361223EE /* Pods-HBSwiftKit_Example.release.xcconfig */ = {isa = PBXFileReference; includeInIndex = 1; lastKnownFileType = text.xcconfig; name = "Pods-HBSwiftKit_Example.release.xcconfig"; path = "Target Support Files/Pods-HBSwiftKit_Example/Pods-HBSwiftKit_Example.release.xcconfig"; sourceTree = "<group>"; };
		9A8871220770A8D795C87930 /* Pods-HBSwiftKit_Tests.release.xcconfig */ = {isa = PBXFileReference; includeInIndex = 1; lastKnownFileType = text.xcconfig; name = "Pods-HBSwiftKit_Tests.release.xcconfig"; path = "Target Support Files/Pods-HBSwiftKit_Tests/Pods-HBSwiftKit_Tests.release.xcconfig"; sourceTree = "<group>"; };
		B518517526269E340013A973 /* Quick+NimbleTest.swift */ = {isa = PBXFileReference; lastKnownFileType = sourcecode.swift; name = "Quick+NimbleTest.swift"; path = "HBSwiftKit_Tests/Quick+NimbleTest.swift"; sourceTree = SOURCE_ROOT; };
		B5389B2625EE1BB900ED67F9 /* Wto_Calendar.swift */ = {isa = PBXFileReference; lastKnownFileType = sourcecode.swift; path = Wto_Calendar.swift; sourceTree = "<group>"; };
		B5389B7825EF8FB400ED67F9 /* R.generated.swift */ = {isa = PBXFileReference; fileEncoding = 4; lastKnownFileType = sourcecode.swift; path = R.generated.swift; sourceTree = "<group>"; };
		B5389B8825EF913E00ED67F9 /* LaunchScreen.storyboard */ = {isa = PBXFileReference; lastKnownFileType = file.storyboard; path = LaunchScreen.storyboard; sourceTree = "<group>"; };
		B53D570026268EBE001D0BC0 /* HBSwiftKit_UITests.xctest */ = {isa = PBXFileReference; explicitFileType = wrapper.cfbundle; includeInIndex = 0; path = HBSwiftKit_UITests.xctest; sourceTree = BUILT_PRODUCTS_DIR; };
		B53D570226268EBE001D0BC0 /* HBSwiftKit_UITests.swift */ = {isa = PBXFileReference; lastKnownFileType = sourcecode.swift; path = HBSwiftKit_UITests.swift; sourceTree = "<group>"; };
		B53D570426268EBE001D0BC0 /* Info.plist */ = {isa = PBXFileReference; lastKnownFileType = text.plist.xml; path = Info.plist; sourceTree = "<group>"; };
		B5557A2F2670614E007F5B44 /* LoadAnimateView.swift */ = {isa = PBXFileReference; lastKnownFileType = sourcecode.swift; path = LoadAnimateView.swift; sourceTree = "<group>"; };
		B5557A3426706188007F5B44 /* loading.gif */ = {isa = PBXFileReference; lastKnownFileType = image.gif; path = loading.gif; sourceTree = "<group>"; };
		B557E4DA2631304800C62147 /* ThemeStyle.swift */ = {isa = PBXFileReference; lastKnownFileType = sourcecode.swift; path = ThemeStyle.swift; sourceTree = "<group>"; };
		B567FCE42596F39F006AFA69 /* README_SWIFT.md */ = {isa = PBXFileReference; fileEncoding = 4; lastKnownFileType = net.daringfireball.markdown; name = README_SWIFT.md; path = ../README_SWIFT.md; sourceTree = "<group>"; };
		B56F689C264B8AB300FD62CF /* DualListView.swift */ = {isa = PBXFileReference; lastKnownFileType = sourcecode.swift; path = DualListView.swift; sourceTree = "<group>"; };
		B56F68A1264B8AF400FD62CF /* duallist.json */ = {isa = PBXFileReference; fileEncoding = 4; lastKnownFileType = text.json; path = duallist.json; sourceTree = "<group>"; };
		B575D5F725A9900C0068EB19 /* help_es.html */ = {isa = PBXFileReference; fileEncoding = 4; lastKnownFileType = text.html; path = help_es.html; sourceTree = "<group>"; };
		B575D5F825A9900C0068EB19 /* help_cn.html */ = {isa = PBXFileReference; fileEncoding = 4; lastKnownFileType = text.html; path = help_cn.html; sourceTree = "<group>"; };
		B5BAC828255A7818005A5179 /* ImageBrowerController.swift */ = {isa = PBXFileReference; fileEncoding = 4; lastKnownFileType = sourcecode.swift; path = ImageBrowerController.swift; sourceTree = "<group>"; };
		B5BAC829255A7818005A5179 /* NumberPickerController.swift */ = {isa = PBXFileReference; fileEncoding = 4; lastKnownFileType = sourcecode.swift; path = NumberPickerController.swift; sourceTree = "<group>"; };
		B5BAC82A255A7818005A5179 /* CalendarPickerController.swift */ = {isa = PBXFileReference; fileEncoding = 4; lastKnownFileType = sourcecode.swift; path = CalendarPickerController.swift; sourceTree = "<group>"; };
		B5BAC82B255A7818005A5179 /* BlueToothController.swift */ = {isa = PBXFileReference; fileEncoding = 4; lastKnownFileType = sourcecode.swift; path = BlueToothController.swift; sourceTree = "<group>"; };
		B5BAC82C255A7818005A5179 /* DatePickerController.swift */ = {isa = PBXFileReference; fileEncoding = 4; lastKnownFileType = sourcecode.swift; path = DatePickerController.swift; sourceTree = "<group>"; };
		B5BAC834255A7875005A5179 /* images.json */ = {isa = PBXFileReference; fileEncoding = 4; lastKnownFileType = text.json; path = images.json; sourceTree = "<group>"; };
		B5BAC85B255A7C0C005A5179 /* HBSwiftKit_Example-Bridging-Header.h */ = {isa = PBXFileReference; lastKnownFileType = sourcecode.c.h; path = "HBSwiftKit_Example-Bridging-Header.h"; sourceTree = "<group>"; };
		B5C6C5C625ECCE7700C88C1C /* SliderRuler.swift */ = {isa = PBXFileReference; fileEncoding = 4; lastKnownFileType = sourcecode.swift; path = SliderRuler.swift; sourceTree = "<group>"; };
		B5C6C5CE25ECD08900C88C1C /* EditTableView.swift */ = {isa = PBXFileReference; lastKnownFileType = sourcecode.swift; path = EditTableView.swift; sourceTree = "<group>"; };
		B5C6C5DE25ECD1BD00C88C1C /* Wto_ImageBrower.swift */ = {isa = PBXFileReference; lastKnownFileType = sourcecode.swift; path = Wto_ImageBrower.swift; sourceTree = "<group>"; };
		B5C6C5E025ECD1C400C88C1C /* Wto_ThemeMode.swift */ = {isa = PBXFileReference; lastKnownFileType = sourcecode.swift; path = Wto_ThemeMode.swift; sourceTree = "<group>"; };
		B5C6C5FC25ECD4F100C88C1C /* EasyAdScrollTool.swift */ = {isa = PBXFileReference; lastKnownFileType = sourcecode.swift; path = EasyAdScrollTool.swift; sourceTree = "<group>"; };
		B5CC7A3B25E88D2400D263B4 /* UIKitTestController.swift */ = {isa = PBXFileReference; lastKnownFileType = sourcecode.swift; path = UIKitTestController.swift; sourceTree = "<group>"; };
		B5CC7A4525E88F1400D263B4 /* AdvancedFilter.swift */ = {isa = PBXFileReference; lastKnownFileType = sourcecode.swift; path = AdvancedFilter.swift; sourceTree = "<group>"; };
		B5CC7A4925E8989300D263B4 /* advfilterdata.json */ = {isa = PBXFileReference; lastKnownFileType = text.json; path = advfilterdata.json; sourceTree = "<group>"; };
		B5D55404261D40AE007A20F5 /* jstest.html */ = {isa = PBXFileReference; fileEncoding = 4; lastKnownFileType = text.html; path = jstest.html; sourceTree = "<group>"; };
		B5DCC71325F3266D007E3237 /* areacode.plist */ = {isa = PBXFileReference; lastKnownFileType = text.plist.xml; path = areacode.plist; sourceTree = "<group>"; };
		B5DCC71725F3274D007E3237 /* areacode.json */ = {isa = PBXFileReference; lastKnownFileType = text.json; path = areacode.json; sourceTree = "<group>"; };
		B5E0A41826269421005D248D /* XCTest.framework */ = {isa = PBXFileReference; lastKnownFileType = wrapper.framework; name = XCTest.framework; path = Platforms/iPhoneOS.platform/Developer/Library/Frameworks/XCTest.framework; sourceTree = DEVELOPER_DIR; };
		B5E0A4292626948F005D248D /* HBSwiftKit.framework */ = {isa = PBXFileReference; explicitFileType = wrapper.framework; path = HBSwiftKit.framework; sourceTree = BUILT_PRODUCTS_DIR; };
		B5E0A44526269729005D248D /* HBSwiftKit_Tests.xctest */ = {isa = PBXFileReference; explicitFileType = wrapper.cfbundle; includeInIndex = 0; path = HBSwiftKit_Tests.xctest; sourceTree = BUILT_PRODUCTS_DIR; };
		B5E0A44926269729005D248D /* Info.plist */ = {isa = PBXFileReference; lastKnownFileType = text.plist.xml; path = Info.plist; sourceTree = "<group>"; };
		B5EA0E1125B67C38004783C1 /* AppSandBox.swift */ = {isa = PBXFileReference; fileEncoding = 4; lastKnownFileType = sourcecode.swift; path = AppSandBox.swift; sourceTree = "<group>"; };
		B5FB4F26257A365E007F1238 /* WebPreviewController.swift */ = {isa = PBXFileReference; lastKnownFileType = sourcecode.swift; path = WebPreviewController.swift; sourceTree = "<group>"; };
		B5FB4FBC257DC20A007F1238 /* EasyAdScrollController.swift */ = {isa = PBXFileReference; lastKnownFileType = sourcecode.swift; path = EasyAdScrollController.swift; sourceTree = "<group>"; };
		CA78FCF42199CA49DD9F7856 /* HBSwiftKit.podspec */ = {isa = PBXFileReference; includeInIndex = 1; lastKnownFileType = text; name = HBSwiftKit.podspec; path = ../HBSwiftKit.podspec; sourceTree = "<group>"; xcLanguageSpecificationIdentifier = xcode.lang.ruby; };
		E2964227EA3A41F6AFF29697 /* Pods-HBSwiftKit_Example.debug.xcconfig */ = {isa = PBXFileReference; includeInIndex = 1; lastKnownFileType = text.xcconfig; name = "Pods-HBSwiftKit_Example.debug.xcconfig"; path = "Target Support Files/Pods-HBSwiftKit_Example/Pods-HBSwiftKit_Example.debug.xcconfig"; sourceTree = "<group>"; };
		E6A4E648BABE1DD5BC725B0F /* Pods-HBSwiftKit_Tests.debug.xcconfig */ = {isa = PBXFileReference; includeInIndex = 1; lastKnownFileType = text.xcconfig; name = "Pods-HBSwiftKit_Tests.debug.xcconfig"; path = "Target Support Files/Pods-HBSwiftKit_Tests/Pods-HBSwiftKit_Tests.debug.xcconfig"; sourceTree = "<group>"; };
/* End PBXFileReference section */

/* Begin PBXFrameworksBuildPhase section */
		607FACCD1AFB9204008FA782 /* Frameworks */ = {
			isa = PBXFrameworksBuildPhase;
			buildActionMask = 2147483647;
			files = (
				FE480E90E2CA32C49FC5A2F3 /* Pods_HBSwiftKit_Example.framework in Frameworks */,
			);
			runOnlyForDeploymentPostprocessing = 0;
		};
		B53D56FD26268EBE001D0BC0 /* Frameworks */ = {
			isa = PBXFrameworksBuildPhase;
			buildActionMask = 2147483647;
			files = (
			);
			runOnlyForDeploymentPostprocessing = 0;
		};
		B5E0A44226269729005D248D /* Frameworks */ = {
			isa = PBXFrameworksBuildPhase;
			buildActionMask = 2147483647;
			files = (
				0630D2901133ACAA226C5EF5 /* Pods_HBSwiftKit_Tests.framework in Frameworks */,
			);
			runOnlyForDeploymentPostprocessing = 0;
		};
/* End PBXFrameworksBuildPhase section */

/* Begin PBXGroup section */
		0FA554FAA0A4336FBD9D491B /* Pods */ = {
			isa = PBXGroup;
			children = (
				E2964227EA3A41F6AFF29697 /* Pods-HBSwiftKit_Example.debug.xcconfig */,
				60A90EE9A7E1640E361223EE /* Pods-HBSwiftKit_Example.release.xcconfig */,
				E6A4E648BABE1DD5BC725B0F /* Pods-HBSwiftKit_Tests.debug.xcconfig */,
				9A8871220770A8D795C87930 /* Pods-HBSwiftKit_Tests.release.xcconfig */,
			);
			path = Pods;
			sourceTree = "<group>";
		};
		607FACC71AFB9204008FA782 = {
			isa = PBXGroup;
			children = (
				607FACF51AFB993E008FA782 /* Podspec Metadata */,
				607FACD21AFB9204008FA782 /* Example for HBSwiftKit */,
				B53D570126268EBE001D0BC0 /* HBSwiftKit_UITests */,
				B5E0A44626269729005D248D /* HBSwiftKit_Tests */,
				607FACD11AFB9204008FA782 /* Products */,
				0FA554FAA0A4336FBD9D491B /* Pods */,
				9DA1DB6E9E42FDB28DE733F7 /* Frameworks */,
			);
			sourceTree = "<group>";
		};
		607FACD11AFB9204008FA782 /* Products */ = {
			isa = PBXGroup;
			children = (
				607FACD01AFB9204008FA782 /* HBSwiftKit_Example.app */,
				B53D570026268EBE001D0BC0 /* HBSwiftKit_UITests.xctest */,
				B5E0A44526269729005D248D /* HBSwiftKit_Tests.xctest */,
			);
			name = Products;
			sourceTree = "<group>";
		};
		607FACD21AFB9204008FA782 /* Example for HBSwiftKit */ = {
			isa = PBXGroup;
			children = (
				B5EA0E0825B67AD6004783C1 /* Vendors */,
				B5E1D8E3256282C80093AC4C /* ExampleList */,
				B5E1D8E62562831C0093AC4C /* Resources */,
				B5E1D8E7256283400093AC4C /* Global */,
				607FACD31AFB9204008FA782 /* Supporting Files */,
			);
			name = "Example for HBSwiftKit";
			path = HBSwiftKit;
			sourceTree = "<group>";
		};
		607FACD31AFB9204008FA782 /* Supporting Files */ = {
			isa = PBXGroup;
			children = (
				607FACD41AFB9204008FA782 /* Info.plist */,
			);
			name = "Supporting Files";
			sourceTree = "<group>";
		};
		607FACF51AFB993E008FA782 /* Podspec Metadata */ = {
			isa = PBXGroup;
			children = (
				CA78FCF42199CA49DD9F7856 /* HBSwiftKit.podspec */,
				5217653375CCE7602F1DA3F5 /* README.md */,
				B567FCE42596F39F006AFA69 /* README_SWIFT.md */,
				5CA296E7E757B6B9CCC2CB2F /* LICENSE */,
			);
			name = "Podspec Metadata";
			sourceTree = "<group>";
		};
		9DA1DB6E9E42FDB28DE733F7 /* Frameworks */ = {
			isa = PBXGroup;
			children = (
				B5E0A4292626948F005D248D /* HBSwiftKit.framework */,
				B5E0A41826269421005D248D /* XCTest.framework */,
				4845C4375F7293ACE69A0714 /* Pods_HBSwiftKit_Example.framework */,
				12F5E5A4DC30D6A96A4CC4E3 /* Pods_HBSwiftKit_Tests.framework */,
			);
			name = Frameworks;
			sourceTree = "<group>";
		};
		B5389B2725EE1BB900ED67F9 /* 日历选择器 */ = {
			isa = PBXGroup;
			children = (
				B5389B2625EE1BB900ED67F9 /* Wto_Calendar.swift */,
			);
			path = "日历选择器";
			sourceTree = "<group>";
		};
		B53D570126268EBE001D0BC0 /* HBSwiftKit_UITests */ = {
			isa = PBXGroup;
			children = (
				B53D570226268EBE001D0BC0 /* HBSwiftKit_UITests.swift */,
				B53D570426268EBE001D0BC0 /* Info.plist */,
			);
			path = HBSwiftKit_UITests;
			sourceTree = "<group>";
		};
		B5887FA3264CD719003C1896 /* 双列表关联 */ = {
			isa = PBXGroup;
			children = (
				B56F68A1264B8AF400FD62CF /* duallist.json */,
				B56F689C264B8AB300FD62CF /* DualListView.swift */,
			);
			path = "双列表关联";
			sourceTree = "<group>";
		};
		B5C6C5C225ECCA0E00C88C1C /* 高级筛选器 */ = {
			isa = PBXGroup;
			children = (
				B5CC7A4525E88F1400D263B4 /* AdvancedFilter.swift */,
			);
			path = "高级筛选器";
			sourceTree = "<group>";
		};
		B5C6C5C325ECCADF00C88C1C /* 简易刻度尺 */ = {
			isa = PBXGroup;
			children = (
				B5C6C5C625ECCE7700C88C1C /* SliderRuler.swift */,
			);
			path = "简易刻度尺";
			sourceTree = "<group>";
		};
		B5C6C5CF25ECD08900C88C1C /* 列表左滑改 */ = {
			isa = PBXGroup;
			children = (
				B5C6C5CE25ECD08900C88C1C /* EditTableView.swift */,
			);
			path = "列表左滑改";
			sourceTree = "<group>";
		};
		B5C6C5DA25ECD19A00C88C1C /* 简易轮播页 */ = {
			isa = PBXGroup;
			children = (
				B5C6C5FC25ECD4F100C88C1C /* EasyAdScrollTool.swift */,
			);
			path = "简易轮播页";
			sourceTree = "<group>";
		};
		B5C6C5DF25ECD1BD00C88C1C /* 照片浏览器 */ = {
			isa = PBXGroup;
			children = (
				B5C6C5DE25ECD1BD00C88C1C /* Wto_ImageBrower.swift */,
			);
			path = "照片浏览器";
			sourceTree = "<group>";
		};
		B5C6C5E125ECD1C400C88C1C /* 主题适配器 */ = {
			isa = PBXGroup;
			children = (
				B5C6C5E025ECD1C400C88C1C /* Wto_ThemeMode.swift */,
			);
			path = "主题适配器";
			sourceTree = "<group>";
		};
		B5E0A44626269729005D248D /* HBSwiftKit_Tests */ = {
			isa = PBXGroup;
			children = (
				B518517526269E340013A973 /* Quick+NimbleTest.swift */,
				B5E0A44926269729005D248D /* Info.plist */,
			);
			path = HBSwiftKit_Tests;
			sourceTree = "<group>";
		};
		B5E1D8E3256282C80093AC4C /* ExampleList */ = {
			isa = PBXGroup;
			children = (
				B5BAC828255A7818005A5179 /* ImageBrowerController.swift */,
				B5BAC829255A7818005A5179 /* NumberPickerController.swift */,
				B5BAC82A255A7818005A5179 /* CalendarPickerController.swift */,
				B5BAC82B255A7818005A5179 /* BlueToothController.swift */,
				B5BAC82C255A7818005A5179 /* DatePickerController.swift */,
				B5FB4FBC257DC20A007F1238 /* EasyAdScrollController.swift */,
				B5CC7A3B25E88D2400D263B4 /* UIKitTestController.swift */,
				B5FB4F26257A365E007F1238 /* WebPreviewController.swift */,
				B557E4DA2631304800C62147 /* ThemeStyle.swift */,
				B5557A2F2670614E007F5B44 /* LoadAnimateView.swift */,
				B5887FA3264CD719003C1896 /* 双列表关联 */,
				B5C6C5DA25ECD19A00C88C1C /* 简易轮播页 */,
				B5C6C5E125ECD1C400C88C1C /* 主题适配器 */,
				B5C6C5DF25ECD1BD00C88C1C /* 照片浏览器 */,
				B5389B2725EE1BB900ED67F9 /* 日历选择器 */,
				B5C6C5C325ECCADF00C88C1C /* 简易刻度尺 */,
				B5C6C5C225ECCA0E00C88C1C /* 高级筛选器 */,
				B5C6C5CF25ECD08900C88C1C /* 列表左滑改 */,
			);
			path = ExampleList;
			sourceTree = "<group>";
		};
		B5E1D8E62562831C0093AC4C /* Resources */ = {
			isa = PBXGroup;
			children = (
				B5557A3426706188007F5B44 /* loading.gif */,
				B5389B7825EF8FB400ED67F9 /* R.generated.swift */,
				B575D5F825A9900C0068EB19 /* help_cn.html */,
				B575D5F725A9900C0068EB19 /* help_es.html */,
				B5D55404261D40AE007A20F5 /* jstest.html */,
				607FACDC1AFB9204008FA782 /* Images.xcassets */,
				B5BAC834255A7875005A5179 /* images.json */,
				B5CC7A4925E8989300D263B4 /* advfilterdata.json */,
				B5DCC71325F3266D007E3237 /* areacode.plist */,
				B5DCC71725F3274D007E3237 /* areacode.json */,
				607FACD91AFB9204008FA782 /* Main.storyboard */,
				B5389B8825EF913E00ED67F9 /* LaunchScreen.storyboard */,
			);
			path = Resources;
			sourceTree = "<group>";
		};
		B5E1D8E7256283400093AC4C /* Global */ = {
			isa = PBXGroup;
			children = (
				607FACD51AFB9204008FA782 /* AppDelegate.swift */,
				607FACD71AFB9204008FA782 /* ViewController.swift */,
				B5BAC85B255A7C0C005A5179 /* HBSwiftKit_Example-Bridging-Header.h */,
			);
			path = Global;
			sourceTree = "<group>";
		};
		B5EA0E0825B67AD6004783C1 /* Vendors */ = {
			isa = PBXGroup;
			children = (
				B5EA0E1125B67C38004783C1 /* AppSandBox.swift */,
			);
			path = Vendors;
			sourceTree = "<group>";
		};
/* End PBXGroup section */

/* Begin PBXNativeTarget section */
		607FACCF1AFB9204008FA782 /* HBSwiftKit_Example */ = {
			isa = PBXNativeTarget;
			buildConfigurationList = 607FACEF1AFB9204008FA782 /* Build configuration list for PBXNativeTarget "HBSwiftKit_Example" */;
			buildPhases = (
				1C76D0BD4C3D0529B7EB92FB /* [CP] Check Pods Manifest.lock */,
				B5389B6325EF8B9C00ED67F9 /* ShellScript */,
				607FACCC1AFB9204008FA782 /* Sources */,
				607FACCD1AFB9204008FA782 /* Frameworks */,
				607FACCE1AFB9204008FA782 /* Resources */,
				094DE57F969A1402C93947DB /* [CP] Embed Pods Frameworks */,
			);
			buildRules = (
			);
			dependencies = (
			);
			name = HBSwiftKit_Example;
			productName = HBSwiftKit;
			productReference = 607FACD01AFB9204008FA782 /* HBSwiftKit_Example.app */;
			productType = "com.apple.product-type.application";
		};
		B53D56FF26268EBE001D0BC0 /* HBSwiftKit_UITests */ = {
			isa = PBXNativeTarget;
			buildConfigurationList = B53D570926268EBE001D0BC0 /* Build configuration list for PBXNativeTarget "HBSwiftKit_UITests" */;
			buildPhases = (
				B53D56FC26268EBE001D0BC0 /* Sources */,
				B53D56FD26268EBE001D0BC0 /* Frameworks */,
				B53D56FE26268EBE001D0BC0 /* Resources */,
			);
			buildRules = (
			);
			dependencies = (
				B53D570626268EBE001D0BC0 /* PBXTargetDependency */,
			);
			name = HBSwiftKit_UITests;
			productName = HBSwiftKit_UITests;
			productReference = B53D570026268EBE001D0BC0 /* HBSwiftKit_UITests.xctest */;
			productType = "com.apple.product-type.bundle.ui-testing";
		};
		B5E0A44426269729005D248D /* HBSwiftKit_Tests */ = {
			isa = PBXNativeTarget;
			buildConfigurationList = B5E0A44C26269729005D248D /* Build configuration list for PBXNativeTarget "HBSwiftKit_Tests" */;
			buildPhases = (
				4FEC3565B26246122C5A62FE /* [CP] Check Pods Manifest.lock */,
				B5E0A44126269729005D248D /* Sources */,
				B5E0A44226269729005D248D /* Frameworks */,
				B5E0A44326269729005D248D /* Resources */,
				A73BAFA447175BA0DCECA7CD /* [CP] Embed Pods Frameworks */,
			);
			buildRules = (
			);
			dependencies = (
				B5E0A44B26269729005D248D /* PBXTargetDependency */,
			);
			name = HBSwiftKit_Tests;
			productName = HBSwiftKit_Tests;
			productReference = B5E0A44526269729005D248D /* HBSwiftKit_Tests.xctest */;
			productType = "com.apple.product-type.bundle.unit-test";
		};
/* End PBXNativeTarget section */

/* Begin PBXProject section */
		607FACC81AFB9204008FA782 /* Project object */ = {
			isa = PBXProject;
			attributes = {
				LastSwiftUpdateCheck = 1230;
				LastUpgradeCheck = 0830;
				ORGANIZATIONNAME = CocoaPods;
				TargetAttributes = {
					607FACCF1AFB9204008FA782 = {
						CreatedOnToolsVersion = 6.3.1;
						DevelopmentTeam = YTPNCWF278;
						LastSwiftMigration = 1200;
						ProvisioningStyle = Automatic;
					};
					B53D56FF26268EBE001D0BC0 = {
						CreatedOnToolsVersion = 12.3;
						TestTargetID = 607FACCF1AFB9204008FA782;
					};
					B5E0A44426269729005D248D = {
						CreatedOnToolsVersion = 12.3;
						TestTargetID = 607FACCF1AFB9204008FA782;
					};
				};
			};
			buildConfigurationList = 607FACCB1AFB9204008FA782 /* Build configuration list for PBXProject "HBSwiftKit" */;
			compatibilityVersion = "Xcode 3.2";
			developmentRegion = en;
			hasScannedForEncodings = 0;
			knownRegions = (
				en,
				Base,
			);
			mainGroup = 607FACC71AFB9204008FA782;
			productRefGroup = 607FACD11AFB9204008FA782 /* Products */;
			projectDirPath = "";
			projectRoot = "";
			targets = (
				607FACCF1AFB9204008FA782 /* HBSwiftKit_Example */,
				B53D56FF26268EBE001D0BC0 /* HBSwiftKit_UITests */,
				B5E0A44426269729005D248D /* HBSwiftKit_Tests */,
			);
		};
/* End PBXProject section */

/* Begin PBXResourcesBuildPhase section */
		607FACCE1AFB9204008FA782 /* Resources */ = {
			isa = PBXResourcesBuildPhase;
			buildActionMask = 2147483647;
			files = (
				607FACDB1AFB9204008FA782 /* Main.storyboard in Resources */,
				B56F68A2264B8AF400FD62CF /* duallist.json in Resources */,
				B5389B8925EF913E00ED67F9 /* LaunchScreen.storyboard in Resources */,
				B5BAC835255A7875005A5179 /* images.json in Resources */,
				B5DCC71425F3266D007E3237 /* areacode.plist in Resources */,
				B5CC7A4A25E8989300D263B4 /* advfilterdata.json in Resources */,
				B5D55405261D40AE007A20F5 /* jstest.html in Resources */,
				B575D5F925A9900C0068EB19 /* help_es.html in Resources */,
				B567FCE52596F39F006AFA69 /* README_SWIFT.md in Resources */,
				B5557A3526706188007F5B44 /* loading.gif in Resources */,
				607FACDD1AFB9204008FA782 /* Images.xcassets in Resources */,
				B575D5FA25A9900C0068EB19 /* help_cn.html in Resources */,
			);
			runOnlyForDeploymentPostprocessing = 0;
		};
		B53D56FE26268EBE001D0BC0 /* Resources */ = {
			isa = PBXResourcesBuildPhase;
			buildActionMask = 2147483647;
			files = (
			);
			runOnlyForDeploymentPostprocessing = 0;
		};
		B5E0A44326269729005D248D /* Resources */ = {
			isa = PBXResourcesBuildPhase;
			buildActionMask = 2147483647;
			files = (
			);
			runOnlyForDeploymentPostprocessing = 0;
		};
/* End PBXResourcesBuildPhase section */

/* Begin PBXShellScriptBuildPhase section */
		094DE57F969A1402C93947DB /* [CP] Embed Pods Frameworks */ = {
			isa = PBXShellScriptBuildPhase;
			buildActionMask = 2147483647;
			files = (
			);
			inputPaths = (
				"${PODS_ROOT}/Target Support Files/Pods-HBSwiftKit_Example/Pods-HBSwiftKit_Example-frameworks.sh",
				"${BUILT_PRODUCTS_DIR}/HBSwiftKit/HBSwiftKit.framework",
				"${BUILT_PRODUCTS_DIR}/Kingfisher/Kingfisher.framework",
				"${BUILT_PRODUCTS_DIR}/R.swift.Library/Rswift.framework",
			);
			name = "[CP] Embed Pods Frameworks";
			outputPaths = (
				"${TARGET_BUILD_DIR}/${FRAMEWORKS_FOLDER_PATH}/HBSwiftKit.framework",
				"${TARGET_BUILD_DIR}/${FRAMEWORKS_FOLDER_PATH}/Kingfisher.framework",
				"${TARGET_BUILD_DIR}/${FRAMEWORKS_FOLDER_PATH}/Rswift.framework",
			);
			runOnlyForDeploymentPostprocessing = 0;
			shellPath = /bin/sh;
			shellScript = "\"${PODS_ROOT}/Target Support Files/Pods-HBSwiftKit_Example/Pods-HBSwiftKit_Example-frameworks.sh\"\n";
			showEnvVarsInLog = 0;
		};
		1C76D0BD4C3D0529B7EB92FB /* [CP] Check Pods Manifest.lock */ = {
			isa = PBXShellScriptBuildPhase;
			buildActionMask = 2147483647;
			files = (
			);
			inputFileListPaths = (
			);
			inputPaths = (
				"${PODS_PODFILE_DIR_PATH}/Podfile.lock",
				"${PODS_ROOT}/Manifest.lock",
			);
			name = "[CP] Check Pods Manifest.lock";
			outputFileListPaths = (
			);
			outputPaths = (
				"$(DERIVED_FILE_DIR)/Pods-HBSwiftKit_Example-checkManifestLockResult.txt",
			);
			runOnlyForDeploymentPostprocessing = 0;
			shellPath = /bin/sh;
			shellScript = "diff \"${PODS_PODFILE_DIR_PATH}/Podfile.lock\" \"${PODS_ROOT}/Manifest.lock\" > /dev/null\nif [ $? != 0 ] ; then\n    # print error to STDERR\n    echo \"error: The sandbox is not in sync with the Podfile.lock. Run 'pod install' or update your CocoaPods installation.\" >&2\n    exit 1\nfi\n# This output is used by Xcode 'outputs' to avoid re-running this script phase.\necho \"SUCCESS\" > \"${SCRIPT_OUTPUT_FILE_0}\"\n";
			showEnvVarsInLog = 0;
		};
		4FEC3565B26246122C5A62FE /* [CP] Check Pods Manifest.lock */ = {
			isa = PBXShellScriptBuildPhase;
			buildActionMask = 2147483647;
			files = (
			);
			inputFileListPaths = (
			);
			inputPaths = (
				"${PODS_PODFILE_DIR_PATH}/Podfile.lock",
				"${PODS_ROOT}/Manifest.lock",
			);
			name = "[CP] Check Pods Manifest.lock";
			outputFileListPaths = (
			);
			outputPaths = (
				"$(DERIVED_FILE_DIR)/Pods-HBSwiftKit_Tests-checkManifestLockResult.txt",
			);
			runOnlyForDeploymentPostprocessing = 0;
			shellPath = /bin/sh;
			shellScript = "diff \"${PODS_PODFILE_DIR_PATH}/Podfile.lock\" \"${PODS_ROOT}/Manifest.lock\" > /dev/null\nif [ $? != 0 ] ; then\n    # print error to STDERR\n    echo \"error: The sandbox is not in sync with the Podfile.lock. Run 'pod install' or update your CocoaPods installation.\" >&2\n    exit 1\nfi\n# This output is used by Xcode 'outputs' to avoid re-running this script phase.\necho \"SUCCESS\" > \"${SCRIPT_OUTPUT_FILE_0}\"\n";
			showEnvVarsInLog = 0;
		};
		A73BAFA447175BA0DCECA7CD /* [CP] Embed Pods Frameworks */ = {
			isa = PBXShellScriptBuildPhase;
			buildActionMask = 2147483647;
			files = (
			);
			inputPaths = (
				"${PODS_ROOT}/Target Support Files/Pods-HBSwiftKit_Tests/Pods-HBSwiftKit_Tests-frameworks.sh",
				"${BUILT_PRODUCTS_DIR}/Nimble/Nimble.framework",
				"${BUILT_PRODUCTS_DIR}/Quick/Quick.framework",
			);
			name = "[CP] Embed Pods Frameworks";
			outputPaths = (
				"${TARGET_BUILD_DIR}/${FRAMEWORKS_FOLDER_PATH}/Nimble.framework",
				"${TARGET_BUILD_DIR}/${FRAMEWORKS_FOLDER_PATH}/Quick.framework",
			);
			runOnlyForDeploymentPostprocessing = 0;
			shellPath = /bin/sh;
			shellScript = "\"${PODS_ROOT}/Target Support Files/Pods-HBSwiftKit_Tests/Pods-HBSwiftKit_Tests-frameworks.sh\"\n";
			showEnvVarsInLog = 0;
		};
		B5389B6325EF8B9C00ED67F9 /* ShellScript */ = {
			isa = PBXShellScriptBuildPhase;
			alwaysOutOfDate = 1;
			buildActionMask = 2147483647;
			files = (
			);
			inputFileListPaths = (
			);
			inputPaths = (
				"$TEMP_DIR/rswift-lastrun",
			);
			outputFileListPaths = (
			);
			outputPaths = (
				$SRCROOT/HBSwiftKit/Resources/R.generated.swift,
			);
			runOnlyForDeploymentPostprocessing = 0;
			shellPath = /bin/sh;
			shellScript = "# Type a script or drag a script file from your workspace to insert its path.\n\"$SRCROOT/Pods/R.swift/rswift\" generate \"$SRCROOT/HBSwiftKit/Resources/R.generated.swift\"\n";
		};
/* End PBXShellScriptBuildPhase section */

/* Begin PBXSourcesBuildPhase section */
		607FACCC1AFB9204008FA782 /* Sources */ = {
			isa = PBXSourcesBuildPhase;
			buildActionMask = 2147483647;
			files = (
				B5C6C5EA25ECD38800C88C1C /* Wto_ImageBrower.swift in Sources */,
				B5BAC830255A7818005A5179 /* BlueToothController.swift in Sources */,
				B56F689D264B8AB300FD62CF /* DualListView.swift in Sources */,
				B5FB4F27257A365E007F1238 /* WebPreviewController.swift in Sources */,
				607FACD81AFB9204008FA782 /* ViewController.swift in Sources */,
				B5C6C5F925ECD3A000C88C1C /* EditTableView.swift in Sources */,
				B5CC7A3C25E88D2400D263B4 /* UIKitTestController.swift in Sources */,
				B5389B7925EF8FB400ED67F9 /* R.generated.swift in Sources */,
				B5C6C5FD25ECD4F100C88C1C /* EasyAdScrollTool.swift in Sources */,
				B5557A302670614E007F5B44 /* LoadAnimateView.swift in Sources */,
				607FACD61AFB9204008FA782 /* AppDelegate.swift in Sources */,
				B5389B3225EE1D7100ED67F9 /* Wto_Calendar.swift in Sources */,
				B5C6C5C725ECCE7700C88C1C /* SliderRuler.swift in Sources */,
				B557E4DB2631304900C62147 /* ThemeStyle.swift in Sources */,
				B5BAC82E255A7818005A5179 /* NumberPickerController.swift in Sources */,
				B5FB4FBD257DC20A007F1238 /* EasyAdScrollController.swift in Sources */,
				B5BAC831255A7818005A5179 /* DatePickerController.swift in Sources */,
				B5BAC82D255A7818005A5179 /* ImageBrowerController.swift in Sources */,
				B5CC7A4625E88F1400D263B4 /* AdvancedFilter.swift in Sources */,
				B5BAC82F255A7818005A5179 /* CalendarPickerController.swift in Sources */,
				B5C6C5F325ECD39600C88C1C /* Wto_ThemeMode.swift in Sources */,
			);
			runOnlyForDeploymentPostprocessing = 0;
		};
		B53D56FC26268EBE001D0BC0 /* Sources */ = {
			isa = PBXSourcesBuildPhase;
			buildActionMask = 2147483647;
			files = (
				B53D570326268EBE001D0BC0 /* HBSwiftKit_UITests.swift in Sources */,
			);
			runOnlyForDeploymentPostprocessing = 0;
		};
		B5E0A44126269729005D248D /* Sources */ = {
			isa = PBXSourcesBuildPhase;
			buildActionMask = 2147483647;
			files = (
				B518517626269E340013A973 /* Quick+NimbleTest.swift in Sources */,
			);
			runOnlyForDeploymentPostprocessing = 0;
		};
/* End PBXSourcesBuildPhase section */

/* Begin PBXTargetDependency section */
		B53D570626268EBE001D0BC0 /* PBXTargetDependency */ = {
			isa = PBXTargetDependency;
			target = 607FACCF1AFB9204008FA782 /* HBSwiftKit_Example */;
			targetProxy = B53D570526268EBE001D0BC0 /* PBXContainerItemProxy */;
		};
		B5E0A44B26269729005D248D /* PBXTargetDependency */ = {
			isa = PBXTargetDependency;
			target = 607FACCF1AFB9204008FA782 /* HBSwiftKit_Example */;
			targetProxy = B5E0A44A26269729005D248D /* PBXContainerItemProxy */;
		};
/* End PBXTargetDependency section */

/* Begin PBXVariantGroup section */
		607FACD91AFB9204008FA782 /* Main.storyboard */ = {
			isa = PBXVariantGroup;
			children = (
				607FACDA1AFB9204008FA782 /* Base */,
			);
			name = Main.storyboard;
			sourceTree = "<group>";
		};
/* End PBXVariantGroup section */

/* Begin XCBuildConfiguration section */
		607FACED1AFB9204008FA782 /* Debug */ = {
			isa = XCBuildConfiguration;
			buildSettings = {
				ALWAYS_SEARCH_USER_PATHS = NO;
				CLANG_CXX_LANGUAGE_STANDARD = "gnu++0x";
				CLANG_CXX_LIBRARY = "libc++";
				CLANG_ENABLE_MODULES = YES;
				CLANG_ENABLE_OBJC_ARC = YES;
				CLANG_WARN_BLOCK_CAPTURE_AUTORELEASING = YES;
				CLANG_WARN_BOOL_CONVERSION = YES;
				CLANG_WARN_COMMA = YES;
				CLANG_WARN_CONSTANT_CONVERSION = YES;
				CLANG_WARN_DIRECT_OBJC_ISA_USAGE = YES_ERROR;
				CLANG_WARN_EMPTY_BODY = YES;
				CLANG_WARN_ENUM_CONVERSION = YES;
				CLANG_WARN_INFINITE_RECURSION = YES;
				CLANG_WARN_INT_CONVERSION = YES;
				CLANG_WARN_NON_LITERAL_NULL_CONVERSION = YES;
				CLANG_WARN_OBJC_LITERAL_CONVERSION = YES;
				CLANG_WARN_OBJC_ROOT_CLASS = YES_ERROR;
				CLANG_WARN_RANGE_LOOP_ANALYSIS = YES;
				CLANG_WARN_STRICT_PROTOTYPES = YES;
				CLANG_WARN_SUSPICIOUS_MOVE = YES;
				CLANG_WARN_UNREACHABLE_CODE = YES;
				CLANG_WARN__DUPLICATE_METHOD_MATCH = YES;
				"CODE_SIGN_IDENTITY[sdk=iphoneos*]" = "iPhone Developer";
				COPY_PHASE_STRIP = NO;
				DEBUG_INFORMATION_FORMAT = "dwarf-with-dsym";
				ENABLE_STRICT_OBJC_MSGSEND = YES;
				ENABLE_TESTABILITY = YES;
				GCC_C_LANGUAGE_STANDARD = gnu99;
				GCC_DYNAMIC_NO_PIC = NO;
				GCC_NO_COMMON_BLOCKS = YES;
				GCC_OPTIMIZATION_LEVEL = 0;
				GCC_PREPROCESSOR_DEFINITIONS = (
					"DEBUG=1",
					"$(inherited)",
				);
				GCC_SYMBOLS_PRIVATE_EXTERN = NO;
				GCC_WARN_64_TO_32_BIT_CONVERSION = YES;
				GCC_WARN_ABOUT_RETURN_TYPE = YES_ERROR;
				GCC_WARN_UNDECLARED_SELECTOR = YES;
				GCC_WARN_UNINITIALIZED_AUTOS = YES_AGGRESSIVE;
				GCC_WARN_UNUSED_FUNCTION = YES;
				GCC_WARN_UNUSED_VARIABLE = YES;
				IPHONEOS_DEPLOYMENT_TARGET = 9.0;
				MTL_ENABLE_DEBUG_INFO = YES;
				ONLY_ACTIVE_ARCH = YES;
				SDKROOT = iphoneos;
				SWIFT_OPTIMIZATION_LEVEL = "-Onone";
			};
			name = Debug;
		};
		607FACEE1AFB9204008FA782 /* Release */ = {
			isa = XCBuildConfiguration;
			buildSettings = {
				ALWAYS_SEARCH_USER_PATHS = NO;
				CLANG_CXX_LANGUAGE_STANDARD = "gnu++0x";
				CLANG_CXX_LIBRARY = "libc++";
				CLANG_ENABLE_MODULES = YES;
				CLANG_ENABLE_OBJC_ARC = YES;
				CLANG_WARN_BLOCK_CAPTURE_AUTORELEASING = YES;
				CLANG_WARN_BOOL_CONVERSION = YES;
				CLANG_WARN_COMMA = YES;
				CLANG_WARN_CONSTANT_CONVERSION = YES;
				CLANG_WARN_DIRECT_OBJC_ISA_USAGE = YES_ERROR;
				CLANG_WARN_EMPTY_BODY = YES;
				CLANG_WARN_ENUM_CONVERSION = YES;
				CLANG_WARN_INFINITE_RECURSION = YES;
				CLANG_WARN_INT_CONVERSION = YES;
				CLANG_WARN_NON_LITERAL_NULL_CONVERSION = YES;
				CLANG_WARN_OBJC_LITERAL_CONVERSION = YES;
				CLANG_WARN_OBJC_ROOT_CLASS = YES_ERROR;
				CLANG_WARN_RANGE_LOOP_ANALYSIS = YES;
				CLANG_WARN_STRICT_PROTOTYPES = YES;
				CLANG_WARN_SUSPICIOUS_MOVE = YES;
				CLANG_WARN_UNREACHABLE_CODE = YES;
				CLANG_WARN__DUPLICATE_METHOD_MATCH = YES;
				"CODE_SIGN_IDENTITY[sdk=iphoneos*]" = "iPhone Developer";
				COPY_PHASE_STRIP = NO;
				DEBUG_INFORMATION_FORMAT = "dwarf-with-dsym";
				ENABLE_NS_ASSERTIONS = NO;
				ENABLE_STRICT_OBJC_MSGSEND = YES;
				GCC_C_LANGUAGE_STANDARD = gnu99;
				GCC_NO_COMMON_BLOCKS = YES;
				GCC_WARN_64_TO_32_BIT_CONVERSION = YES;
				GCC_WARN_ABOUT_RETURN_TYPE = YES_ERROR;
				GCC_WARN_UNDECLARED_SELECTOR = YES;
				GCC_WARN_UNINITIALIZED_AUTOS = YES_AGGRESSIVE;
				GCC_WARN_UNUSED_FUNCTION = YES;
				GCC_WARN_UNUSED_VARIABLE = YES;
				IPHONEOS_DEPLOYMENT_TARGET = 9.0;
				MTL_ENABLE_DEBUG_INFO = NO;
				SDKROOT = iphoneos;
				SWIFT_COMPILATION_MODE = wholemodule;
				SWIFT_OPTIMIZATION_LEVEL = "-O";
				VALIDATE_PRODUCT = YES;
			};
			name = Release;
		};
		607FACF01AFB9204008FA782 /* Debug */ = {
			isa = XCBuildConfiguration;
			baseConfigurationReference = E2964227EA3A41F6AFF29697 /* Pods-HBSwiftKit_Example.debug.xcconfig */;
			buildSettings = {
				ASSETCATALOG_COMPILER_APPICON_NAME = AppIcon;
				CLANG_ENABLE_MODULES = YES;
				CODE_SIGN_IDENTITY = "Apple Development";
				CODE_SIGN_STYLE = Automatic;
				DEVELOPMENT_TEAM = YTPNCWF278;
				INFOPLIST_FILE = HBSwiftKit/Info.plist;
				IPHONEOS_DEPLOYMENT_TARGET = 9.0;
				LD_RUNPATH_SEARCH_PATHS = (
					"$(inherited)",
					"@executable_path/Frameworks",
				);
				MODULE_NAME = ExampleApp;
				PRODUCT_BUNDLE_IDENTIFIER = "org.cocoapods.demo.$(PRODUCT_NAME:rfc1034identifier)";
				PRODUCT_NAME = "$(TARGET_NAME)";
				PROVISIONING_PROFILE_SPECIFIER = "";
				SWIFT_OBJC_BRIDGING_HEADER = "HBSwiftKit/Global/HBSwiftKit_Example-Bridging-Header.h";
				SWIFT_OPTIMIZATION_LEVEL = "-Onone";
				SWIFT_SWIFT3_OBJC_INFERENCE = Default;
				SWIFT_VERSION = 4.0;
			};
			name = Debug;
		};
		607FACF11AFB9204008FA782 /* Release */ = {
			isa = XCBuildConfiguration;
			baseConfigurationReference = 60A90EE9A7E1640E361223EE /* Pods-HBSwiftKit_Example.release.xcconfig */;
			buildSettings = {
				ASSETCATALOG_COMPILER_APPICON_NAME = AppIcon;
				CLANG_ENABLE_MODULES = YES;
				CODE_SIGN_IDENTITY = "Apple Development";
				CODE_SIGN_STYLE = Automatic;
				DEVELOPMENT_TEAM = YTPNCWF278;
				INFOPLIST_FILE = HBSwiftKit/Info.plist;
				IPHONEOS_DEPLOYMENT_TARGET = 9.0;
				LD_RUNPATH_SEARCH_PATHS = (
					"$(inherited)",
					"@executable_path/Frameworks",
				);
				MODULE_NAME = ExampleApp;
				PRODUCT_BUNDLE_IDENTIFIER = "org.cocoapods.demo.$(PRODUCT_NAME:rfc1034identifier)";
				PRODUCT_NAME = "$(TARGET_NAME)";
				PROVISIONING_PROFILE_SPECIFIER = "";
				SWIFT_OBJC_BRIDGING_HEADER = "HBSwiftKit/Global/HBSwiftKit_Example-Bridging-Header.h";
				SWIFT_SWIFT3_OBJC_INFERENCE = Default;
				SWIFT_VERSION = 4.0;
			};
			name = Release;
		};
		B53D570726268EBE001D0BC0 /* Debug */ = {
			isa = XCBuildConfiguration;
			buildSettings = {
				CLANG_ANALYZER_NONNULL = YES;
				CLANG_ANALYZER_NUMBER_OBJECT_CONVERSION = YES_AGGRESSIVE;
				CLANG_CXX_LANGUAGE_STANDARD = "gnu++14";
				CLANG_ENABLE_OBJC_WEAK = YES;
				CLANG_WARN_DEPRECATED_OBJC_IMPLEMENTATIONS = YES;
				CLANG_WARN_DOCUMENTATION_COMMENTS = YES;
				CLANG_WARN_OBJC_IMPLICIT_RETAIN_SELF = YES;
				CLANG_WARN_QUOTED_INCLUDE_IN_FRAMEWORK_HEADER = YES;
				CLANG_WARN_UNGUARDED_AVAILABILITY = YES_AGGRESSIVE;
				CODE_SIGN_STYLE = Automatic;
				DEBUG_INFORMATION_FORMAT = dwarf;
				DEVELOPMENT_TEAM = YTPNCWF278;
				GCC_C_LANGUAGE_STANDARD = gnu11;
				INFOPLIST_FILE = HBSwiftKit_UITests/Info.plist;
				IPHONEOS_DEPLOYMENT_TARGET = 9.0;
				LD_RUNPATH_SEARCH_PATHS = (
					"$(inherited)",
					"@executable_path/Frameworks",
					"@loader_path/Frameworks",
				);
				MTL_ENABLE_DEBUG_INFO = INCLUDE_SOURCE;
				MTL_FAST_MATH = YES;
				PRODUCT_BUNDLE_IDENTIFIER = "Hubin-Huang.HBSwiftKit-UITests";
				PRODUCT_NAME = "$(TARGET_NAME)";
				SWIFT_ACTIVE_COMPILATION_CONDITIONS = DEBUG;
				SWIFT_VERSION = 5.0;
				TARGETED_DEVICE_FAMILY = "1,2";
				TEST_TARGET_NAME = HBSwiftKit_Example;
			};
			name = Debug;
		};
		B53D570826268EBE001D0BC0 /* Release */ = {
			isa = XCBuildConfiguration;
			buildSettings = {
				CLANG_ANALYZER_NONNULL = YES;
				CLANG_ANALYZER_NUMBER_OBJECT_CONVERSION = YES_AGGRESSIVE;
				CLANG_CXX_LANGUAGE_STANDARD = "gnu++14";
				CLANG_ENABLE_OBJC_WEAK = YES;
				CLANG_WARN_DEPRECATED_OBJC_IMPLEMENTATIONS = YES;
				CLANG_WARN_DOCUMENTATION_COMMENTS = YES;
				CLANG_WARN_OBJC_IMPLICIT_RETAIN_SELF = YES;
				CLANG_WARN_QUOTED_INCLUDE_IN_FRAMEWORK_HEADER = YES;
				CLANG_WARN_UNGUARDED_AVAILABILITY = YES_AGGRESSIVE;
				CODE_SIGN_STYLE = Automatic;
				DEVELOPMENT_TEAM = YTPNCWF278;
				GCC_C_LANGUAGE_STANDARD = gnu11;
				INFOPLIST_FILE = HBSwiftKit_UITests/Info.plist;
				IPHONEOS_DEPLOYMENT_TARGET = 9.0;
				LD_RUNPATH_SEARCH_PATHS = (
					"$(inherited)",
					"@executable_path/Frameworks",
					"@loader_path/Frameworks",
				);
				MTL_FAST_MATH = YES;
				PRODUCT_BUNDLE_IDENTIFIER = "Hubin-Huang.HBSwiftKit-UITests";
				PRODUCT_NAME = "$(TARGET_NAME)";
				SWIFT_VERSION = 5.0;
				TARGETED_DEVICE_FAMILY = "1,2";
				TEST_TARGET_NAME = HBSwiftKit_Example;
			};
			name = Release;
		};
		B5E0A44D26269729005D248D /* Debug */ = {
			isa = XCBuildConfiguration;
			baseConfigurationReference = E6A4E648BABE1DD5BC725B0F /* Pods-HBSwiftKit_Tests.debug.xcconfig */;
			buildSettings = {
				BUNDLE_LOADER = "$(TEST_HOST)";
				CLANG_ANALYZER_NONNULL = YES;
				CLANG_ANALYZER_NUMBER_OBJECT_CONVERSION = YES_AGGRESSIVE;
				CLANG_CXX_LANGUAGE_STANDARD = "gnu++14";
				CLANG_ENABLE_OBJC_WEAK = YES;
				CLANG_WARN_DEPRECATED_OBJC_IMPLEMENTATIONS = YES;
				CLANG_WARN_DOCUMENTATION_COMMENTS = YES;
				CLANG_WARN_OBJC_IMPLICIT_RETAIN_SELF = YES;
				CLANG_WARN_QUOTED_INCLUDE_IN_FRAMEWORK_HEADER = YES;
				CLANG_WARN_UNGUARDED_AVAILABILITY = YES_AGGRESSIVE;
				CODE_SIGN_STYLE = Automatic;
				DEBUG_INFORMATION_FORMAT = dwarf;
				DEVELOPMENT_TEAM = YTPNCWF278;
				GCC_C_LANGUAGE_STANDARD = gnu11;
				INFOPLIST_FILE = HBSwiftKit_Tests/Info.plist;
				IPHONEOS_DEPLOYMENT_TARGET = 9.0;
				LD_RUNPATH_SEARCH_PATHS = (
					"$(inherited)",
					"@executable_path/Frameworks",
					"@loader_path/Frameworks",
				);
				MTL_ENABLE_DEBUG_INFO = INCLUDE_SOURCE;
				MTL_FAST_MATH = YES;
				PRODUCT_BUNDLE_IDENTIFIER = "Hubin-Huang.HBSwiftKit-Tests";
				PRODUCT_NAME = "$(TARGET_NAME)";
				SWIFT_ACTIVE_COMPILATION_CONDITIONS = DEBUG;
				SWIFT_VERSION = 5.0;
				TARGETED_DEVICE_FAMILY = "1,2";
				TEST_HOST = "$(BUILT_PRODUCTS_DIR)/HBSwiftKit_Example.app/HBSwiftKit_Example";
			};
			name = Debug;
		};
		B5E0A44E26269729005D248D /* Release */ = {
			isa = XCBuildConfiguration;
			baseConfigurationReference = 9A8871220770A8D795C87930 /* Pods-HBSwiftKit_Tests.release.xcconfig */;
			buildSettings = {
				BUNDLE_LOADER = "$(TEST_HOST)";
				CLANG_ANALYZER_NONNULL = YES;
				CLANG_ANALYZER_NUMBER_OBJECT_CONVERSION = YES_AGGRESSIVE;
				CLANG_CXX_LANGUAGE_STANDARD = "gnu++14";
				CLANG_ENABLE_OBJC_WEAK = YES;
				CLANG_WARN_DEPRECATED_OBJC_IMPLEMENTATIONS = YES;
				CLANG_WARN_DOCUMENTATION_COMMENTS = YES;
				CLANG_WARN_OBJC_IMPLICIT_RETAIN_SELF = YES;
				CLANG_WARN_QUOTED_INCLUDE_IN_FRAMEWORK_HEADER = YES;
				CLANG_WARN_UNGUARDED_AVAILABILITY = YES_AGGRESSIVE;
				CODE_SIGN_STYLE = Automatic;
				DEVELOPMENT_TEAM = YTPNCWF278;
				GCC_C_LANGUAGE_STANDARD = gnu11;
				INFOPLIST_FILE = HBSwiftKit_Tests/Info.plist;
				IPHONEOS_DEPLOYMENT_TARGET = 9.0;
				LD_RUNPATH_SEARCH_PATHS = (
					"$(inherited)",
					"@executable_path/Frameworks",
					"@loader_path/Frameworks",
				);
				MTL_FAST_MATH = YES;
				PRODUCT_BUNDLE_IDENTIFIER = "Hubin-Huang.HBSwiftKit-Tests";
				PRODUCT_NAME = "$(TARGET_NAME)";
				SWIFT_VERSION = 5.0;
				TARGETED_DEVICE_FAMILY = "1,2";
				TEST_HOST = "$(BUILT_PRODUCTS_DIR)/HBSwiftKit_Example.app/HBSwiftKit_Example";
			};
			name = Release;
		};
/* End XCBuildConfiguration section */

/* Begin XCConfigurationList section */
		607FACCB1AFB9204008FA782 /* Build configuration list for PBXProject "HBSwiftKit" */ = {
			isa = XCConfigurationList;
			buildConfigurations = (
				607FACED1AFB9204008FA782 /* Debug */,
				607FACEE1AFB9204008FA782 /* Release */,
			);
			defaultConfigurationIsVisible = 0;
			defaultConfigurationName = Release;
		};
		607FACEF1AFB9204008FA782 /* Build configuration list for PBXNativeTarget "HBSwiftKit_Example" */ = {
			isa = XCConfigurationList;
			buildConfigurations = (
				607FACF01AFB9204008FA782 /* Debug */,
				607FACF11AFB9204008FA782 /* Release */,
			);
			defaultConfigurationIsVisible = 0;
			defaultConfigurationName = Release;
		};
		B53D570926268EBE001D0BC0 /* Build configuration list for PBXNativeTarget "HBSwiftKit_UITests" */ = {
			isa = XCConfigurationList;
			buildConfigurations = (
				B53D570726268EBE001D0BC0 /* Debug */,
				B53D570826268EBE001D0BC0 /* Release */,
			);
			defaultConfigurationIsVisible = 0;
			defaultConfigurationName = Release;
		};
		B5E0A44C26269729005D248D /* Build configuration list for PBXNativeTarget "HBSwiftKit_Tests" */ = {
			isa = XCConfigurationList;
			buildConfigurations = (
				B5E0A44D26269729005D248D /* Debug */,
				B5E0A44E26269729005D248D /* Release */,
			);
			defaultConfigurationIsVisible = 0;
			defaultConfigurationName = Release;
		};
/* End XCConfigurationList section */
	};
	rootObject = 607FACC81AFB9204008FA782 /* Project object */;
}
