// !$*UTF8*$!
{
	archiveVersion = 1;
	classes = {
	};
	objectVersion = 54;
	objects = {

/* Begin PBXBuildFile section */
		0630D2901133ACAA226C5EF5 /* Pods_HBSwiftKit_Tests.framework in Frameworks */ = {isa = PBXBuildFile; fileRef = 12F5E5A4DC30D6A96A4CC4E3 /* Pods_HBSwiftKit_Tests.framework */; };
		184A4E812B1D656D00CECCD6 /* SCDataPicker.swift in Sources */ = {isa = PBXBuildFile; fileRef = 184A4E7F2B1D656D00CECCD6 /* SCDataPicker.swift */; };
		184A4E822B1D656D00CECCD6 /* LTDatePicker.swift in Sources */ = {isa = PBXBuildFile; fileRef = 184A4E802B1D656D00CECCD6 /* LTDatePicker.swift */; };
		18B671992B3BBFC600793476 /* Extension+TextField.swift in Sources */ = {isa = PBXBuildFile; fileRef = 18B671982B3BBFC600793476 /* Extension+TextField.swift */; };
		1FF02B7826F22DF100A3A341 /* GlobalNoti.swift in Sources */ = {isa = PBXBuildFile; fileRef = 1FF02B7726F22DF100A3A341 /* GlobalNoti.swift */; };
		4207008F2A4D7D1900039415 /* BLEAdapter.swift in Sources */ = {isa = PBXBuildFile; fileRef = 4207008E2A4D7D1900039415 /* BLEAdapter.swift */; };
		607FACD61AFB9204008FA782 /* AppDelegate.swift in Sources */ = {isa = PBXBuildFile; fileRef = 607FACD51AFB9204008FA782 /* AppDelegate.swift */; };
		607FACD81AFB9204008FA782 /* ViewController.swift in Sources */ = {isa = PBXBuildFile; fileRef = 607FACD71AFB9204008FA782 /* ViewController.swift */; };
		607FACDB1AFB9204008FA782 /* Main.storyboard in Resources */ = {isa = PBXBuildFile; fileRef = 607FACD91AFB9204008FA782 /* Main.storyboard */; };
		607FACDD1AFB9204008FA782 /* Images.xcassets in Resources */ = {isa = PBXBuildFile; fileRef = 607FACDC1AFB9204008FA782 /* Images.xcassets */; };
		B50055A427C375A700467E55 /* LightAttrPickerView.swift in Sources */ = {isa = PBXBuildFile; fileRef = B500558127C375A700467E55 /* LightAttrPickerView.swift */; };
		B50055A627C375A700467E55 /* LightAttrPickerView+Views.swift in Sources */ = {isa = PBXBuildFile; fileRef = B500558327C375A700467E55 /* LightAttrPickerView+Views.swift */; };
		B50055BD27C375CD00467E55 /* src_hsv in Resources */ = {isa = PBXBuildFile; fileRef = B50055BA27C375CD00467E55 /* src_hsv */; };
		B50055BE27C375CD00467E55 /* src_temp in Resources */ = {isa = PBXBuildFile; fileRef = B50055BB27C375CD00467E55 /* src_temp */; };
		B50055BF27C375CD00467E55 /* src_xy in Resources */ = {isa = PBXBuildFile; fileRef = B50055BC27C375CD00467E55 /* src_xy */; };
		B518517626269E340013A973 /* Quick+NimbleTest.swift in Sources */ = {isa = PBXBuildFile; fileRef = B518517526269E340013A973 /* Quick+NimbleTest.swift */; };
		B533677326E852550009B60F /* VideoCropController.swift in Sources */ = {isa = PBXBuildFile; fileRef = B533677226E852550009B60F /* VideoCropController.swift */; };
		B5389B3225EE1D7100ED67F9 /* Wto_Calendar.swift in Sources */ = {isa = PBXBuildFile; fileRef = B5389B2625EE1BB900ED67F9 /* Wto_Calendar.swift */; };
		B5389B7925EF8FB400ED67F9 /* R.generated.swift in Sources */ = {isa = PBXBuildFile; fileRef = B5389B7825EF8FB400ED67F9 /* R.generated.swift */; };
		B5389B8925EF913E00ED67F9 /* LaunchScreen.storyboard in Resources */ = {isa = PBXBuildFile; fileRef = B5389B8825EF913E00ED67F9 /* LaunchScreen.storyboard */; };
		B53D570326268EBE001D0BC0 /* HBSwiftKit_UITests.swift in Sources */ = {isa = PBXBuildFile; fileRef = B53D570226268EBE001D0BC0 /* HBSwiftKit_UITests.swift */; };
		B541412D268EAF06008CE14B /* MapLocationController.swift in Sources */ = {isa = PBXBuildFile; fileRef = B541412C268EAF06008CE14B /* MapLocationController.swift */; };
		B546325A280010420026662F /* DesignMode.swift in Sources */ = {isa = PBXBuildFile; fileRef = B5463259280010410026662F /* DesignMode.swift */; };
		B546325C2803B7960026662F /* Arithmetic.swift in Sources */ = {isa = PBXBuildFile; fileRef = B546325B2803B7950026662F /* Arithmetic.swift */; };
		B546BFB527F442D9006EA745 /* ViewReusePool.swift in Sources */ = {isa = PBXBuildFile; fileRef = B546BFB427F442D9006EA745 /* ViewReusePool.swift */; };
		B546BFB727F455C5006EA745 /* IndexTableView.swift in Sources */ = {isa = PBXBuildFile; fileRef = B546BFB627F455C5006EA745 /* IndexTableView.swift */; };
		B54DE3B4275EF2C400BBDE0B /* SignalPlateView.swift in Sources */ = {isa = PBXBuildFile; fileRef = B54DE3B3275EF2C400BBDE0B /* SignalPlateView.swift */; };
		B54DE3B6275F4C4100BBDE0B /* SignalMarkView.swift in Sources */ = {isa = PBXBuildFile; fileRef = B54DE3B5275F4C4100BBDE0B /* SignalMarkView.swift */; };
		B5557A3526706188007F5B44 /* loading.gif in Resources */ = {isa = PBXBuildFile; fileRef = B5557A3426706188007F5B44 /* loading.gif */; };
		B5565E8E27C5BF34001A1A22 /* NetworkReachability.swift in Sources */ = {isa = PBXBuildFile; fileRef = B5565E8D27C5BF34001A1A22 /* NetworkReachability.swift */; };
		B557085027225E5500C22CD4 /* .swiftlint.yml in Resources */ = {isa = PBXBuildFile; fileRef = B557084F27225E5500C22CD4 /* .swiftlint.yml */; };
		B557E4DB2631304900C62147 /* ThemeStyle.swift in Sources */ = {isa = PBXBuildFile; fileRef = B557E4DA2631304800C62147 /* ThemeStyle.swift */; };
		B56D8C6C27CF29E90032EA97 /* YTTabController.swift in Sources */ = {isa = PBXBuildFile; fileRef = B56D8C6B27CF29E90032EA97 /* YTTabController.swift */; };
		B56D8C7127CF5FC30032EA97 /* BalloonMarker.swift in Sources */ = {isa = PBXBuildFile; fileRef = B56D8C6F27CF5FC30032EA97 /* BalloonMarker.swift */; };
		B56D8C7227CF5FC30032EA97 /* Wto_CombinedChart.swift in Sources */ = {isa = PBXBuildFile; fileRef = B56D8C7027CF5FC30032EA97 /* Wto_CombinedChart.swift */; };
		B56F689D264B8AB300FD62CF /* DualListView.swift in Sources */ = {isa = PBXBuildFile; fileRef = B56F689C264B8AB300FD62CF /* DualListView.swift */; };
		B56F68A2264B8AF400FD62CF /* duallist.json in Resources */ = {isa = PBXBuildFile; fileRef = B56F68A1264B8AF400FD62CF /* duallist.json */; };
		B575D5F925A9900C0068EB19 /* help_es.html in Resources */ = {isa = PBXBuildFile; fileRef = B575D5F725A9900C0068EB19 /* help_es.html */; };
		B575D5FA25A9900C0068EB19 /* help_cn.html in Resources */ = {isa = PBXBuildFile; fileRef = B575D5F825A9900C0068EB19 /* help_cn.html */; };
		B5825E2E26F04D7D00539866 /* VideoFrameView.swift in Sources */ = {isa = PBXBuildFile; fileRef = B5825E2D26F04D7D00539866 /* VideoFrameView.swift */; };
		B5825E3326F0877C00539866 /* VideoCropView.swift in Sources */ = {isa = PBXBuildFile; fileRef = B5825E3226F0877C00539866 /* VideoCropView.swift */; };
		B5825E3826F087FA00539866 /* VideoTimeView.swift in Sources */ = {isa = PBXBuildFile; fileRef = B5825E3726F087FA00539866 /* VideoTimeView.swift */; };
		B5825E3D26F0884F00539866 /* VideoToolView.swift in Sources */ = {isa = PBXBuildFile; fileRef = B5825E3C26F0884F00539866 /* VideoToolView.swift */; };
		B5832B20270FD6EE0084C78E /* VideoTestController.swift in Sources */ = {isa = PBXBuildFile; fileRef = B5832B1F270FD6EE0084C78E /* VideoTestController.swift */; };
		B58F80AE273CB51500C778D5 /* OpenCVWrapper.mm in Sources */ = {isa = PBXBuildFile; fileRef = B58F80AC273CB51500C778D5 /* OpenCVWrapper.mm */; };
		B595A8CC27C866EA007EF16E /* RegexHelper.swift in Sources */ = {isa = PBXBuildFile; fileRef = B595A8CB27C866EA007EF16E /* RegexHelper.swift */; };
		B595A8D327CCB07F007EF16E /* LoggerManager.swift in Sources */ = {isa = PBXBuildFile; fileRef = B595A8D027CCB07E007EF16E /* LoggerManager.swift */; };
		B595A8D427CCB07F007EF16E /* LoggerAssistant.swift in Sources */ = {isa = PBXBuildFile; fileRef = B595A8D127CCB07E007EF16E /* LoggerAssistant.swift */; };
		B595A8D527CCB07F007EF16E /* LoggerListController.swift in Sources */ = {isa = PBXBuildFile; fileRef = B595A8D227CCB07E007EF16E /* LoggerListController.swift */; };
		B595A8D727CCB154007EF16E /* StarRateView.swift in Sources */ = {isa = PBXBuildFile; fileRef = B595A8D627CCB154007EF16E /* StarRateView.swift */; };
		B5BAC82D255A7818005A5179 /* ImageBrowerController.swift in Sources */ = {isa = PBXBuildFile; fileRef = B5BAC828255A7818005A5179 /* ImageBrowerController.swift */; };
		B5BAC82E255A7818005A5179 /* NumberPickerController.swift in Sources */ = {isa = PBXBuildFile; fileRef = B5BAC829255A7818005A5179 /* NumberPickerController.swift */; };
		B5BAC82F255A7818005A5179 /* CalendarPickerController.swift in Sources */ = {isa = PBXBuildFile; fileRef = B5BAC82A255A7818005A5179 /* CalendarPickerController.swift */; };
		B5BAC830255A7818005A5179 /* BlueToothController.swift in Sources */ = {isa = PBXBuildFile; fileRef = B5BAC82B255A7818005A5179 /* BlueToothController.swift */; };
		B5BAC831255A7818005A5179 /* DatePickerController.swift in Sources */ = {isa = PBXBuildFile; fileRef = B5BAC82C255A7818005A5179 /* DatePickerController.swift */; };
		B5BAC835255A7875005A5179 /* images.json in Resources */ = {isa = PBXBuildFile; fileRef = B5BAC834255A7875005A5179 /* images.json */; };
		B5C6C5C725ECCE7700C88C1C /* SliderRuler.swift in Sources */ = {isa = PBXBuildFile; fileRef = B5C6C5C625ECCE7700C88C1C /* SliderRuler.swift */; };
		B5C6C5EA25ECD38800C88C1C /* Wto_ImageBrower.swift in Sources */ = {isa = PBXBuildFile; fileRef = B5C6C5DE25ECD1BD00C88C1C /* Wto_ImageBrower.swift */; };
		B5C6C5F325ECD39600C88C1C /* Wto_ThemeMode.swift in Sources */ = {isa = PBXBuildFile; fileRef = B5C6C5E025ECD1C400C88C1C /* Wto_ThemeMode.swift */; };
		B5C6C5F925ECD3A000C88C1C /* EditTableView.swift in Sources */ = {isa = PBXBuildFile; fileRef = B5C6C5CE25ECD08900C88C1C /* EditTableView.swift */; };
		B5C6C5FD25ECD4F100C88C1C /* EasyAdScrollTool.swift in Sources */ = {isa = PBXBuildFile; fileRef = B5C6C5FC25ECD4F100C88C1C /* EasyAdScrollTool.swift */; };
		B5CC7A3C25E88D2400D263B4 /* UIKitTestController.swift in Sources */ = {isa = PBXBuildFile; fileRef = B5CC7A3B25E88D2400D263B4 /* UIKitTestController.swift */; };
		B5CC7A4625E88F1400D263B4 /* AdvancedFilter.swift in Sources */ = {isa = PBXBuildFile; fileRef = B5CC7A4525E88F1400D263B4 /* AdvancedFilter.swift */; };
		B5CC7A4A25E8989300D263B4 /* advfilterdata.json in Resources */ = {isa = PBXBuildFile; fileRef = B5CC7A4925E8989300D263B4 /* advfilterdata.json */; };
		B5D55405261D40AE007A20F5 /* jstest.html in Resources */ = {isa = PBXBuildFile; fileRef = B5D55404261D40AE007A20F5 /* jstest.html */; };
		B5DCC71425F3266D007E3237 /* areacode.plist in Resources */ = {isa = PBXBuildFile; fileRef = B5DCC71325F3266D007E3237 /* areacode.plist */; };
		B5E2817627F1BF42000761FD /* NetworkPlugins.swift in Sources */ = {isa = PBXBuildFile; fileRef = B5E2817527F1BF42000761FD /* NetworkPlugins.swift */; };
		B5E4AAC027F5585300D84C78 /* SteerWheelView.swift in Sources */ = {isa = PBXBuildFile; fileRef = B5E4AABF27F5585300D84C78 /* SteerWheelView.swift */; };
		B5E8E47B27EEBEAB006CED16 /* NetworkExtension.swift in Sources */ = {isa = PBXBuildFile; fileRef = B5E8E47A27EEBEAA006CED16 /* NetworkExtension.swift */; };
		B5E8E47D27F14E6A006CED16 /* NetworkRequest.swift in Sources */ = {isa = PBXBuildFile; fileRef = B5E8E47C27F14E6A006CED16 /* NetworkRequest.swift */; };
		B5E8E47F27F18E7E006CED16 /* NetworkRequestTest.swift in Sources */ = {isa = PBXBuildFile; fileRef = B5E8E47E27F18E7E006CED16 /* NetworkRequestTest.swift */; };
		B5E8E48227F19459006CED16 /* NetworkApi.swift in Sources */ = {isa = PBXBuildFile; fileRef = B5E8E48027F18F22006CED16 /* NetworkApi.swift */; };
		B5F520932704615E00BACB9C /* VideoPlayController.swift in Sources */ = {isa = PBXBuildFile; fileRef = B5F520922704615E00BACB9C /* VideoPlayController.swift */; };
		B5F8390226982D8E0001C484 /* 温柔女声.mp3 in Resources */ = {isa = PBXBuildFile; fileRef = B5F838FE26982D8E0001C484 /* 温柔女声.mp3 */; };
		B5FB4F27257A365E007F1238 /* WebPreviewController.swift in Sources */ = {isa = PBXBuildFile; fileRef = B5FB4F26257A365E007F1238 /* WebPreviewController.swift */; };
		B5FB4FBD257DC20A007F1238 /* EasyAdScrollController.swift in Sources */ = {isa = PBXBuildFile; fileRef = B5FB4FBC257DC20A007F1238 /* EasyAdScrollController.swift */; };
		B5FEFA3B27462A6F00DA6999 /* SlidePickerView.swift in Sources */ = {isa = PBXBuildFile; fileRef = B5BEA1AC2744B91F005B8F54 /* SlidePickerView.swift */; };
		B5FF3854280EA0B70063BF26 /* MVVM.swift in Sources */ = {isa = PBXBuildFile; fileRef = B5FF3853280EA0B70063BF26 /* MVVM.swift */; };
		FE480E90E2CA32C49FC5A2F3 /* Pods_HBSwiftKit_Example.framework in Frameworks */ = {isa = PBXBuildFile; fileRef = 4845C4375F7293ACE69A0714 /* Pods_HBSwiftKit_Example.framework */; };
/* End PBXBuildFile section */

/* Begin PBXContainerItemProxy section */
		B53D570526268EBE001D0BC0 /* PBXContainerItemProxy */ = {
			isa = PBXContainerItemProxy;
			containerPortal = 607FACC81AFB9204008FA782 /* Project object */;
			proxyType = 1;
			remoteGlobalIDString = 607FACCF1AFB9204008FA782;
			remoteInfo = HBSwiftKit_Example;
		};
		B5E0A44A26269729005D248D /* PBXContainerItemProxy */ = {
			isa = PBXContainerItemProxy;
			containerPortal = 607FACC81AFB9204008FA782 /* Project object */;
			proxyType = 1;
			remoteGlobalIDString = 607FACCF1AFB9204008FA782;
			remoteInfo = HBSwiftKit_Example;
		};
/* End PBXContainerItemProxy section */

/* Begin PBXFileReference section */
		12F5E5A4DC30D6A96A4CC4E3 /* Pods_HBSwiftKit_Tests.framework */ = {isa = PBXFileReference; explicitFileType = wrapper.framework; includeInIndex = 0; path = Pods_HBSwiftKit_Tests.framework; sourceTree = BUILT_PRODUCTS_DIR; };
		184A4E7F2B1D656D00CECCD6 /* SCDataPicker.swift */ = {isa = PBXFileReference; fileEncoding = 4; lastKnownFileType = sourcecode.swift; path = SCDataPicker.swift; sourceTree = "<group>"; };
		184A4E802B1D656D00CECCD6 /* LTDatePicker.swift */ = {isa = PBXFileReference; fileEncoding = 4; lastKnownFileType = sourcecode.swift; path = LTDatePicker.swift; sourceTree = "<group>"; };
		18B671982B3BBFC600793476 /* Extension+TextField.swift */ = {isa = PBXFileReference; fileEncoding = 4; lastKnownFileType = sourcecode.swift; path = "Extension+TextField.swift"; sourceTree = "<group>"; };
		18C2FE002AFC8D0C00AB8450 /* .swiftlint.yml */ = {isa = PBXFileReference; lastKnownFileType = text.yaml; path = .swiftlint.yml; sourceTree = SOURCE_ROOT; };
		1FF02B7726F22DF100A3A341 /* GlobalNoti.swift */ = {isa = PBXFileReference; lastKnownFileType = sourcecode.swift; path = GlobalNoti.swift; sourceTree = "<group>"; };
		4207008E2A4D7D1900039415 /* BLEAdapter.swift */ = {isa = PBXFileReference; lastKnownFileType = sourcecode.swift; path = BLEAdapter.swift; sourceTree = "<group>"; };
		4845C4375F7293ACE69A0714 /* Pods_HBSwiftKit_Example.framework */ = {isa = PBXFileReference; explicitFileType = wrapper.framework; includeInIndex = 0; path = Pods_HBSwiftKit_Example.framework; sourceTree = BUILT_PRODUCTS_DIR; };
		5217653375CCE7602F1DA3F5 /* README.md */ = {isa = PBXFileReference; includeInIndex = 1; lastKnownFileType = net.daringfireball.markdown; name = README.md; path = ../README.md; sourceTree = "<group>"; };
		5CA296E7E757B6B9CCC2CB2F /* LICENSE */ = {isa = PBXFileReference; includeInIndex = 1; lastKnownFileType = text; name = LICENSE; path = ../LICENSE; sourceTree = "<group>"; };
		607FACD01AFB9204008FA782 /* HBSwiftKit_Example.app */ = {isa = PBXFileReference; explicitFileType = wrapper.application; includeInIndex = 0; path = HBSwiftKit_Example.app; sourceTree = BUILT_PRODUCTS_DIR; };
		607FACD41AFB9204008FA782 /* Info.plist */ = {isa = PBXFileReference; lastKnownFileType = text.plist.xml; path = Info.plist; sourceTree = "<group>"; };
		607FACD51AFB9204008FA782 /* AppDelegate.swift */ = {isa = PBXFileReference; lastKnownFileType = sourcecode.swift; path = AppDelegate.swift; sourceTree = "<group>"; };
		607FACD71AFB9204008FA782 /* ViewController.swift */ = {isa = PBXFileReference; lastKnownFileType = sourcecode.swift; path = ViewController.swift; sourceTree = "<group>"; };
		607FACDA1AFB9204008FA782 /* Base */ = {isa = PBXFileReference; lastKnownFileType = file.storyboard; name = Base; path = Base.lproj/Main.storyboard; sourceTree = "<group>"; };
		607FACDC1AFB9204008FA782 /* Images.xcassets */ = {isa = PBXFileReference; lastKnownFileType = folder.assetcatalog; path = Images.xcassets; sourceTree = "<group>"; };
		60A90EE9A7E1640E361223EE /* Pods-HBSwiftKit_Example.release.xcconfig */ = {isa = PBXFileReference; includeInIndex = 1; lastKnownFileType = text.xcconfig; name = "Pods-HBSwiftKit_Example.release.xcconfig"; path = "Target Support Files/Pods-HBSwiftKit_Example/Pods-HBSwiftKit_Example.release.xcconfig"; sourceTree = "<group>"; };
		9A8871220770A8D795C87930 /* Pods-HBSwiftKit_Tests.release.xcconfig */ = {isa = PBXFileReference; includeInIndex = 1; lastKnownFileType = text.xcconfig; name = "Pods-HBSwiftKit_Tests.release.xcconfig"; path = "Target Support Files/Pods-HBSwiftKit_Tests/Pods-HBSwiftKit_Tests.release.xcconfig"; sourceTree = "<group>"; };
		B500558127C375A700467E55 /* LightAttrPickerView.swift */ = {isa = PBXFileReference; fileEncoding = 4; lastKnownFileType = sourcecode.swift; path = LightAttrPickerView.swift; sourceTree = "<group>"; };
		B500558327C375A700467E55 /* LightAttrPickerView+Views.swift */ = {isa = PBXFileReference; fileEncoding = 4; lastKnownFileType = sourcecode.swift; path = "LightAttrPickerView+Views.swift"; sourceTree = "<group>"; };
		B50055BA27C375CD00467E55 /* src_hsv */ = {isa = PBXFileReference; lastKnownFileType = folder; path = src_hsv; sourceTree = "<group>"; };
		B50055BB27C375CD00467E55 /* src_temp */ = {isa = PBXFileReference; lastKnownFileType = folder; path = src_temp; sourceTree = "<group>"; };
		B50055BC27C375CD00467E55 /* src_xy */ = {isa = PBXFileReference; lastKnownFileType = folder; path = src_xy; sourceTree = "<group>"; };
		B518517526269E340013A973 /* Quick+NimbleTest.swift */ = {isa = PBXFileReference; lastKnownFileType = sourcecode.swift; name = "Quick+NimbleTest.swift"; path = "HBSwiftKit_Tests/Quick+NimbleTest.swift"; sourceTree = SOURCE_ROOT; };
		B533677226E852550009B60F /* VideoCropController.swift */ = {isa = PBXFileReference; lastKnownFileType = sourcecode.swift; path = VideoCropController.swift; sourceTree = "<group>"; };
		B5389B2625EE1BB900ED67F9 /* Wto_Calendar.swift */ = {isa = PBXFileReference; lastKnownFileType = sourcecode.swift; path = Wto_Calendar.swift; sourceTree = "<group>"; };
		B5389B7825EF8FB400ED67F9 /* R.generated.swift */ = {isa = PBXFileReference; fileEncoding = 4; lastKnownFileType = sourcecode.swift; path = R.generated.swift; sourceTree = "<group>"; };
		B5389B8825EF913E00ED67F9 /* LaunchScreen.storyboard */ = {isa = PBXFileReference; lastKnownFileType = file.storyboard; path = LaunchScreen.storyboard; sourceTree = "<group>"; };
		B53D570026268EBE001D0BC0 /* HBSwiftKit_UITests.xctest */ = {isa = PBXFileReference; explicitFileType = wrapper.cfbundle; includeInIndex = 0; path = HBSwiftKit_UITests.xctest; sourceTree = BUILT_PRODUCTS_DIR; };
		B53D570226268EBE001D0BC0 /* HBSwiftKit_UITests.swift */ = {isa = PBXFileReference; lastKnownFileType = sourcecode.swift; path = HBSwiftKit_UITests.swift; sourceTree = "<group>"; };
		B53D570426268EBE001D0BC0 /* Info.plist */ = {isa = PBXFileReference; lastKnownFileType = text.plist.xml; path = Info.plist; sourceTree = "<group>"; };
		B541412C268EAF06008CE14B /* MapLocationController.swift */ = {isa = PBXFileReference; lastKnownFileType = sourcecode.swift; path = MapLocationController.swift; sourceTree = "<group>"; };
		B5463259280010410026662F /* DesignMode.swift */ = {isa = PBXFileReference; lastKnownFileType = sourcecode.swift; path = DesignMode.swift; sourceTree = "<group>"; };
		B546325B2803B7950026662F /* Arithmetic.swift */ = {isa = PBXFileReference; lastKnownFileType = sourcecode.swift; path = Arithmetic.swift; sourceTree = "<group>"; };
		B546BFB427F442D9006EA745 /* ViewReusePool.swift */ = {isa = PBXFileReference; lastKnownFileType = sourcecode.swift; path = ViewReusePool.swift; sourceTree = "<group>"; };
		B546BFB627F455C5006EA745 /* IndexTableView.swift */ = {isa = PBXFileReference; lastKnownFileType = sourcecode.swift; path = IndexTableView.swift; sourceTree = "<group>"; };
		B54DE3B3275EF2C400BBDE0B /* SignalPlateView.swift */ = {isa = PBXFileReference; lastKnownFileType = sourcecode.swift; path = SignalPlateView.swift; sourceTree = "<group>"; };
		B54DE3B5275F4C4100BBDE0B /* SignalMarkView.swift */ = {isa = PBXFileReference; lastKnownFileType = sourcecode.swift; path = SignalMarkView.swift; sourceTree = "<group>"; };
		B5557A3426706188007F5B44 /* loading.gif */ = {isa = PBXFileReference; lastKnownFileType = image.gif; path = loading.gif; sourceTree = "<group>"; };
		B5565E8D27C5BF34001A1A22 /* NetworkReachability.swift */ = {isa = PBXFileReference; fileEncoding = 4; lastKnownFileType = sourcecode.swift; path = NetworkReachability.swift; sourceTree = "<group>"; };
		B557084F27225E5500C22CD4 /* .swiftlint.yml */ = {isa = PBXFileReference; fileEncoding = 4; lastKnownFileType = text.yaml; path = .swiftlint.yml; sourceTree = SOURCE_ROOT; };
		B557E4DA2631304800C62147 /* ThemeStyle.swift */ = {isa = PBXFileReference; lastKnownFileType = sourcecode.swift; path = ThemeStyle.swift; sourceTree = "<group>"; };
		B56D8C6B27CF29E90032EA97 /* YTTabController.swift */ = {isa = PBXFileReference; fileEncoding = 4; lastKnownFileType = sourcecode.swift; path = YTTabController.swift; sourceTree = "<group>"; };
		B56D8C6F27CF5FC30032EA97 /* BalloonMarker.swift */ = {isa = PBXFileReference; fileEncoding = 4; lastKnownFileType = sourcecode.swift; path = BalloonMarker.swift; sourceTree = "<group>"; };
		B56D8C7027CF5FC30032EA97 /* Wto_CombinedChart.swift */ = {isa = PBXFileReference; fileEncoding = 4; lastKnownFileType = sourcecode.swift; path = Wto_CombinedChart.swift; sourceTree = "<group>"; };
		B56F689C264B8AB300FD62CF /* DualListView.swift */ = {isa = PBXFileReference; lastKnownFileType = sourcecode.swift; path = DualListView.swift; sourceTree = "<group>"; };
		B56F68A1264B8AF400FD62CF /* duallist.json */ = {isa = PBXFileReference; fileEncoding = 4; lastKnownFileType = text.json; path = duallist.json; sourceTree = "<group>"; };
		B575D5F725A9900C0068EB19 /* help_es.html */ = {isa = PBXFileReference; fileEncoding = 4; lastKnownFileType = text.html; path = help_es.html; sourceTree = "<group>"; };
		B575D5F825A9900C0068EB19 /* help_cn.html */ = {isa = PBXFileReference; fileEncoding = 4; lastKnownFileType = text.html; path = help_cn.html; sourceTree = "<group>"; };
		B5825E2D26F04D7D00539866 /* VideoFrameView.swift */ = {isa = PBXFileReference; fileEncoding = 4; lastKnownFileType = sourcecode.swift; path = VideoFrameView.swift; sourceTree = "<group>"; };
		B5825E3226F0877C00539866 /* VideoCropView.swift */ = {isa = PBXFileReference; lastKnownFileType = sourcecode.swift; path = VideoCropView.swift; sourceTree = "<group>"; };
		B5825E3726F087FA00539866 /* VideoTimeView.swift */ = {isa = PBXFileReference; lastKnownFileType = sourcecode.swift; path = VideoTimeView.swift; sourceTree = "<group>"; };
		B5825E3C26F0884F00539866 /* VideoToolView.swift */ = {isa = PBXFileReference; lastKnownFileType = sourcecode.swift; path = VideoToolView.swift; sourceTree = "<group>"; };
		B5832B1F270FD6EE0084C78E /* VideoTestController.swift */ = {isa = PBXFileReference; lastKnownFileType = sourcecode.swift; path = VideoTestController.swift; sourceTree = "<group>"; };
		B58F80AB273CB4ED00C778D5 /* wechat_qrcode.zip */ = {isa = PBXFileReference; lastKnownFileType = archive.zip; path = wechat_qrcode.zip; sourceTree = "<group>"; };
		B58F80AC273CB51500C778D5 /* OpenCVWrapper.mm */ = {isa = PBXFileReference; fileEncoding = 4; lastKnownFileType = sourcecode.cpp.objcpp; path = OpenCVWrapper.mm; sourceTree = "<group>"; };
		B58F80AD273CB51500C778D5 /* OpenCVWrapper.h */ = {isa = PBXFileReference; fileEncoding = 4; lastKnownFileType = sourcecode.c.h; path = OpenCVWrapper.h; sourceTree = "<group>"; };
		B595A8CB27C866EA007EF16E /* RegexHelper.swift */ = {isa = PBXFileReference; lastKnownFileType = sourcecode.swift; path = RegexHelper.swift; sourceTree = "<group>"; };
		B595A8D027CCB07E007EF16E /* LoggerManager.swift */ = {isa = PBXFileReference; fileEncoding = 4; lastKnownFileType = sourcecode.swift; path = LoggerManager.swift; sourceTree = "<group>"; };
		B595A8D127CCB07E007EF16E /* LoggerAssistant.swift */ = {isa = PBXFileReference; fileEncoding = 4; lastKnownFileType = sourcecode.swift; path = LoggerAssistant.swift; sourceTree = "<group>"; };
		B595A8D227CCB07E007EF16E /* LoggerListController.swift */ = {isa = PBXFileReference; fileEncoding = 4; lastKnownFileType = sourcecode.swift; path = LoggerListController.swift; sourceTree = "<group>"; };
		B595A8D627CCB154007EF16E /* StarRateView.swift */ = {isa = PBXFileReference; lastKnownFileType = sourcecode.swift; path = StarRateView.swift; sourceTree = "<group>"; };
		B5BAC828255A7818005A5179 /* ImageBrowerController.swift */ = {isa = PBXFileReference; fileEncoding = 4; lastKnownFileType = sourcecode.swift; path = ImageBrowerController.swift; sourceTree = "<group>"; };
		B5BAC829255A7818005A5179 /* NumberPickerController.swift */ = {isa = PBXFileReference; fileEncoding = 4; lastKnownFileType = sourcecode.swift; path = NumberPickerController.swift; sourceTree = "<group>"; };
		B5BAC82A255A7818005A5179 /* CalendarPickerController.swift */ = {isa = PBXFileReference; fileEncoding = 4; lastKnownFileType = sourcecode.swift; path = CalendarPickerController.swift; sourceTree = "<group>"; };
		B5BAC82B255A7818005A5179 /* BlueToothController.swift */ = {isa = PBXFileReference; fileEncoding = 4; lastKnownFileType = sourcecode.swift; path = BlueToothController.swift; sourceTree = "<group>"; };
		B5BAC82C255A7818005A5179 /* DatePickerController.swift */ = {isa = PBXFileReference; fileEncoding = 4; lastKnownFileType = sourcecode.swift; path = DatePickerController.swift; sourceTree = "<group>"; };
		B5BAC834255A7875005A5179 /* images.json */ = {isa = PBXFileReference; fileEncoding = 4; lastKnownFileType = text.json; path = images.json; sourceTree = "<group>"; };
		B5BAC85B255A7C0C005A5179 /* HBSwiftKit_Example-Bridging-Header.h */ = {isa = PBXFileReference; lastKnownFileType = sourcecode.c.h; path = "HBSwiftKit_Example-Bridging-Header.h"; sourceTree = "<group>"; };
		B5BEA1AC2744B91F005B8F54 /* SlidePickerView.swift */ = {isa = PBXFileReference; fileEncoding = 4; lastKnownFileType = sourcecode.swift; path = SlidePickerView.swift; sourceTree = "<group>"; };
		B5C6C5C625ECCE7700C88C1C /* SliderRuler.swift */ = {isa = PBXFileReference; fileEncoding = 4; lastKnownFileType = sourcecode.swift; path = SliderRuler.swift; sourceTree = "<group>"; };
		B5C6C5CE25ECD08900C88C1C /* EditTableView.swift */ = {isa = PBXFileReference; lastKnownFileType = sourcecode.swift; path = EditTableView.swift; sourceTree = "<group>"; };
		B5C6C5DE25ECD1BD00C88C1C /* Wto_ImageBrower.swift */ = {isa = PBXFileReference; lastKnownFileType = sourcecode.swift; path = Wto_ImageBrower.swift; sourceTree = "<group>"; };
		B5C6C5E025ECD1C400C88C1C /* Wto_ThemeMode.swift */ = {isa = PBXFileReference; lastKnownFileType = sourcecode.swift; path = Wto_ThemeMode.swift; sourceTree = "<group>"; };
		B5C6C5FC25ECD4F100C88C1C /* EasyAdScrollTool.swift */ = {isa = PBXFileReference; lastKnownFileType = sourcecode.swift; path = EasyAdScrollTool.swift; sourceTree = "<group>"; };
		B5CC7A3B25E88D2400D263B4 /* UIKitTestController.swift */ = {isa = PBXFileReference; lastKnownFileType = sourcecode.swift; path = UIKitTestController.swift; sourceTree = "<group>"; };
		B5CC7A4525E88F1400D263B4 /* AdvancedFilter.swift */ = {isa = PBXFileReference; lastKnownFileType = sourcecode.swift; path = AdvancedFilter.swift; sourceTree = "<group>"; };
		B5CC7A4925E8989300D263B4 /* advfilterdata.json */ = {isa = PBXFileReference; lastKnownFileType = text.json; path = advfilterdata.json; sourceTree = "<group>"; };
		B5D55404261D40AE007A20F5 /* jstest.html */ = {isa = PBXFileReference; fileEncoding = 4; lastKnownFileType = text.html; path = jstest.html; sourceTree = "<group>"; };
		B5DCC71325F3266D007E3237 /* areacode.plist */ = {isa = PBXFileReference; lastKnownFileType = text.plist.xml; path = areacode.plist; sourceTree = "<group>"; };
		B5DCC71725F3274D007E3237 /* areacode.json */ = {isa = PBXFileReference; lastKnownFileType = text.json; path = areacode.json; sourceTree = "<group>"; };
		B5E0A41826269421005D248D /* XCTest.framework */ = {isa = PBXFileReference; lastKnownFileType = wrapper.framework; name = XCTest.framework; path = Platforms/iPhoneOS.platform/Developer/Library/Frameworks/XCTest.framework; sourceTree = DEVELOPER_DIR; };
		B5E0A4292626948F005D248D /* HBSwiftKit.framework */ = {isa = PBXFileReference; explicitFileType = wrapper.framework; path = HBSwiftKit.framework; sourceTree = BUILT_PRODUCTS_DIR; };
		B5E0A44526269729005D248D /* HBSwiftKit_Tests.xctest */ = {isa = PBXFileReference; explicitFileType = wrapper.cfbundle; includeInIndex = 0; path = HBSwiftKit_Tests.xctest; sourceTree = BUILT_PRODUCTS_DIR; };
		B5E0A44926269729005D248D /* Info.plist */ = {isa = PBXFileReference; lastKnownFileType = text.plist.xml; path = Info.plist; sourceTree = "<group>"; };
		B5E2817527F1BF42000761FD /* NetworkPlugins.swift */ = {isa = PBXFileReference; lastKnownFileType = sourcecode.swift; path = NetworkPlugins.swift; sourceTree = "<group>"; };
		B5E4AABF27F5585300D84C78 /* SteerWheelView.swift */ = {isa = PBXFileReference; lastKnownFileType = sourcecode.swift; path = SteerWheelView.swift; sourceTree = "<group>"; };
		B5E8E47A27EEBEAA006CED16 /* NetworkExtension.swift */ = {isa = PBXFileReference; lastKnownFileType = sourcecode.swift; path = NetworkExtension.swift; sourceTree = "<group>"; };
		B5E8E47C27F14E6A006CED16 /* NetworkRequest.swift */ = {isa = PBXFileReference; lastKnownFileType = sourcecode.swift; path = NetworkRequest.swift; sourceTree = "<group>"; };
		B5E8E47E27F18E7E006CED16 /* NetworkRequestTest.swift */ = {isa = PBXFileReference; lastKnownFileType = sourcecode.swift; path = NetworkRequestTest.swift; sourceTree = "<group>"; };
		B5E8E48027F18F22006CED16 /* NetworkApi.swift */ = {isa = PBXFileReference; lastKnownFileType = sourcecode.swift; path = NetworkApi.swift; sourceTree = "<group>"; };
		B5EA0E1125B67C38004783C1 /* AppSandBox.swift */ = {isa = PBXFileReference; fileEncoding = 4; lastKnownFileType = sourcecode.swift; path = AppSandBox.swift; sourceTree = "<group>"; };
		B5F520922704615E00BACB9C /* VideoPlayController.swift */ = {isa = PBXFileReference; lastKnownFileType = sourcecode.swift; path = VideoPlayController.swift; sourceTree = "<group>"; };
		B5F838FE26982D8E0001C484 /* 温柔女声.mp3 */ = {isa = PBXFileReference; lastKnownFileType = audio.mp3; path = "温柔女声.mp3"; sourceTree = "<group>"; };
		B5FB4F26257A365E007F1238 /* WebPreviewController.swift */ = {isa = PBXFileReference; lastKnownFileType = sourcecode.swift; path = WebPreviewController.swift; sourceTree = "<group>"; };
		B5FB4FBC257DC20A007F1238 /* EasyAdScrollController.swift */ = {isa = PBXFileReference; lastKnownFileType = sourcecode.swift; path = EasyAdScrollController.swift; sourceTree = "<group>"; };
		B5FF3853280EA0B70063BF26 /* MVVM.swift */ = {isa = PBXFileReference; lastKnownFileType = sourcecode.swift; path = MVVM.swift; sourceTree = "<group>"; };
		CA78FCF42199CA49DD9F7856 /* HBSwiftKit.podspec */ = {isa = PBXFileReference; includeInIndex = 1; lastKnownFileType = text; name = HBSwiftKit.podspec; path = ../HBSwiftKit.podspec; sourceTree = "<group>"; xcLanguageSpecificationIdentifier = xcode.lang.ruby; };
		E2964227EA3A41F6AFF29697 /* Pods-HBSwiftKit_Example.debug.xcconfig */ = {isa = PBXFileReference; includeInIndex = 1; lastKnownFileType = text.xcconfig; name = "Pods-HBSwiftKit_Example.debug.xcconfig"; path = "Target Support Files/Pods-HBSwiftKit_Example/Pods-HBSwiftKit_Example.debug.xcconfig"; sourceTree = "<group>"; };
		E6A4E648BABE1DD5BC725B0F /* Pods-HBSwiftKit_Tests.debug.xcconfig */ = {isa = PBXFileReference; includeInIndex = 1; lastKnownFileType = text.xcconfig; name = "Pods-HBSwiftKit_Tests.debug.xcconfig"; path = "Target Support Files/Pods-HBSwiftKit_Tests/Pods-HBSwiftKit_Tests.debug.xcconfig"; sourceTree = "<group>"; };
/* End PBXFileReference section */

/* Begin PBXFrameworksBuildPhase section */
		607FACCD1AFB9204008FA782 /* Frameworks */ = {
			isa = PBXFrameworksBuildPhase;
			buildActionMask = 2147483647;
			files = (
				FE480E90E2CA32C49FC5A2F3 /* Pods_HBSwiftKit_Example.framework in Frameworks */,
			);
			runOnlyForDeploymentPostprocessing = 0;
		};
		B53D56FD26268EBE001D0BC0 /* Frameworks */ = {
			isa = PBXFrameworksBuildPhase;
			buildActionMask = 2147483647;
			files = (
			);
			runOnlyForDeploymentPostprocessing = 0;
		};
		B5E0A44226269729005D248D /* Frameworks */ = {
			isa = PBXFrameworksBuildPhase;
			buildActionMask = 2147483647;
			files = (
				0630D2901133ACAA226C5EF5 /* Pods_HBSwiftKit_Tests.framework in Frameworks */,
			);
			runOnlyForDeploymentPostprocessing = 0;
		};
/* End PBXFrameworksBuildPhase section */

/* Begin PBXGroup section */
		0FA554FAA0A4336FBD9D491B /* Pods */ = {
			isa = PBXGroup;
			children = (
				E2964227EA3A41F6AFF29697 /* Pods-HBSwiftKit_Example.debug.xcconfig */,
				60A90EE9A7E1640E361223EE /* Pods-HBSwiftKit_Example.release.xcconfig */,
				E6A4E648BABE1DD5BC725B0F /* Pods-HBSwiftKit_Tests.debug.xcconfig */,
				9A8871220770A8D795C87930 /* Pods-HBSwiftKit_Tests.release.xcconfig */,
			);
			path = Pods;
			sourceTree = "<group>";
		};
		18B671972B3BBFC600793476 /* Extension */ = {
			isa = PBXGroup;
			children = (
				18B671982B3BBFC600793476 /* Extension+TextField.swift */,
			);
			path = Extension;
			sourceTree = "<group>";
		};
		18C2FDFF2AFC8CFD00AB8450 /* Configs */ = {
			isa = PBXGroup;
			children = (
				18C2FE002AFC8D0C00AB8450 /* .swiftlint.yml */,
			);
			path = Configs;
			sourceTree = "<group>";
		};
		607FACC71AFB9204008FA782 = {
			isa = PBXGroup;
			children = (
				607FACF51AFB993E008FA782 /* Podspec Metadata */,
				607FACD21AFB9204008FA782 /* Example for HBSwiftKit */,
				B53D570126268EBE001D0BC0 /* HBSwiftKit_UITests */,
				B5E0A44626269729005D248D /* HBSwiftKit_Tests */,
				607FACD11AFB9204008FA782 /* Products */,
				0FA554FAA0A4336FBD9D491B /* Pods */,
				9DA1DB6E9E42FDB28DE733F7 /* Frameworks */,
			);
			sourceTree = "<group>";
		};
		607FACD11AFB9204008FA782 /* Products */ = {
			isa = PBXGroup;
			children = (
				607FACD01AFB9204008FA782 /* HBSwiftKit_Example.app */,
				B53D570026268EBE001D0BC0 /* HBSwiftKit_UITests.xctest */,
				B5E0A44526269729005D248D /* HBSwiftKit_Tests.xctest */,
			);
			name = Products;
			sourceTree = "<group>";
		};
		607FACD21AFB9204008FA782 /* Example for HBSwiftKit */ = {
			isa = PBXGroup;
			children = (
				18C2FDFF2AFC8CFD00AB8450 /* Configs */,
				B5E1D8E3256282C80093AC4C /* ExampleList */,
				18B671972B3BBFC600793476 /* Extension */,
				B5E1D8E7256283400093AC4C /* Global */,
				B5E1D8E62562831C0093AC4C /* Resources */,
				607FACD31AFB9204008FA782 /* Supporting Files */,
				B5EA0E0825B67AD6004783C1 /* Vendors */,
			);
			name = "Example for HBSwiftKit";
			path = HBSwiftKit;
			sourceTree = "<group>";
		};
		607FACD31AFB9204008FA782 /* Supporting Files */ = {
			isa = PBXGroup;
			children = (
				B557084F27225E5500C22CD4 /* .swiftlint.yml */,
				607FACD41AFB9204008FA782 /* Info.plist */,
			);
			name = "Supporting Files";
			sourceTree = "<group>";
		};
		607FACF51AFB993E008FA782 /* Podspec Metadata */ = {
			isa = PBXGroup;
			children = (
				CA78FCF42199CA49DD9F7856 /* HBSwiftKit.podspec */,
				5217653375CCE7602F1DA3F5 /* README.md */,
				5CA296E7E757B6B9CCC2CB2F /* LICENSE */,
			);
			name = "Podspec Metadata";
			sourceTree = "<group>";
		};
		9DA1DB6E9E42FDB28DE733F7 /* Frameworks */ = {
			isa = PBXGroup;
			children = (
				B5E0A4292626948F005D248D /* HBSwiftKit.framework */,
				B5E0A41826269421005D248D /* XCTest.framework */,
				4845C4375F7293ACE69A0714 /* Pods_HBSwiftKit_Example.framework */,
				12F5E5A4DC30D6A96A4CC4E3 /* Pods_HBSwiftKit_Tests.framework */,
			);
			name = Frameworks;
			sourceTree = "<group>";
		};
		B500558027C375A700467E55 /* LightAttrPickerView */ = {
			isa = PBXGroup;
			children = (
				B50055BC27C375CD00467E55 /* src_xy */,
				B50055BA27C375CD00467E55 /* src_hsv */,
				B50055BB27C375CD00467E55 /* src_temp */,
				B500558127C375A700467E55 /* LightAttrPickerView.swift */,
				B500558327C375A700467E55 /* LightAttrPickerView+Views.swift */,
			);
			path = LightAttrPickerView;
			sourceTree = "<group>";
		};
		B533677026E84FED0009B60F /* 视频剪辑页 */ = {
			isa = PBXGroup;
			children = (
				B533677226E852550009B60F /* VideoCropController.swift */,
				B5825E2D26F04D7D00539866 /* VideoFrameView.swift */,
				B5825E3226F0877C00539866 /* VideoCropView.swift */,
				B5825E3726F087FA00539866 /* VideoTimeView.swift */,
				B5825E3C26F0884F00539866 /* VideoToolView.swift */,
			);
			path = "视频剪辑页";
			sourceTree = "<group>";
		};
		B5389B2725EE1BB900ED67F9 /* 日历选择器 */ = {
			isa = PBXGroup;
			children = (
				B5389B2625EE1BB900ED67F9 /* Wto_Calendar.swift */,
			);
			path = "日历选择器";
			sourceTree = "<group>";
		};
		B53D570126268EBE001D0BC0 /* HBSwiftKit_UITests */ = {
			isa = PBXGroup;
			children = (
				B53D570226268EBE001D0BC0 /* HBSwiftKit_UITests.swift */,
				B53D570426268EBE001D0BC0 /* Info.plist */,
			);
			path = HBSwiftKit_UITests;
			sourceTree = "<group>";
		};
		B54DE3B2275EF14C00BBDE0B /* 信号检测器 */ = {
			isa = PBXGroup;
			children = (
				B54DE3B3275EF2C400BBDE0B /* SignalPlateView.swift */,
				B54DE3B5275F4C4100BBDE0B /* SignalMarkView.swift */,
			);
			path = "信号检测器";
			sourceTree = "<group>";
		};
		B54DF449273E5A7F00F564FB /* 色盘选择器 */ = {
			isa = PBXGroup;
			children = (
				B500558027C375A700467E55 /* LightAttrPickerView */,
				B5BEA1AC2744B91F005B8F54 /* SlidePickerView.swift */,
			);
			path = "色盘选择器";
			sourceTree = "<group>";
		};
		B56D8C6D27CF5FC30032EA97 /* CombinedChart */ = {
			isa = PBXGroup;
			children = (
				B56D8C6F27CF5FC30032EA97 /* BalloonMarker.swift */,
				B56D8C7027CF5FC30032EA97 /* Wto_CombinedChart.swift */,
			);
			path = CombinedChart;
			sourceTree = "<group>";
		};
		B5887FA3264CD719003C1896 /* 双列表关联 */ = {
			isa = PBXGroup;
			children = (
				B56F68A1264B8AF400FD62CF /* duallist.json */,
				B56F689C264B8AB300FD62CF /* DualListView.swift */,
			);
			path = "双列表关联";
			sourceTree = "<group>";
		};
		B595A8CD27CCB00B007EF16E /* 临时验证类 */ = {
			isa = PBXGroup;
			children = (
				B557E4DA2631304800C62147 /* ThemeStyle.swift */,
				1FF02B7726F22DF100A3A341 /* GlobalNoti.swift */,
				B5463259280010410026662F /* DesignMode.swift */,
				B5FF3853280EA0B70063BF26 /* MVVM.swift */,
				B546325B2803B7950026662F /* Arithmetic.swift */,
				B5E8E47A27EEBEAA006CED16 /* NetworkExtension.swift */,
				B56D8C6B27CF29E90032EA97 /* YTTabController.swift */,
				B5CC7A3B25E88D2400D263B4 /* UIKitTestController.swift */,
				B595A8CB27C866EA007EF16E /* RegexHelper.swift */,
				B595A8D627CCB154007EF16E /* StarRateView.swift */,
				B546BFB427F442D9006EA745 /* ViewReusePool.swift */,
				B546BFB627F455C5006EA745 /* IndexTableView.swift */,
			);
			path = "临时验证类";
			sourceTree = "<group>";
		};
		B595A8CE27CCB031007EF16E /* 三方依赖类 */ = {
			isa = PBXGroup;
			children = (
				B56D8C6D27CF5FC30032EA97 /* CombinedChart */,
				B595A8CF27CCB07E007EF16E /* LoggerManager */,
				B5E2817727F2A75C000761FD /* NetworkManager */,
			);
			path = "三方依赖类";
			sourceTree = "<group>";
		};
		B595A8CF27CCB07E007EF16E /* LoggerManager */ = {
			isa = PBXGroup;
			children = (
				B595A8D027CCB07E007EF16E /* LoggerManager.swift */,
				B595A8D127CCB07E007EF16E /* LoggerAssistant.swift */,
				B595A8D227CCB07E007EF16E /* LoggerListController.swift */,
			);
			name = LoggerManager;
			path = ../../../../HBSwiftKit/Utils/LoggerManager;
			sourceTree = "<group>";
		};
		B5C6C5C225ECCA0E00C88C1C /* 高级筛选器 */ = {
			isa = PBXGroup;
			children = (
				B5CC7A4525E88F1400D263B4 /* AdvancedFilter.swift */,
			);
			path = "高级筛选器";
			sourceTree = "<group>";
		};
		B5C6C5C325ECCADF00C88C1C /* 简易刻度尺 */ = {
			isa = PBXGroup;
			children = (
				B5C6C5C625ECCE7700C88C1C /* SliderRuler.swift */,
			);
			path = "简易刻度尺";
			sourceTree = "<group>";
		};
		B5C6C5CF25ECD08900C88C1C /* 列表左滑改 */ = {
			isa = PBXGroup;
			children = (
				B5C6C5CE25ECD08900C88C1C /* EditTableView.swift */,
			);
			path = "列表左滑改";
			sourceTree = "<group>";
		};
		B5C6C5DA25ECD19A00C88C1C /* 简易轮播页 */ = {
			isa = PBXGroup;
			children = (
				B5C6C5FC25ECD4F100C88C1C /* EasyAdScrollTool.swift */,
			);
			path = "简易轮播页";
			sourceTree = "<group>";
		};
		B5C6C5DF25ECD1BD00C88C1C /* 照片浏览器 */ = {
			isa = PBXGroup;
			children = (
				B5C6C5DE25ECD1BD00C88C1C /* Wto_ImageBrower.swift */,
			);
			path = "照片浏览器";
			sourceTree = "<group>";
		};
		B5C6C5E125ECD1C400C88C1C /* 主题适配器 */ = {
			isa = PBXGroup;
			children = (
				B5C6C5E025ECD1C400C88C1C /* Wto_ThemeMode.swift */,
			);
			path = "主题适配器";
			sourceTree = "<group>";
		};
		B5E0A44626269729005D248D /* HBSwiftKit_Tests */ = {
			isa = PBXGroup;
			children = (
				B518517526269E340013A973 /* Quick+NimbleTest.swift */,
				B5E8E47E27F18E7E006CED16 /* NetworkRequestTest.swift */,
				B5E0A44926269729005D248D /* Info.plist */,
			);
			path = HBSwiftKit_Tests;
			sourceTree = "<group>";
		};
		B5E1D8E3256282C80093AC4C /* ExampleList */ = {
			isa = PBXGroup;
			children = (
				B5BAC828255A7818005A5179 /* ImageBrowerController.swift */,
				B5BAC829255A7818005A5179 /* NumberPickerController.swift */,
				B5BAC82A255A7818005A5179 /* CalendarPickerController.swift */,
				B5BAC82B255A7818005A5179 /* BlueToothController.swift */,
				4207008E2A4D7D1900039415 /* BLEAdapter.swift */,
				184A4E802B1D656D00CECCD6 /* LTDatePicker.swift */,
				184A4E7F2B1D656D00CECCD6 /* SCDataPicker.swift */,
				B5BAC82C255A7818005A5179 /* DatePickerController.swift */,
				B5FB4FBC257DC20A007F1238 /* EasyAdScrollController.swift */,
				B5FB4F26257A365E007F1238 /* WebPreviewController.swift */,
				B541412C268EAF06008CE14B /* MapLocationController.swift */,
				B5832B1F270FD6EE0084C78E /* VideoTestController.swift */,
				B5F520922704615E00BACB9C /* VideoPlayController.swift */,
				B595A8CD27CCB00B007EF16E /* 临时验证类 */,
				B5E4AABE27F5546E00D84C78 /* 遥控方向盘 */,
				B595A8CE27CCB031007EF16E /* 三方依赖类 */,
				B54DE3B2275EF14C00BBDE0B /* 信号检测器 */,
				B54DF449273E5A7F00F564FB /* 色盘选择器 */,
				B533677026E84FED0009B60F /* 视频剪辑页 */,
				B5887FA3264CD719003C1896 /* 双列表关联 */,
				B5C6C5DA25ECD19A00C88C1C /* 简易轮播页 */,
				B5C6C5E125ECD1C400C88C1C /* 主题适配器 */,
				B5C6C5DF25ECD1BD00C88C1C /* 照片浏览器 */,
				B5389B2725EE1BB900ED67F9 /* 日历选择器 */,
				B5C6C5C325ECCADF00C88C1C /* 简易刻度尺 */,
				B5C6C5C225ECCA0E00C88C1C /* 高级筛选器 */,
				B5C6C5CF25ECD08900C88C1C /* 列表左滑改 */,
			);
			path = ExampleList;
			sourceTree = "<group>";
		};
		B5E1D8E62562831C0093AC4C /* Resources */ = {
			isa = PBXGroup;
			children = (
				B5F838FE26982D8E0001C484 /* 温柔女声.mp3 */,
				B5557A3426706188007F5B44 /* loading.gif */,
				B5389B7825EF8FB400ED67F9 /* R.generated.swift */,
				B575D5F825A9900C0068EB19 /* help_cn.html */,
				B575D5F725A9900C0068EB19 /* help_es.html */,
				B5D55404261D40AE007A20F5 /* jstest.html */,
				607FACDC1AFB9204008FA782 /* Images.xcassets */,
				B5BAC834255A7875005A5179 /* images.json */,
				B5CC7A4925E8989300D263B4 /* advfilterdata.json */,
				B5DCC71325F3266D007E3237 /* areacode.plist */,
				B5DCC71725F3274D007E3237 /* areacode.json */,
				607FACD91AFB9204008FA782 /* Main.storyboard */,
				B5389B8825EF913E00ED67F9 /* LaunchScreen.storyboard */,
			);
			path = Resources;
			sourceTree = "<group>";
		};
		B5E1D8E7256283400093AC4C /* Global */ = {
			isa = PBXGroup;
			children = (
				607FACD51AFB9204008FA782 /* AppDelegate.swift */,
				607FACD71AFB9204008FA782 /* ViewController.swift */,
				B5BAC85B255A7C0C005A5179 /* HBSwiftKit_Example-Bridging-Header.h */,
			);
			path = Global;
			sourceTree = "<group>";
		};
		B5E2817727F2A75C000761FD /* NetworkManager */ = {
			isa = PBXGroup;
			children = (
				B5565E8D27C5BF34001A1A22 /* NetworkReachability.swift */,
				B5E8E47C27F14E6A006CED16 /* NetworkRequest.swift */,
				B5E2817527F1BF42000761FD /* NetworkPlugins.swift */,
				B5E8E48027F18F22006CED16 /* NetworkApi.swift */,
			);
			path = NetworkManager;
			sourceTree = "<group>";
		};
		B5E4AABE27F5546E00D84C78 /* 遥控方向盘 */ = {
			isa = PBXGroup;
			children = (
				B5E4AABF27F5585300D84C78 /* SteerWheelView.swift */,
			);
			path = "遥控方向盘";
			sourceTree = "<group>";
		};
		B5EA0E0825B67AD6004783C1 /* Vendors */ = {
			isa = PBXGroup;
			children = (
				B5EA0E1125B67C38004783C1 /* AppSandBox.swift */,
				B58F80AD273CB51500C778D5 /* OpenCVWrapper.h */,
				B58F80AC273CB51500C778D5 /* OpenCVWrapper.mm */,
				B58F80AB273CB4ED00C778D5 /* wechat_qrcode.zip */,
			);
			path = Vendors;
			sourceTree = "<group>";
		};
/* End PBXGroup section */

/* Begin PBXNativeTarget section */
		607FACCF1AFB9204008FA782 /* HBSwiftKit_Example */ = {
			isa = PBXNativeTarget;
			buildConfigurationList = 607FACEF1AFB9204008FA782 /* Build configuration list for PBXNativeTarget "HBSwiftKit_Example" */;
			buildPhases = (
				1C76D0BD4C3D0529B7EB92FB /* [CP] Check Pods Manifest.lock */,
				B5389B6325EF8B9C00ED67F9 /* ShellScript */,
				607FACCC1AFB9204008FA782 /* Sources */,
				607FACCD1AFB9204008FA782 /* Frameworks */,
				607FACCE1AFB9204008FA782 /* Resources */,
				094DE57F969A1402C93947DB /* [CP] Embed Pods Frameworks */,
				B5B931D0272160F30028EA76 /* ShellScript */,
			);
			buildRules = (
			);
			dependencies = (
			);
			name = HBSwiftKit_Example;
			productName = HBSwiftKit;
			productReference = 607FACD01AFB9204008FA782 /* HBSwiftKit_Example.app */;
			productType = "com.apple.product-type.application";
		};
		B53D56FF26268EBE001D0BC0 /* HBSwiftKit_UITests */ = {
			isa = PBXNativeTarget;
			buildConfigurationList = B53D570926268EBE001D0BC0 /* Build configuration list for PBXNativeTarget "HBSwiftKit_UITests" */;
			buildPhases = (
				B53D56FC26268EBE001D0BC0 /* Sources */,
				B53D56FD26268EBE001D0BC0 /* Frameworks */,
				B53D56FE26268EBE001D0BC0 /* Resources */,
			);
			buildRules = (
			);
			dependencies = (
				B53D570626268EBE001D0BC0 /* PBXTargetDependency */,
			);
			name = HBSwiftKit_UITests;
			productName = HBSwiftKit_UITests;
			productReference = B53D570026268EBE001D0BC0 /* HBSwiftKit_UITests.xctest */;
			productType = "com.apple.product-type.bundle.ui-testing";
		};
		B5E0A44426269729005D248D /* HBSwiftKit_Tests */ = {
			isa = PBXNativeTarget;
			buildConfigurationList = B5E0A44C26269729005D248D /* Build configuration list for PBXNativeTarget "HBSwiftKit_Tests" */;
			buildPhases = (
				4FEC3565B26246122C5A62FE /* [CP] Check Pods Manifest.lock */,
				B5E0A44126269729005D248D /* Sources */,
				B5E0A44226269729005D248D /* Frameworks */,
				B5E0A44326269729005D248D /* Resources */,
				A73BAFA447175BA0DCECA7CD /* [CP] Embed Pods Frameworks */,
			);
			buildRules = (
			);
			dependencies = (
				B5E0A44B26269729005D248D /* PBXTargetDependency */,
			);
			name = HBSwiftKit_Tests;
			productName = HBSwiftKit_Tests;
			productReference = B5E0A44526269729005D248D /* HBSwiftKit_Tests.xctest */;
			productType = "com.apple.product-type.bundle.unit-test";
		};
/* End PBXNativeTarget section */

/* Begin PBXProject section */
		607FACC81AFB9204008FA782 /* Project object */ = {
			isa = PBXProject;
			attributes = {
				LastSwiftUpdateCheck = 1230;
				LastUpgradeCheck = 0830;
				ORGANIZATIONNAME = CocoaPods;
				TargetAttributes = {
					607FACCF1AFB9204008FA782 = {
						CreatedOnToolsVersion = 6.3.1;
						LastSwiftMigration = 1200;
					};
					B53D56FF26268EBE001D0BC0 = {
						CreatedOnToolsVersion = 12.3;
						TestTargetID = 607FACCF1AFB9204008FA782;
					};
					B5E0A44426269729005D248D = {
						CreatedOnToolsVersion = 12.3;
						TestTargetID = 607FACCF1AFB9204008FA782;
					};
				};
			};
			buildConfigurationList = 607FACCB1AFB9204008FA782 /* Build configuration list for PBXProject "HBSwiftKit" */;
			compatibilityVersion = "Xcode 3.2";
			developmentRegion = en;
			hasScannedForEncodings = 0;
			knownRegions = (
				en,
				Base,
			);
			mainGroup = 607FACC71AFB9204008FA782;
			productRefGroup = 607FACD11AFB9204008FA782 /* Products */;
			projectDirPath = "";
			projectRoot = "";
			targets = (
				607FACCF1AFB9204008FA782 /* HBSwiftKit_Example */,
				B53D56FF26268EBE001D0BC0 /* HBSwiftKit_UITests */,
				B5E0A44426269729005D248D /* HBSwiftKit_Tests */,
			);
		};
/* End PBXProject section */

/* Begin PBXResourcesBuildPhase section */
		607FACCE1AFB9204008FA782 /* Resources */ = {
			isa = PBXResourcesBuildPhase;
			buildActionMask = 2147483647;
			files = (
				607FACDB1AFB9204008FA782 /* Main.storyboard in Resources */,
				B56F68A2264B8AF400FD62CF /* duallist.json in Resources */,
				B5389B8925EF913E00ED67F9 /* LaunchScreen.storyboard in Resources */,
				B5BAC835255A7875005A5179 /* images.json in Resources */,
				B5DCC71425F3266D007E3237 /* areacode.plist in Resources */,
				B5CC7A4A25E8989300D263B4 /* advfilterdata.json in Resources */,
				B5D55405261D40AE007A20F5 /* jstest.html in Resources */,
				B50055BE27C375CD00467E55 /* src_temp in Resources */,
				B575D5F925A9900C0068EB19 /* help_es.html in Resources */,
				B5557A3526706188007F5B44 /* loading.gif in Resources */,
				B50055BD27C375CD00467E55 /* src_hsv in Resources */,
				B557085027225E5500C22CD4 /* .swiftlint.yml in Resources */,
				607FACDD1AFB9204008FA782 /* Images.xcassets in Resources */,
				B5F8390226982D8E0001C484 /* 温柔女声.mp3 in Resources */,
				B50055BF27C375CD00467E55 /* src_xy in Resources */,
				B575D5FA25A9900C0068EB19 /* help_cn.html in Resources */,
			);
			runOnlyForDeploymentPostprocessing = 0;
		};
		B53D56FE26268EBE001D0BC0 /* Resources */ = {
			isa = PBXResourcesBuildPhase;
			buildActionMask = 2147483647;
			files = (
			);
			runOnlyForDeploymentPostprocessing = 0;
		};
		B5E0A44326269729005D248D /* Resources */ = {
			isa = PBXResourcesBuildPhase;
			buildActionMask = 2147483647;
			files = (
			);
			runOnlyForDeploymentPostprocessing = 0;
		};
/* End PBXResourcesBuildPhase section */

/* Begin PBXShellScriptBuildPhase section */
		094DE57F969A1402C93947DB /* [CP] Embed Pods Frameworks */ = {
			isa = PBXShellScriptBuildPhase;
			buildActionMask = 2147483647;
			files = (
			);
			inputPaths = (
				"${PODS_ROOT}/Target Support Files/Pods-HBSwiftKit_Example/Pods-HBSwiftKit_Example-frameworks.sh",
				"${BUILT_PRODUCTS_DIR}/Alamofire/Alamofire.framework",
				"${BUILT_PRODUCTS_DIR}/Charts/Charts.framework",
				"${BUILT_PRODUCTS_DIR}/CocoaLumberjack/CocoaLumberjack.framework",
				"${BUILT_PRODUCTS_DIR}/FLEX/FLEX.framework",
				"${BUILT_PRODUCTS_DIR}/GDPerformanceView-Swift/GDPerformanceView_Swift.framework",
				"${BUILT_PRODUCTS_DIR}/HBSwiftKit/HBSwiftKit.framework",
				"${BUILT_PRODUCTS_DIR}/Kingfisher/Kingfisher.framework",
				"${BUILT_PRODUCTS_DIR}/Moya/Moya.framework",
				"${BUILT_PRODUCTS_DIR}/ObjectMapper/ObjectMapper.framework",
				"${BUILT_PRODUCTS_DIR}/PromiseKit/PromiseKit.framework",
				"${BUILT_PRODUCTS_DIR}/R.swift.Library/Rswift.framework",
				"${BUILT_PRODUCTS_DIR}/SVProgressHUD/SVProgressHUD.framework",
				"${BUILT_PRODUCTS_DIR}/SnapKit/SnapKit.framework",
				"${BUILT_PRODUCTS_DIR}/SwiftAlgorithms/Algorithms.framework",
				"${BUILT_PRODUCTS_DIR}/Toast-Swift/Toast_Swift.framework",
			);
			name = "[CP] Embed Pods Frameworks";
			outputPaths = (
				"${TARGET_BUILD_DIR}/${FRAMEWORKS_FOLDER_PATH}/Alamofire.framework",
				"${TARGET_BUILD_DIR}/${FRAMEWORKS_FOLDER_PATH}/Charts.framework",
				"${TARGET_BUILD_DIR}/${FRAMEWORKS_FOLDER_PATH}/CocoaLumberjack.framework",
				"${TARGET_BUILD_DIR}/${FRAMEWORKS_FOLDER_PATH}/FLEX.framework",
				"${TARGET_BUILD_DIR}/${FRAMEWORKS_FOLDER_PATH}/GDPerformanceView_Swift.framework",
				"${TARGET_BUILD_DIR}/${FRAMEWORKS_FOLDER_PATH}/HBSwiftKit.framework",
				"${TARGET_BUILD_DIR}/${FRAMEWORKS_FOLDER_PATH}/Kingfisher.framework",
				"${TARGET_BUILD_DIR}/${FRAMEWORKS_FOLDER_PATH}/Moya.framework",
				"${TARGET_BUILD_DIR}/${FRAMEWORKS_FOLDER_PATH}/ObjectMapper.framework",
				"${TARGET_BUILD_DIR}/${FRAMEWORKS_FOLDER_PATH}/PromiseKit.framework",
				"${TARGET_BUILD_DIR}/${FRAMEWORKS_FOLDER_PATH}/Rswift.framework",
				"${TARGET_BUILD_DIR}/${FRAMEWORKS_FOLDER_PATH}/SVProgressHUD.framework",
				"${TARGET_BUILD_DIR}/${FRAMEWORKS_FOLDER_PATH}/SnapKit.framework",
				"${TARGET_BUILD_DIR}/${FRAMEWORKS_FOLDER_PATH}/Algorithms.framework",
				"${TARGET_BUILD_DIR}/${FRAMEWORKS_FOLDER_PATH}/Toast_Swift.framework",
			);
			runOnlyForDeploymentPostprocessing = 0;
			shellPath = /bin/sh;
			shellScript = "\"${PODS_ROOT}/Target Support Files/Pods-HBSwiftKit_Example/Pods-HBSwiftKit_Example-frameworks.sh\"\n";
			showEnvVarsInLog = 0;
		};
		1C76D0BD4C3D0529B7EB92FB /* [CP] Check Pods Manifest.lock */ = {
			isa = PBXShellScriptBuildPhase;
			buildActionMask = 2147483647;
			files = (
			);
			inputFileListPaths = (
			);
			inputPaths = (
				"${PODS_PODFILE_DIR_PATH}/Podfile.lock",
				"${PODS_ROOT}/Manifest.lock",
			);
			name = "[CP] Check Pods Manifest.lock";
			outputFileListPaths = (
			);
			outputPaths = (
				"$(DERIVED_FILE_DIR)/Pods-HBSwiftKit_Example-checkManifestLockResult.txt",
			);
			runOnlyForDeploymentPostprocessing = 0;
			shellPath = /bin/sh;
			shellScript = "diff \"${PODS_PODFILE_DIR_PATH}/Podfile.lock\" \"${PODS_ROOT}/Manifest.lock\" > /dev/null\nif [ $? != 0 ] ; then\n    # print error to STDERR\n    echo \"error: The sandbox is not in sync with the Podfile.lock. Run 'pod install' or update your CocoaPods installation.\" >&2\n    exit 1\nfi\n# This output is used by Xcode 'outputs' to avoid re-running this script phase.\necho \"SUCCESS\" > \"${SCRIPT_OUTPUT_FILE_0}\"\n";
			showEnvVarsInLog = 0;
		};
		4FEC3565B26246122C5A62FE /* [CP] Check Pods Manifest.lock */ = {
			isa = PBXShellScriptBuildPhase;
			buildActionMask = 2147483647;
			files = (
			);
			inputFileListPaths = (
			);
			inputPaths = (
				"${PODS_PODFILE_DIR_PATH}/Podfile.lock",
				"${PODS_ROOT}/Manifest.lock",
			);
			name = "[CP] Check Pods Manifest.lock";
			outputFileListPaths = (
			);
			outputPaths = (
				"$(DERIVED_FILE_DIR)/Pods-HBSwiftKit_Tests-checkManifestLockResult.txt",
			);
			runOnlyForDeploymentPostprocessing = 0;
			shellPath = /bin/sh;
			shellScript = "diff \"${PODS_PODFILE_DIR_PATH}/Podfile.lock\" \"${PODS_ROOT}/Manifest.lock\" > /dev/null\nif [ $? != 0 ] ; then\n    # print error to STDERR\n    echo \"error: The sandbox is not in sync with the Podfile.lock. Run 'pod install' or update your CocoaPods installation.\" >&2\n    exit 1\nfi\n# This output is used by Xcode 'outputs' to avoid re-running this script phase.\necho \"SUCCESS\" > \"${SCRIPT_OUTPUT_FILE_0}\"\n";
			showEnvVarsInLog = 0;
		};
		A73BAFA447175BA0DCECA7CD /* [CP] Embed Pods Frameworks */ = {
			isa = PBXShellScriptBuildPhase;
			buildActionMask = 2147483647;
			files = (
			);
			inputPaths = (
				"${PODS_ROOT}/Target Support Files/Pods-HBSwiftKit_Tests/Pods-HBSwiftKit_Tests-frameworks.sh",
				"${BUILT_PRODUCTS_DIR}/Nimble/Nimble.framework",
				"${BUILT_PRODUCTS_DIR}/Quick/Quick.framework",
			);
			name = "[CP] Embed Pods Frameworks";
			outputPaths = (
				"${TARGET_BUILD_DIR}/${FRAMEWORKS_FOLDER_PATH}/Nimble.framework",
				"${TARGET_BUILD_DIR}/${FRAMEWORKS_FOLDER_PATH}/Quick.framework",
			);
			runOnlyForDeploymentPostprocessing = 0;
			shellPath = /bin/sh;
			shellScript = "\"${PODS_ROOT}/Target Support Files/Pods-HBSwiftKit_Tests/Pods-HBSwiftKit_Tests-frameworks.sh\"\n";
			showEnvVarsInLog = 0;
		};
		B5389B6325EF8B9C00ED67F9 /* ShellScript */ = {
			isa = PBXShellScriptBuildPhase;
			alwaysOutOfDate = 1;
			buildActionMask = 2147483647;
			files = (
			);
			inputFileListPaths = (
			);
			inputPaths = (
				"$TEMP_DIR/rswift-lastrun",
			);
			outputFileListPaths = (
			);
			outputPaths = (
				$SRCROOT/HBSwiftKit/Resources/R.generated.swift,
			);
			runOnlyForDeploymentPostprocessing = 0;
			shellPath = /bin/sh;
			shellScript = "# Type a script or drag a script file from your workspace to insert its path.\n\"$SRCROOT/Pods/R.swift/rswift\" generate \"$SRCROOT/HBSwiftKit/Resources/R.generated.swift\"\n";
		};
		B5B931D0272160F30028EA76 /* ShellScript */ = {
			isa = PBXShellScriptBuildPhase;
			buildActionMask = 2147483647;
			files = (
			);
			inputFileListPaths = (
			);
			inputPaths = (
			);
			outputFileListPaths = (
			);
			outputPaths = (
			);
			runOnlyForDeploymentPostprocessing = 0;
			shellPath = /bin/sh;
			shellScript = "# Type a script or drag a script file from your workspace to insert its path.\nif which swiftlint >/dev/null; then\n  swiftlint\nelse\n  echo \"warning: SwiftLint not installed, download from https://github.com/realm/SwiftLint\"\nfi\n";
		};
/* End PBXShellScriptBuildPhase section */

/* Begin PBXSourcesBuildPhase section */
		607FACCC1AFB9204008FA782 /* Sources */ = {
			isa = PBXSourcesBuildPhase;
			buildActionMask = 2147483647;
			files = (
				B5C6C5EA25ECD38800C88C1C /* Wto_ImageBrower.swift in Sources */,
				B5E8E48227F19459006CED16 /* NetworkApi.swift in Sources */,
				B5F520932704615E00BACB9C /* VideoPlayController.swift in Sources */,
				B5825E2E26F04D7D00539866 /* VideoFrameView.swift in Sources */,
				B595A8D427CCB07F007EF16E /* LoggerAssistant.swift in Sources */,
				B5BAC830255A7818005A5179 /* BlueToothController.swift in Sources */,
				B56F689D264B8AB300FD62CF /* DualListView.swift in Sources */,
				B546BFB527F442D9006EA745 /* ViewReusePool.swift in Sources */,
				B5FB4F27257A365E007F1238 /* WebPreviewController.swift in Sources */,
				607FACD81AFB9204008FA782 /* ViewController.swift in Sources */,
				B5825E3326F0877C00539866 /* VideoCropView.swift in Sources */,
				B50055A427C375A700467E55 /* LightAttrPickerView.swift in Sources */,
				B56D8C7227CF5FC30032EA97 /* Wto_CombinedChart.swift in Sources */,
				B5E8E47B27EEBEAB006CED16 /* NetworkExtension.swift in Sources */,
				B5C6C5F925ECD3A000C88C1C /* EditTableView.swift in Sources */,
				B5832B20270FD6EE0084C78E /* VideoTestController.swift in Sources */,
				1FF02B7826F22DF100A3A341 /* GlobalNoti.swift in Sources */,
				B5E4AAC027F5585300D84C78 /* SteerWheelView.swift in Sources */,
				B5CC7A3C25E88D2400D263B4 /* UIKitTestController.swift in Sources */,
				184A4E812B1D656D00CECCD6 /* SCDataPicker.swift in Sources */,
				B541412D268EAF06008CE14B /* MapLocationController.swift in Sources */,
				184A4E822B1D656D00CECCD6 /* LTDatePicker.swift in Sources */,
				B5389B7925EF8FB400ED67F9 /* R.generated.swift in Sources */,
				B5825E3826F087FA00539866 /* VideoTimeView.swift in Sources */,
				B5825E3D26F0884F00539866 /* VideoToolView.swift in Sources */,
				B5C6C5FD25ECD4F100C88C1C /* EasyAdScrollTool.swift in Sources */,
				B5E2817627F1BF42000761FD /* NetworkPlugins.swift in Sources */,
				B5FF3854280EA0B70063BF26 /* MVVM.swift in Sources */,
				607FACD61AFB9204008FA782 /* AppDelegate.swift in Sources */,
				B5389B3225EE1D7100ED67F9 /* Wto_Calendar.swift in Sources */,
				B5C6C5C725ECCE7700C88C1C /* SliderRuler.swift in Sources */,
				B595A8D727CCB154007EF16E /* StarRateView.swift in Sources */,
				B58F80AE273CB51500C778D5 /* OpenCVWrapper.mm in Sources */,
				B557E4DB2631304900C62147 /* ThemeStyle.swift in Sources */,
				B5565E8E27C5BF34001A1A22 /* NetworkReachability.swift in Sources */,
				B54DE3B6275F4C4100BBDE0B /* SignalMarkView.swift in Sources */,
				B5BAC82E255A7818005A5179 /* NumberPickerController.swift in Sources */,
				B54DE3B4275EF2C400BBDE0B /* SignalPlateView.swift in Sources */,
				B50055A627C375A700467E55 /* LightAttrPickerView+Views.swift in Sources */,
				4207008F2A4D7D1900039415 /* BLEAdapter.swift in Sources */,
				B546BFB727F455C5006EA745 /* IndexTableView.swift in Sources */,
				B595A8D527CCB07F007EF16E /* LoggerListController.swift in Sources */,
				B5FB4FBD257DC20A007F1238 /* EasyAdScrollController.swift in Sources */,
				B5BAC831255A7818005A5179 /* DatePickerController.swift in Sources */,
				B5FEFA3B27462A6F00DA6999 /* SlidePickerView.swift in Sources */,
				B5BAC82D255A7818005A5179 /* ImageBrowerController.swift in Sources */,
				B5CC7A4625E88F1400D263B4 /* AdvancedFilter.swift in Sources */,
				B5E8E47D27F14E6A006CED16 /* NetworkRequest.swift in Sources */,
				B56D8C7127CF5FC30032EA97 /* BalloonMarker.swift in Sources */,
				18B671992B3BBFC600793476 /* Extension+TextField.swift in Sources */,
				B56D8C6C27CF29E90032EA97 /* YTTabController.swift in Sources */,
				B546325A280010420026662F /* DesignMode.swift in Sources */,
				B5BAC82F255A7818005A5179 /* CalendarPickerController.swift in Sources */,
				B5C6C5F325ECD39600C88C1C /* Wto_ThemeMode.swift in Sources */,
				B595A8D327CCB07F007EF16E /* LoggerManager.swift in Sources */,
				B595A8CC27C866EA007EF16E /* RegexHelper.swift in Sources */,
				B546325C2803B7960026662F /* Arithmetic.swift in Sources */,
				B533677326E852550009B60F /* VideoCropController.swift in Sources */,
			);
			runOnlyForDeploymentPostprocessing = 0;
		};
		B53D56FC26268EBE001D0BC0 /* Sources */ = {
			isa = PBXSourcesBuildPhase;
			buildActionMask = 2147483647;
			files = (
				B53D570326268EBE001D0BC0 /* HBSwiftKit_UITests.swift in Sources */,
			);
			runOnlyForDeploymentPostprocessing = 0;
		};
		B5E0A44126269729005D248D /* Sources */ = {
			isa = PBXSourcesBuildPhase;
			buildActionMask = 2147483647;
			files = (
				B5E8E47F27F18E7E006CED16 /* NetworkRequestTest.swift in Sources */,
				B518517626269E340013A973 /* Quick+NimbleTest.swift in Sources */,
			);
			runOnlyForDeploymentPostprocessing = 0;
		};
/* End PBXSourcesBuildPhase section */

/* Begin PBXTargetDependency section */
		B53D570626268EBE001D0BC0 /* PBXTargetDependency */ = {
			isa = PBXTargetDependency;
			target = 607FACCF1AFB9204008FA782 /* HBSwiftKit_Example */;
			targetProxy = B53D570526268EBE001D0BC0 /* PBXContainerItemProxy */;
		};
		B5E0A44B26269729005D248D /* PBXTargetDependency */ = {
			isa = PBXTargetDependency;
			target = 607FACCF1AFB9204008FA782 /* HBSwiftKit_Example */;
			targetProxy = B5E0A44A26269729005D248D /* PBXContainerItemProxy */;
		};
/* End PBXTargetDependency section */

/* Begin PBXVariantGroup section */
		607FACD91AFB9204008FA782 /* Main.storyboard */ = {
			isa = PBXVariantGroup;
			children = (
				607FACDA1AFB9204008FA782 /* Base */,
			);
			name = Main.storyboard;
			sourceTree = "<group>";
		};
/* End PBXVariantGroup section */

/* Begin XCBuildConfiguration section */
		607FACED1AFB9204008FA782 /* Debug */ = {
			isa = XCBuildConfiguration;
			buildSettings = {
				ALWAYS_SEARCH_USER_PATHS = NO;
				CLANG_CXX_LANGUAGE_STANDARD = "gnu++0x";
				CLANG_CXX_LIBRARY = "libc++";
				CLANG_ENABLE_MODULES = YES;
				CLANG_ENABLE_OBJC_ARC = YES;
				CLANG_WARN_BLOCK_CAPTURE_AUTORELEASING = YES;
				CLANG_WARN_BOOL_CONVERSION = YES;
				CLANG_WARN_COMMA = YES;
				CLANG_WARN_CONSTANT_CONVERSION = YES;
				CLANG_WARN_DIRECT_OBJC_ISA_USAGE = YES_ERROR;
				CLANG_WARN_EMPTY_BODY = YES;
				CLANG_WARN_ENUM_CONVERSION = YES;
				CLANG_WARN_INFINITE_RECURSION = YES;
				CLANG_WARN_INT_CONVERSION = YES;
				CLANG_WARN_NON_LITERAL_NULL_CONVERSION = YES;
				CLANG_WARN_OBJC_LITERAL_CONVERSION = YES;
				CLANG_WARN_OBJC_ROOT_CLASS = YES_ERROR;
				CLANG_WARN_RANGE_LOOP_ANALYSIS = YES;
				CLANG_WARN_STRICT_PROTOTYPES = YES;
				CLANG_WARN_SUSPICIOUS_MOVE = YES;
				CLANG_WARN_UNREACHABLE_CODE = YES;
				CLANG_WARN__DUPLICATE_METHOD_MATCH = YES;
				"CODE_SIGN_IDENTITY[sdk=iphoneos*]" = "iPhone Developer";
				COPY_PHASE_STRIP = NO;
				DEBUG_INFORMATION_FORMAT = "dwarf-with-dsym";
				ENABLE_STRICT_OBJC_MSGSEND = YES;
				ENABLE_TESTABILITY = YES;
				GCC_C_LANGUAGE_STANDARD = gnu99;
				GCC_DYNAMIC_NO_PIC = NO;
				GCC_NO_COMMON_BLOCKS = YES;
				GCC_OPTIMIZATION_LEVEL = 0;
				GCC_PREPROCESSOR_DEFINITIONS = (
					"DEBUG=1",
					"$(inherited)",
				);
				GCC_SYMBOLS_PRIVATE_EXTERN = NO;
				GCC_WARN_64_TO_32_BIT_CONVERSION = YES;
				GCC_WARN_ABOUT_RETURN_TYPE = YES_ERROR;
				GCC_WARN_UNDECLARED_SELECTOR = YES;
				GCC_WARN_UNINITIALIZED_AUTOS = YES_AGGRESSIVE;
				GCC_WARN_UNUSED_FUNCTION = YES;
				GCC_WARN_UNUSED_VARIABLE = YES;
				IPHONEOS_DEPLOYMENT_TARGET = 10.0;
				MTL_ENABLE_DEBUG_INFO = YES;
				ONLY_ACTIVE_ARCH = YES;
				SDKROOT = iphoneos;
				SWIFT_OPTIMIZATION_LEVEL = "-Onone";
			};
			name = Debug;
		};
		607FACEE1AFB9204008FA782 /* Release */ = {
			isa = XCBuildConfiguration;
			buildSettings = {
				ALWAYS_SEARCH_USER_PATHS = NO;
				CLANG_CXX_LANGUAGE_STANDARD = "gnu++0x";
				CLANG_CXX_LIBRARY = "libc++";
				CLANG_ENABLE_MODULES = YES;
				CLANG_ENABLE_OBJC_ARC = YES;
				CLANG_WARN_BLOCK_CAPTURE_AUTORELEASING = YES;
				CLANG_WARN_BOOL_CONVERSION = YES;
				CLANG_WARN_COMMA = YES;
				CLANG_WARN_CONSTANT_CONVERSION = YES;
				CLANG_WARN_DIRECT_OBJC_ISA_USAGE = YES_ERROR;
				CLANG_WARN_EMPTY_BODY = YES;
				CLANG_WARN_ENUM_CONVERSION = YES;
				CLANG_WARN_INFINITE_RECURSION = YES;
				CLANG_WARN_INT_CONVERSION = YES;
				CLANG_WARN_NON_LITERAL_NULL_CONVERSION = YES;
				CLANG_WARN_OBJC_LITERAL_CONVERSION = YES;
				CLANG_WARN_OBJC_ROOT_CLASS = YES_ERROR;
				CLANG_WARN_RANGE_LOOP_ANALYSIS = YES;
				CLANG_WARN_STRICT_PROTOTYPES = YES;
				CLANG_WARN_SUSPICIOUS_MOVE = YES;
				CLANG_WARN_UNREACHABLE_CODE = YES;
				CLANG_WARN__DUPLICATE_METHOD_MATCH = YES;
				"CODE_SIGN_IDENTITY[sdk=iphoneos*]" = "iPhone Developer";
				COPY_PHASE_STRIP = NO;
				DEBUG_INFORMATION_FORMAT = "dwarf-with-dsym";
				ENABLE_NS_ASSERTIONS = NO;
				ENABLE_STRICT_OBJC_MSGSEND = YES;
				GCC_C_LANGUAGE_STANDARD = gnu99;
				GCC_NO_COMMON_BLOCKS = YES;
				GCC_WARN_64_TO_32_BIT_CONVERSION = YES;
				GCC_WARN_ABOUT_RETURN_TYPE = YES_ERROR;
				GCC_WARN_UNDECLARED_SELECTOR = YES;
				GCC_WARN_UNINITIALIZED_AUTOS = YES_AGGRESSIVE;
				GCC_WARN_UNUSED_FUNCTION = YES;
				GCC_WARN_UNUSED_VARIABLE = YES;
				IPHONEOS_DEPLOYMENT_TARGET = 10.0;
				MTL_ENABLE_DEBUG_INFO = NO;
				SDKROOT = iphoneos;
				SWIFT_COMPILATION_MODE = wholemodule;
				SWIFT_OPTIMIZATION_LEVEL = "-O";
				VALIDATE_PRODUCT = YES;
			};
			name = Release;
		};
		607FACF01AFB9204008FA782 /* Debug */ = {
			isa = XCBuildConfiguration;
			baseConfigurationReference = E2964227EA3A41F6AFF29697 /* Pods-HBSwiftKit_Example.debug.xcconfig */;
			buildSettings = {
				ASSETCATALOG_COMPILER_APPICON_NAME = AppIcon;
				CLANG_ENABLE_MODULES = YES;
				CODE_SIGN_IDENTITY = "Apple Development";
				CODE_SIGN_STYLE = Automatic;
				DEVELOPMENT_TEAM = YTPNCWF278;
				INFOPLIST_FILE = HBSwiftKit/Info.plist;
				IPHONEOS_DEPLOYMENT_TARGET = 12.0;
				LD_RUNPATH_SEARCH_PATHS = (
					"$(inherited)",
					"@executable_path/Frameworks",
				);
				MARKETING_VERSION = 1.0.0;
				MODULE_NAME = ExampleApp;
				PRODUCT_BUNDLE_IDENTIFIER = "org.cocoapods.demo.HBSwiftKit-Example";
				PRODUCT_NAME = "$(TARGET_NAME)";
				PROVISIONING_PROFILE_SPECIFIER = "";
				SWIFT_OBJC_BRIDGING_HEADER = "HBSwiftKit/Global/HBSwiftKit_Example-Bridging-Header.h";
				SWIFT_OPTIMIZATION_LEVEL = "-Onone";
				SWIFT_SWIFT3_OBJC_INFERENCE = Default;
				SWIFT_VERSION = 5.0;
			};
			name = Debug;
		};
		607FACF11AFB9204008FA782 /* Release */ = {
			isa = XCBuildConfiguration;
			baseConfigurationReference = 60A90EE9A7E1640E361223EE /* Pods-HBSwiftKit_Example.release.xcconfig */;
			buildSettings = {
				ASSETCATALOG_COMPILER_APPICON_NAME = AppIcon;
				CLANG_ENABLE_MODULES = YES;
				CODE_SIGN_IDENTITY = "Apple Development";
				CODE_SIGN_STYLE = Automatic;
				DEVELOPMENT_TEAM = YTPNCWF278;
				INFOPLIST_FILE = HBSwiftKit/Info.plist;
				IPHONEOS_DEPLOYMENT_TARGET = 12.0;
				LD_RUNPATH_SEARCH_PATHS = (
					"$(inherited)",
					"@executable_path/Frameworks",
				);
				MARKETING_VERSION = 1.0.0;
				MODULE_NAME = ExampleApp;
				PRODUCT_BUNDLE_IDENTIFIER = "org.cocoapods.demo.HBSwiftKit-Example";
				PRODUCT_NAME = "$(TARGET_NAME)";
				PROVISIONING_PROFILE_SPECIFIER = "";
				SWIFT_OBJC_BRIDGING_HEADER = "HBSwiftKit/Global/HBSwiftKit_Example-Bridging-Header.h";
				SWIFT_SWIFT3_OBJC_INFERENCE = Default;
				SWIFT_VERSION = 5.0;
			};
			name = Release;
		};
		B53D570726268EBE001D0BC0 /* Debug */ = {
			isa = XCBuildConfiguration;
			buildSettings = {
				CLANG_ANALYZER_NONNULL = YES;
				CLANG_ANALYZER_NUMBER_OBJECT_CONVERSION = YES_AGGRESSIVE;
				CLANG_CXX_LANGUAGE_STANDARD = "gnu++14";
				CLANG_ENABLE_OBJC_WEAK = YES;
				CLANG_WARN_DEPRECATED_OBJC_IMPLEMENTATIONS = YES;
				CLANG_WARN_DOCUMENTATION_COMMENTS = YES;
				CLANG_WARN_OBJC_IMPLICIT_RETAIN_SELF = YES;
				CLANG_WARN_QUOTED_INCLUDE_IN_FRAMEWORK_HEADER = YES;
				CLANG_WARN_UNGUARDED_AVAILABILITY = YES_AGGRESSIVE;
				CODE_SIGN_STYLE = Automatic;
				DEBUG_INFORMATION_FORMAT = dwarf;
				DEVELOPMENT_TEAM = YTPNCWF278;
				GCC_C_LANGUAGE_STANDARD = gnu11;
				INFOPLIST_FILE = HBSwiftKit_UITests/Info.plist;
				IPHONEOS_DEPLOYMENT_TARGET = 12.0;
				LD_RUNPATH_SEARCH_PATHS = (
					"$(inherited)",
					"@executable_path/Frameworks",
					"@loader_path/Frameworks",
				);
				MTL_ENABLE_DEBUG_INFO = INCLUDE_SOURCE;
				MTL_FAST_MATH = YES;
				PRODUCT_BUNDLE_IDENTIFIER = "Hubin-Huang.HBSwiftKit-UITests";
				PRODUCT_NAME = "$(TARGET_NAME)";
				SWIFT_ACTIVE_COMPILATION_CONDITIONS = DEBUG;
				SWIFT_VERSION = 5.0;
				TARGETED_DEVICE_FAMILY = "1,2";
				TEST_TARGET_NAME = HBSwiftKit_Example;
			};
			name = Debug;
		};
		B53D570826268EBE001D0BC0 /* Release */ = {
			isa = XCBuildConfiguration;
			buildSettings = {
				CLANG_ANALYZER_NONNULL = YES;
				CLANG_ANALYZER_NUMBER_OBJECT_CONVERSION = YES_AGGRESSIVE;
				CLANG_CXX_LANGUAGE_STANDARD = "gnu++14";
				CLANG_ENABLE_OBJC_WEAK = YES;
				CLANG_WARN_DEPRECATED_OBJC_IMPLEMENTATIONS = YES;
				CLANG_WARN_DOCUMENTATION_COMMENTS = YES;
				CLANG_WARN_OBJC_IMPLICIT_RETAIN_SELF = YES;
				CLANG_WARN_QUOTED_INCLUDE_IN_FRAMEWORK_HEADER = YES;
				CLANG_WARN_UNGUARDED_AVAILABILITY = YES_AGGRESSIVE;
				CODE_SIGN_STYLE = Automatic;
				DEVELOPMENT_TEAM = YTPNCWF278;
				GCC_C_LANGUAGE_STANDARD = gnu11;
				INFOPLIST_FILE = HBSwiftKit_UITests/Info.plist;
				IPHONEOS_DEPLOYMENT_TARGET = 12.0;
				LD_RUNPATH_SEARCH_PATHS = (
					"$(inherited)",
					"@executable_path/Frameworks",
					"@loader_path/Frameworks",
				);
				MTL_FAST_MATH = YES;
				PRODUCT_BUNDLE_IDENTIFIER = "Hubin-Huang.HBSwiftKit-UITests";
				PRODUCT_NAME = "$(TARGET_NAME)";
				SWIFT_VERSION = 5.0;
				TARGETED_DEVICE_FAMILY = "1,2";
				TEST_TARGET_NAME = HBSwiftKit_Example;
			};
			name = Release;
		};
		B5E0A44D26269729005D248D /* Debug */ = {
			isa = XCBuildConfiguration;
			baseConfigurationReference = E6A4E648BABE1DD5BC725B0F /* Pods-HBSwiftKit_Tests.debug.xcconfig */;
			buildSettings = {
				BUNDLE_LOADER = "$(TEST_HOST)";
				CLANG_ANALYZER_NONNULL = YES;
				CLANG_ANALYZER_NUMBER_OBJECT_CONVERSION = YES_AGGRESSIVE;
				CLANG_CXX_LANGUAGE_STANDARD = "gnu++14";
				CLANG_ENABLE_OBJC_WEAK = YES;
				CLANG_WARN_DEPRECATED_OBJC_IMPLEMENTATIONS = YES;
				CLANG_WARN_DOCUMENTATION_COMMENTS = YES;
				CLANG_WARN_OBJC_IMPLICIT_RETAIN_SELF = YES;
				CLANG_WARN_QUOTED_INCLUDE_IN_FRAMEWORK_HEADER = YES;
				CLANG_WARN_UNGUARDED_AVAILABILITY = YES_AGGRESSIVE;
				CODE_SIGN_STYLE = Automatic;
				DEBUG_INFORMATION_FORMAT = dwarf;
				DEVELOPMENT_TEAM = YTPNCWF278;
				GCC_C_LANGUAGE_STANDARD = gnu11;
				INFOPLIST_FILE = HBSwiftKit_Tests/Info.plist;
				IPHONEOS_DEPLOYMENT_TARGET = 12.0;
				LD_RUNPATH_SEARCH_PATHS = (
					"$(inherited)",
					"@executable_path/Frameworks",
					"@loader_path/Frameworks",
				);
				MTL_ENABLE_DEBUG_INFO = INCLUDE_SOURCE;
				MTL_FAST_MATH = YES;
				PRODUCT_BUNDLE_IDENTIFIER = "Hubin-Huang.HBSwiftKit-Tests";
				PRODUCT_NAME = "$(TARGET_NAME)";
				SWIFT_ACTIVE_COMPILATION_CONDITIONS = DEBUG;
				SWIFT_VERSION = 5.0;
				TARGETED_DEVICE_FAMILY = "1,2";
				TEST_HOST = "$(BUILT_PRODUCTS_DIR)/HBSwiftKit_Example.app/HBSwiftKit_Example";
			};
			name = Debug;
		};
		B5E0A44E26269729005D248D /* Release */ = {
			isa = XCBuildConfiguration;
			baseConfigurationReference = 9A8871220770A8D795C87930 /* Pods-HBSwiftKit_Tests.release.xcconfig */;
			buildSettings = {
				BUNDLE_LOADER = "$(TEST_HOST)";
				CLANG_ANALYZER_NONNULL = YES;
				CLANG_ANALYZER_NUMBER_OBJECT_CONVERSION = YES_AGGRESSIVE;
				CLANG_CXX_LANGUAGE_STANDARD = "gnu++14";
				CLANG_ENABLE_OBJC_WEAK = YES;
				CLANG_WARN_DEPRECATED_OBJC_IMPLEMENTATIONS = YES;
				CLANG_WARN_DOCUMENTATION_COMMENTS = YES;
				CLANG_WARN_OBJC_IMPLICIT_RETAIN_SELF = YES;
				CLANG_WARN_QUOTED_INCLUDE_IN_FRAMEWORK_HEADER = YES;
				CLANG_WARN_UNGUARDED_AVAILABILITY = YES_AGGRESSIVE;
				CODE_SIGN_STYLE = Automatic;
				DEVELOPMENT_TEAM = YTPNCWF278;
				GCC_C_LANGUAGE_STANDARD = gnu11;
				INFOPLIST_FILE = HBSwiftKit_Tests/Info.plist;
				IPHONEOS_DEPLOYMENT_TARGET = 12.0;
				LD_RUNPATH_SEARCH_PATHS = (
					"$(inherited)",
					"@executable_path/Frameworks",
					"@loader_path/Frameworks",
				);
				MTL_FAST_MATH = YES;
				PRODUCT_BUNDLE_IDENTIFIER = "Hubin-Huang.HBSwiftKit-Tests";
				PRODUCT_NAME = "$(TARGET_NAME)";
				SWIFT_VERSION = 5.0;
				TARGETED_DEVICE_FAMILY = "1,2";
				TEST_HOST = "$(BUILT_PRODUCTS_DIR)/HBSwiftKit_Example.app/HBSwiftKit_Example";
			};
			name = Release;
		};
/* End XCBuildConfiguration section */

/* Begin XCConfigurationList section */
		607FACCB1AFB9204008FA782 /* Build configuration list for PBXProject "HBSwiftKit" */ = {
			isa = XCConfigurationList;
			buildConfigurations = (
				607FACED1AFB9204008FA782 /* Debug */,
				607FACEE1AFB9204008FA782 /* Release */,
			);
			defaultConfigurationIsVisible = 0;
			defaultConfigurationName = Release;
		};
		607FACEF1AFB9204008FA782 /* Build configuration list for PBXNativeTarget "HBSwiftKit_Example" */ = {
			isa = XCConfigurationList;
			buildConfigurations = (
				607FACF01AFB9204008FA782 /* Debug */,
				607FACF11AFB9204008FA782 /* Release */,
			);
			defaultConfigurationIsVisible = 0;
			defaultConfigurationName = Release;
		};
		B53D570926268EBE001D0BC0 /* Build configuration list for PBXNativeTarget "HBSwiftKit_UITests" */ = {
			isa = XCConfigurationList;
			buildConfigurations = (
				B53D570726268EBE001D0BC0 /* Debug */,
				B53D570826268EBE001D0BC0 /* Release */,
			);
			defaultConfigurationIsVisible = 0;
			defaultConfigurationName = Release;
		};
		B5E0A44C26269729005D248D /* Build configuration list for PBXNativeTarget "HBSwiftKit_Tests" */ = {
			isa = XCConfigurationList;
			buildConfigurations = (
				B5E0A44D26269729005D248D /* Debug */,
				B5E0A44E26269729005D248D /* Release */,
			);
			defaultConfigurationIsVisible = 0;
			defaultConfigurationName = Release;
		};
/* End XCConfigurationList section */
	};
	rootObject = 607FACC81AFB9204008FA782 /* Project object */;
}
