// !$*UTF8*$!
{
	archiveVersion = 1;
	classes = {
	};
	objectVersion = 51;
	objects = {

/* Begin PBXBuildFile section */
		707C70C630ECB7FF1FDF13FA /* Pods_HBSwiftKitExample.framework in Frameworks */ = {isa = PBXBuildFile; fileRef = 4CE14F8F5CBEBF10D37CD635 /* Pods_HBSwiftKitExample.framework */; };
		B53B30DC254FAE8C006D51AE /* AppDelegate.swift in Sources */ = {isa = PBXBuildFile; fileRef = B53B30DB254FAE8C006D51AE /* AppDelegate.swift */; };
		B53B30E0254FAE8C006D51AE /* ViewController.swift in Sources */ = {isa = PBXBuildFile; fileRef = B53B30DF254FAE8C006D51AE /* ViewController.swift */; };
		B53B30E3254FAE8C006D51AE /* Main.storyboard in Resources */ = {isa = PBXBuildFile; fileRef = B53B30E1254FAE8C006D51AE /* Main.storyboard */; };
		B53B30E5254FAE8F006D51AE /* Assets.xcassets in Resources */ = {isa = PBXBuildFile; fileRef = B53B30E4254FAE8F006D51AE /* Assets.xcassets */; };
		B53B30E8254FAE8F006D51AE /* LaunchScreen.storyboard in Resources */ = {isa = PBXBuildFile; fileRef = B53B30E6254FAE8F006D51AE /* LaunchScreen.storyboard */; };
		B53B30F3254FAE8F006D51AE /* HBSwiftKitExampleTests.swift in Sources */ = {isa = PBXBuildFile; fileRef = B53B30F2254FAE8F006D51AE /* HBSwiftKitExampleTests.swift */; };
		B53B30FE254FAE8F006D51AE /* HBSwiftKitExampleUITests.swift in Sources */ = {isa = PBXBuildFile; fileRef = B53B30FD254FAE8F006D51AE /* HBSwiftKitExampleUITests.swift */; };
		B53B314C254FAF9B006D51AE /* ImageBrowerController.swift in Sources */ = {isa = PBXBuildFile; fileRef = B53B3136254FAF9B006D51AE /* ImageBrowerController.swift */; };
		B53B314D254FAF9B006D51AE /* NumberPickerController.swift in Sources */ = {isa = PBXBuildFile; fileRef = B53B3137254FAF9B006D51AE /* NumberPickerController.swift */; };
		B53B314E254FAF9B006D51AE /* CalendarPickerController.swift in Sources */ = {isa = PBXBuildFile; fileRef = B53B3138254FAF9B006D51AE /* CalendarPickerController.swift */; };
		B53B314F254FAF9B006D51AE /* BlueToothController.swift in Sources */ = {isa = PBXBuildFile; fileRef = B53B3139254FAF9B006D51AE /* BlueToothController.swift */; };
		B53B3150254FAF9B006D51AE /* DatePickerController.swift in Sources */ = {isa = PBXBuildFile; fileRef = B53B313A254FAF9B006D51AE /* DatePickerController.swift */; };
		B53B3156254FAFBA006D51AE /* images.json in Resources */ = {isa = PBXBuildFile; fileRef = B53B3155254FAFBA006D51AE /* images.json */; };
		CFD0DCE361FBE1C40125A931 /* Pods_HBSwiftKitExample_HBSwiftKitExampleUITests.framework in Frameworks */ = {isa = PBXBuildFile; fileRef = D1A97A1FA4340AF278A3CD9D /* Pods_HBSwiftKitExample_HBSwiftKitExampleUITests.framework */; };
		D4A1BEC046F1E6E67A4114C2 /* Pods_HBSwiftKitExampleTests.framework in Frameworks */ = {isa = PBXBuildFile; fileRef = 4B596139D2D4EA650417539D /* Pods_HBSwiftKitExampleTests.framework */; };
/* End PBXBuildFile section */

/* Begin PBXContainerItemProxy section */
		B53B30EF254FAE8F006D51AE /* PBXContainerItemProxy */ = {
			isa = PBXContainerItemProxy;
			containerPortal = B53B30D0254FAE8C006D51AE /* Project object */;
			proxyType = 1;
			remoteGlobalIDString = B53B30D7254FAE8C006D51AE;
			remoteInfo = HBSwiftKitExample;
		};
		B53B30FA254FAE8F006D51AE /* PBXContainerItemProxy */ = {
			isa = PBXContainerItemProxy;
			containerPortal = B53B30D0254FAE8C006D51AE /* Project object */;
			proxyType = 1;
			remoteGlobalIDString = B53B30D7254FAE8C006D51AE;
			remoteInfo = HBSwiftKitExample;
		};
/* End PBXContainerItemProxy section */

/* Begin PBXFileReference section */
		4B596139D2D4EA650417539D /* Pods_HBSwiftKitExampleTests.framework */ = {isa = PBXFileReference; explicitFileType = wrapper.framework; includeInIndex = 0; path = Pods_HBSwiftKitExampleTests.framework; sourceTree = BUILT_PRODUCTS_DIR; };
		4CE14F8F5CBEBF10D37CD635 /* Pods_HBSwiftKitExample.framework */ = {isa = PBXFileReference; explicitFileType = wrapper.framework; includeInIndex = 0; path = Pods_HBSwiftKitExample.framework; sourceTree = BUILT_PRODUCTS_DIR; };
		8CF9D9879155D6BC28203D8F /* Pods-HBSwiftKitExample-HBSwiftKitExampleUITests.release.xcconfig */ = {isa = PBXFileReference; includeInIndex = 1; lastKnownFileType = text.xcconfig; name = "Pods-HBSwiftKitExample-HBSwiftKitExampleUITests.release.xcconfig"; path = "Target Support Files/Pods-HBSwiftKitExample-HBSwiftKitExampleUITests/Pods-HBSwiftKitExample-HBSwiftKitExampleUITests.release.xcconfig"; sourceTree = "<group>"; };
		8E0DF3F2C56BC79CCF498635 /* Pods-HBSwiftKitExample.release.xcconfig */ = {isa = PBXFileReference; includeInIndex = 1; lastKnownFileType = text.xcconfig; name = "Pods-HBSwiftKitExample.release.xcconfig"; path = "Target Support Files/Pods-HBSwiftKitExample/Pods-HBSwiftKitExample.release.xcconfig"; sourceTree = "<group>"; };
		AB6185FFA52FC22998C3689C /* Pods-HBSwiftKitExampleTests.debug.xcconfig */ = {isa = PBXFileReference; includeInIndex = 1; lastKnownFileType = text.xcconfig; name = "Pods-HBSwiftKitExampleTests.debug.xcconfig"; path = "Target Support Files/Pods-HBSwiftKitExampleTests/Pods-HBSwiftKitExampleTests.debug.xcconfig"; sourceTree = "<group>"; };
		B52BB2E825528C40002961EC /* HBSwiftKitExample-Bridging-Header.h */ = {isa = PBXFileReference; lastKnownFileType = sourcecode.c.h; path = "HBSwiftKitExample-Bridging-Header.h"; sourceTree = "<group>"; };
		B53B30D8254FAE8C006D51AE /* HBSwiftKitExample.app */ = {isa = PBXFileReference; explicitFileType = wrapper.application; includeInIndex = 0; path = HBSwiftKitExample.app; sourceTree = BUILT_PRODUCTS_DIR; };
		B53B30DB254FAE8C006D51AE /* AppDelegate.swift */ = {isa = PBXFileReference; lastKnownFileType = sourcecode.swift; path = AppDelegate.swift; sourceTree = "<group>"; };
		B53B30DF254FAE8C006D51AE /* ViewController.swift */ = {isa = PBXFileReference; lastKnownFileType = sourcecode.swift; path = ViewController.swift; sourceTree = "<group>"; };
		B53B30E2254FAE8C006D51AE /* Base */ = {isa = PBXFileReference; lastKnownFileType = file.storyboard; name = Base; path = Base.lproj/Main.storyboard; sourceTree = "<group>"; };
		B53B30E4254FAE8F006D51AE /* Assets.xcassets */ = {isa = PBXFileReference; lastKnownFileType = folder.assetcatalog; path = Assets.xcassets; sourceTree = "<group>"; };
		B53B30E7254FAE8F006D51AE /* Base */ = {isa = PBXFileReference; lastKnownFileType = file.storyboard; name = Base; path = Base.lproj/LaunchScreen.storyboard; sourceTree = "<group>"; };
		B53B30E9254FAE8F006D51AE /* Info.plist */ = {isa = PBXFileReference; lastKnownFileType = text.plist.xml; path = Info.plist; sourceTree = "<group>"; };
		B53B30EE254FAE8F006D51AE /* HBSwiftKitExampleTests.xctest */ = {isa = PBXFileReference; explicitFileType = wrapper.cfbundle; includeInIndex = 0; path = HBSwiftKitExampleTests.xctest; sourceTree = BUILT_PRODUCTS_DIR; };
		B53B30F2254FAE8F006D51AE /* HBSwiftKitExampleTests.swift */ = {isa = PBXFileReference; lastKnownFileType = sourcecode.swift; path = HBSwiftKitExampleTests.swift; sourceTree = "<group>"; };
		B53B30F4254FAE8F006D51AE /* Info.plist */ = {isa = PBXFileReference; lastKnownFileType = text.plist.xml; path = Info.plist; sourceTree = "<group>"; };
		B53B30F9254FAE8F006D51AE /* HBSwiftKitExampleUITests.xctest */ = {isa = PBXFileReference; explicitFileType = wrapper.cfbundle; includeInIndex = 0; path = HBSwiftKitExampleUITests.xctest; sourceTree = BUILT_PRODUCTS_DIR; };
		B53B30FD254FAE8F006D51AE /* HBSwiftKitExampleUITests.swift */ = {isa = PBXFileReference; lastKnownFileType = sourcecode.swift; path = HBSwiftKitExampleUITests.swift; sourceTree = "<group>"; };
		B53B30FF254FAE8F006D51AE /* Info.plist */ = {isa = PBXFileReference; lastKnownFileType = text.plist.xml; path = Info.plist; sourceTree = "<group>"; };
		B53B3136254FAF9B006D51AE /* ImageBrowerController.swift */ = {isa = PBXFileReference; fileEncoding = 4; lastKnownFileType = sourcecode.swift; path = ImageBrowerController.swift; sourceTree = "<group>"; };
		B53B3137254FAF9B006D51AE /* NumberPickerController.swift */ = {isa = PBXFileReference; fileEncoding = 4; lastKnownFileType = sourcecode.swift; path = NumberPickerController.swift; sourceTree = "<group>"; };
		B53B3138254FAF9B006D51AE /* CalendarPickerController.swift */ = {isa = PBXFileReference; fileEncoding = 4; lastKnownFileType = sourcecode.swift; path = CalendarPickerController.swift; sourceTree = "<group>"; };
		B53B3139254FAF9B006D51AE /* BlueToothController.swift */ = {isa = PBXFileReference; fileEncoding = 4; lastKnownFileType = sourcecode.swift; path = BlueToothController.swift; sourceTree = "<group>"; };
		B53B313A254FAF9B006D51AE /* DatePickerController.swift */ = {isa = PBXFileReference; fileEncoding = 4; lastKnownFileType = sourcecode.swift; path = DatePickerController.swift; sourceTree = "<group>"; };
		B53B3155254FAFBA006D51AE /* images.json */ = {isa = PBXFileReference; fileEncoding = 4; lastKnownFileType = text.json; path = images.json; sourceTree = "<group>"; };
		C8EC6916641668A0A7EA0ECD /* Pods-HBSwiftKitExample.debug.xcconfig */ = {isa = PBXFileReference; includeInIndex = 1; lastKnownFileType = text.xcconfig; name = "Pods-HBSwiftKitExample.debug.xcconfig"; path = "Target Support Files/Pods-HBSwiftKitExample/Pods-HBSwiftKitExample.debug.xcconfig"; sourceTree = "<group>"; };
		D0F62E156C551FF921EBC4F3 /* Pods-HBSwiftKitExample-HBSwiftKitExampleUITests.debug.xcconfig */ = {isa = PBXFileReference; includeInIndex = 1; lastKnownFileType = text.xcconfig; name = "Pods-HBSwiftKitExample-HBSwiftKitExampleUITests.debug.xcconfig"; path = "Target Support Files/Pods-HBSwiftKitExample-HBSwiftKitExampleUITests/Pods-HBSwiftKitExample-HBSwiftKitExampleUITests.debug.xcconfig"; sourceTree = "<group>"; };
		D1A97A1FA4340AF278A3CD9D /* Pods_HBSwiftKitExample_HBSwiftKitExampleUITests.framework */ = {isa = PBXFileReference; explicitFileType = wrapper.framework; includeInIndex = 0; path = Pods_HBSwiftKitExample_HBSwiftKitExampleUITests.framework; sourceTree = BUILT_PRODUCTS_DIR; };
		F0D21A09058B91F4886D801D /* Pods-HBSwiftKitExampleTests.release.xcconfig */ = {isa = PBXFileReference; includeInIndex = 1; lastKnownFileType = text.xcconfig; name = "Pods-HBSwiftKitExampleTests.release.xcconfig"; path = "Target Support Files/Pods-HBSwiftKitExampleTests/Pods-HBSwiftKitExampleTests.release.xcconfig"; sourceTree = "<group>"; };
/* End PBXFileReference section */

/* Begin PBXFrameworksBuildPhase section */
		B53B30D5254FAE8C006D51AE /* Frameworks */ = {
			isa = PBXFrameworksBuildPhase;
			buildActionMask = 2147483647;
			files = (
				707C70C630ECB7FF1FDF13FA /* Pods_HBSwiftKitExample.framework in Frameworks */,
			);
			runOnlyForDeploymentPostprocessing = 0;
		};
		B53B30EB254FAE8F006D51AE /* Frameworks */ = {
			isa = PBXFrameworksBuildPhase;
			buildActionMask = 2147483647;
			files = (
				D4A1BEC046F1E6E67A4114C2 /* Pods_HBSwiftKitExampleTests.framework in Frameworks */,
			);
			runOnlyForDeploymentPostprocessing = 0;
		};
		B53B30F6254FAE8F006D51AE /* Frameworks */ = {
			isa = PBXFrameworksBuildPhase;
			buildActionMask = 2147483647;
			files = (
				CFD0DCE361FBE1C40125A931 /* Pods_HBSwiftKitExample_HBSwiftKitExampleUITests.framework in Frameworks */,
			);
			runOnlyForDeploymentPostprocessing = 0;
		};
/* End PBXFrameworksBuildPhase section */

/* Begin PBXGroup section */
		2BDA29D14CC27B03DE4C8302 /* Frameworks */ = {
			isa = PBXGroup;
			children = (
				4CE14F8F5CBEBF10D37CD635 /* Pods_HBSwiftKitExample.framework */,
				D1A97A1FA4340AF278A3CD9D /* Pods_HBSwiftKitExample_HBSwiftKitExampleUITests.framework */,
				4B596139D2D4EA650417539D /* Pods_HBSwiftKitExampleTests.framework */,
			);
			name = Frameworks;
			sourceTree = "<group>";
		};
		67B2619570476466100A236F /* Pods */ = {
			isa = PBXGroup;
			children = (
				C8EC6916641668A0A7EA0ECD /* Pods-HBSwiftKitExample.debug.xcconfig */,
				8E0DF3F2C56BC79CCF498635 /* Pods-HBSwiftKitExample.release.xcconfig */,
				D0F62E156C551FF921EBC4F3 /* Pods-HBSwiftKitExample-HBSwiftKitExampleUITests.debug.xcconfig */,
				8CF9D9879155D6BC28203D8F /* Pods-HBSwiftKitExample-HBSwiftKitExampleUITests.release.xcconfig */,
				AB6185FFA52FC22998C3689C /* Pods-HBSwiftKitExampleTests.debug.xcconfig */,
				F0D21A09058B91F4886D801D /* Pods-HBSwiftKitExampleTests.release.xcconfig */,
			);
			path = Pods;
			sourceTree = "<group>";
		};
		B53B30CF254FAE8C006D51AE = {
			isa = PBXGroup;
			children = (
				B53B30DA254FAE8C006D51AE /* HBSwiftKitExample */,
				B53B30F1254FAE8F006D51AE /* HBSwiftKitExampleTests */,
				B53B30FC254FAE8F006D51AE /* HBSwiftKitExampleUITests */,
				B53B30D9254FAE8C006D51AE /* Products */,
				67B2619570476466100A236F /* Pods */,
				2BDA29D14CC27B03DE4C8302 /* Frameworks */,
			);
			sourceTree = "<group>";
		};
		B53B30D9254FAE8C006D51AE /* Products */ = {
			isa = PBXGroup;
			children = (
				B53B30D8254FAE8C006D51AE /* HBSwiftKitExample.app */,
				B53B30EE254FAE8F006D51AE /* HBSwiftKitExampleTests.xctest */,
				B53B30F9254FAE8F006D51AE /* HBSwiftKitExampleUITests.xctest */,
			);
			name = Products;
			sourceTree = "<group>";
		};
		B53B30DA254FAE8C006D51AE /* HBSwiftKitExample */ = {
			isa = PBXGroup;
			children = (
				B53B30DB254FAE8C006D51AE /* AppDelegate.swift */,
				B53B30DF254FAE8C006D51AE /* ViewController.swift */,
				B53B3135254FAF9B006D51AE /* Example */,
				B53B3154254FAFA1006D51AE /* Resource */,
			);
			path = HBSwiftKitExample;
			sourceTree = "<group>";
		};
		B53B30F1254FAE8F006D51AE /* HBSwiftKitExampleTests */ = {
			isa = PBXGroup;
			children = (
				B53B30F2254FAE8F006D51AE /* HBSwiftKitExampleTests.swift */,
				B53B30F4254FAE8F006D51AE /* Info.plist */,
			);
			path = HBSwiftKitExampleTests;
			sourceTree = "<group>";
		};
		B53B30FC254FAE8F006D51AE /* HBSwiftKitExampleUITests */ = {
			isa = PBXGroup;
			children = (
				B53B30FD254FAE8F006D51AE /* HBSwiftKitExampleUITests.swift */,
				B53B30FF254FAE8F006D51AE /* Info.plist */,
			);
			path = HBSwiftKitExampleUITests;
			sourceTree = "<group>";
		};
		B53B3135254FAF9B006D51AE /* Example */ = {
			isa = PBXGroup;
			children = (
				B53B3136254FAF9B006D51AE /* ImageBrowerController.swift */,
				B53B3137254FAF9B006D51AE /* NumberPickerController.swift */,
				B53B3138254FAF9B006D51AE /* CalendarPickerController.swift */,
				B53B3139254FAF9B006D51AE /* BlueToothController.swift */,
				B53B313A254FAF9B006D51AE /* DatePickerController.swift */,
			);
			path = Example;
			sourceTree = "<group>";
		};
		B53B3154254FAFA1006D51AE /* Resource */ = {
			isa = PBXGroup;
			children = (
				B53B30E4254FAE8F006D51AE /* Assets.xcassets */,
				B53B3155254FAFBA006D51AE /* images.json */,
				B53B30E1254FAE8C006D51AE /* Main.storyboard */,
				B53B30E6254FAE8F006D51AE /* LaunchScreen.storyboard */,
				B53B30E9254FAE8F006D51AE /* Info.plist */,
				B52BB2E825528C40002961EC /* HBSwiftKitExample-Bridging-Header.h */,
			);
			path = Resource;
			sourceTree = "<group>";
		};
/* End PBXGroup section */

/* Begin PBXNativeTarget section */
		B53B30D7254FAE8C006D51AE /* HBSwiftKitExample */ = {
			isa = PBXNativeTarget;
			buildConfigurationList = B53B3102254FAE8F006D51AE /* Build configuration list for PBXNativeTarget "HBSwiftKitExample" */;
			buildPhases = (
				9550B0C49AC2C7A408A24A30 /* [CP] Check Pods Manifest.lock */,
				B53B30D4254FAE8C006D51AE /* Sources */,
				B53B30D5254FAE8C006D51AE /* Frameworks */,
				B53B30D6254FAE8C006D51AE /* Resources */,
				64463697504D3428A659B375 /* [CP] Copy Pods Resources */,
			);
			buildRules = (
			);
			dependencies = (
			);
			name = HBSwiftKitExample;
			productName = HBSwiftKitExample;
			productReference = B53B30D8254FAE8C006D51AE /* HBSwiftKitExample.app */;
			productType = "com.apple.product-type.application";
		};
		B53B30ED254FAE8F006D51AE /* HBSwiftKitExampleTests */ = {
			isa = PBXNativeTarget;
			buildConfigurationList = B53B3105254FAE8F006D51AE /* Build configuration list for PBXNativeTarget "HBSwiftKitExampleTests" */;
			buildPhases = (
				1D5D021BFFB0653796511EA5 /* [CP] Check Pods Manifest.lock */,
				B53B30EA254FAE8F006D51AE /* Sources */,
				B53B30EB254FAE8F006D51AE /* Frameworks */,
				B53B30EC254FAE8F006D51AE /* Resources */,
			);
			buildRules = (
			);
			dependencies = (
				B53B30F0254FAE8F006D51AE /* PBXTargetDependency */,
			);
			name = HBSwiftKitExampleTests;
			productName = HBSwiftKitExampleTests;
			productReference = B53B30EE254FAE8F006D51AE /* HBSwiftKitExampleTests.xctest */;
			productType = "com.apple.product-type.bundle.unit-test";
		};
		B53B30F8254FAE8F006D51AE /* HBSwiftKitExampleUITests */ = {
			isa = PBXNativeTarget;
			buildConfigurationList = B53B3108254FAE8F006D51AE /* Build configuration list for PBXNativeTarget "HBSwiftKitExampleUITests" */;
			buildPhases = (
				F2968BC7E40AB9260D1B0E50 /* [CP] Check Pods Manifest.lock */,
				B53B30F5254FAE8F006D51AE /* Sources */,
				B53B30F6254FAE8F006D51AE /* Frameworks */,
				B53B30F7254FAE8F006D51AE /* Resources */,
				199DF4FF23197C455258622B /* [CP] Copy Pods Resources */,
			);
			buildRules = (
			);
			dependencies = (
				B53B30FB254FAE8F006D51AE /* PBXTargetDependency */,
			);
			name = HBSwiftKitExampleUITests;
			productName = HBSwiftKitExampleUITests;
			productReference = B53B30F9254FAE8F006D51AE /* HBSwiftKitExampleUITests.xctest */;
			productType = "com.apple.product-type.bundle.ui-testing";
		};
/* End PBXNativeTarget section */

/* Begin PBXProject section */
		B53B30D0254FAE8C006D51AE /* Project object */ = {
			isa = PBXProject;
			attributes = {
				LastSwiftUpdateCheck = 1200;
				LastUpgradeCheck = 1200;
				TargetAttributes = {
					B53B30D7254FAE8C006D51AE = {
						CreatedOnToolsVersion = 12.0.1;
						LastSwiftMigration = 1200;
					};
					B53B30ED254FAE8F006D51AE = {
						CreatedOnToolsVersion = 12.0.1;
						TestTargetID = B53B30D7254FAE8C006D51AE;
					};
					B53B30F8254FAE8F006D51AE = {
						CreatedOnToolsVersion = 12.0.1;
						TestTargetID = B53B30D7254FAE8C006D51AE;
					};
				};
			};
			buildConfigurationList = B53B30D3254FAE8C006D51AE /* Build configuration list for PBXProject "HBSwiftKitExample" */;
			compatibilityVersion = "Xcode 9.3";
			developmentRegion = en;
			hasScannedForEncodings = 0;
			knownRegions = (
				en,
				Base,
			);
			mainGroup = B53B30CF254FAE8C006D51AE;
			productRefGroup = B53B30D9254FAE8C006D51AE /* Products */;
			projectDirPath = "";
			projectRoot = "";
			targets = (
				B53B30D7254FAE8C006D51AE /* HBSwiftKitExample */,
				B53B30ED254FAE8F006D51AE /* HBSwiftKitExampleTests */,
				B53B30F8254FAE8F006D51AE /* HBSwiftKitExampleUITests */,
			);
		};
/* End PBXProject section */

/* Begin PBXResourcesBuildPhase section */
		B53B30D6254FAE8C006D51AE /* Resources */ = {
			isa = PBXResourcesBuildPhase;
			buildActionMask = 2147483647;
			files = (
				B53B30E8254FAE8F006D51AE /* LaunchScreen.storyboard in Resources */,
				B53B3156254FAFBA006D51AE /* images.json in Resources */,
				B53B30E5254FAE8F006D51AE /* Assets.xcassets in Resources */,
				B53B30E3254FAE8C006D51AE /* Main.storyboard in Resources */,
			);
			runOnlyForDeploymentPostprocessing = 0;
		};
		B53B30EC254FAE8F006D51AE /* Resources */ = {
			isa = PBXResourcesBuildPhase;
			buildActionMask = 2147483647;
			files = (
			);
			runOnlyForDeploymentPostprocessing = 0;
		};
		B53B30F7254FAE8F006D51AE /* Resources */ = {
			isa = PBXResourcesBuildPhase;
			buildActionMask = 2147483647;
			files = (
			);
			runOnlyForDeploymentPostprocessing = 0;
		};
/* End PBXResourcesBuildPhase section */

/* Begin PBXShellScriptBuildPhase section */
		199DF4FF23197C455258622B /* [CP] Copy Pods Resources */ = {
			isa = PBXShellScriptBuildPhase;
			buildActionMask = 2147483647;
			files = (
			);
			inputFileListPaths = (
				"${PODS_ROOT}/Target Support Files/Pods-HBSwiftKitExample-HBSwiftKitExampleUITests/Pods-HBSwiftKitExample-HBSwiftKitExampleUITests-resources-${CONFIGURATION}-input-files.xcfilelist",
			);
			name = "[CP] Copy Pods Resources";
			outputFileListPaths = (
				"${PODS_ROOT}/Target Support Files/Pods-HBSwiftKitExample-HBSwiftKitExampleUITests/Pods-HBSwiftKitExample-HBSwiftKitExampleUITests-resources-${CONFIGURATION}-output-files.xcfilelist",
			);
			runOnlyForDeploymentPostprocessing = 0;
			shellPath = /bin/sh;
			shellScript = "\"${PODS_ROOT}/Target Support Files/Pods-HBSwiftKitExample-HBSwiftKitExampleUITests/Pods-HBSwiftKitExample-HBSwiftKitExampleUITests-resources.sh\"\n";
			showEnvVarsInLog = 0;
		};
		1D5D021BFFB0653796511EA5 /* [CP] Check Pods Manifest.lock */ = {
			isa = PBXShellScriptBuildPhase;
			buildActionMask = 2147483647;
			files = (
			);
			inputFileListPaths = (
			);
			inputPaths = (
				"${PODS_PODFILE_DIR_PATH}/Podfile.lock",
				"${PODS_ROOT}/Manifest.lock",
			);
			name = "[CP] Check Pods Manifest.lock";
			outputFileListPaths = (
			);
			outputPaths = (
				"$(DERIVED_FILE_DIR)/Pods-HBSwiftKitExampleTests-checkManifestLockResult.txt",
			);
			runOnlyForDeploymentPostprocessing = 0;
			shellPath = /bin/sh;
			shellScript = "diff \"${PODS_PODFILE_DIR_PATH}/Podfile.lock\" \"${PODS_ROOT}/Manifest.lock\" > /dev/null\nif [ $? != 0 ] ; then\n    # print error to STDERR\n    echo \"error: The sandbox is not in sync with the Podfile.lock. Run 'pod install' or update your CocoaPods installation.\" >&2\n    exit 1\nfi\n# This output is used by Xcode 'outputs' to avoid re-running this script phase.\necho \"SUCCESS\" > \"${SCRIPT_OUTPUT_FILE_0}\"\n";
			showEnvVarsInLog = 0;
		};
		64463697504D3428A659B375 /* [CP] Copy Pods Resources */ = {
			isa = PBXShellScriptBuildPhase;
			buildActionMask = 2147483647;
			files = (
			);
			inputFileListPaths = (
				"${PODS_ROOT}/Target Support Files/Pods-HBSwiftKitExample/Pods-HBSwiftKitExample-resources-${CONFIGURATION}-input-files.xcfilelist",
			);
			name = "[CP] Copy Pods Resources";
			outputFileListPaths = (
				"${PODS_ROOT}/Target Support Files/Pods-HBSwiftKitExample/Pods-HBSwiftKitExample-resources-${CONFIGURATION}-output-files.xcfilelist",
			);
			runOnlyForDeploymentPostprocessing = 0;
			shellPath = /bin/sh;
			shellScript = "\"${PODS_ROOT}/Target Support Files/Pods-HBSwiftKitExample/Pods-HBSwiftKitExample-resources.sh\"\n";
			showEnvVarsInLog = 0;
		};
		9550B0C49AC2C7A408A24A30 /* [CP] Check Pods Manifest.lock */ = {
			isa = PBXShellScriptBuildPhase;
			buildActionMask = 2147483647;
			files = (
			);
			inputFileListPaths = (
			);
			inputPaths = (
				"${PODS_PODFILE_DIR_PATH}/Podfile.lock",
				"${PODS_ROOT}/Manifest.lock",
			);
			name = "[CP] Check Pods Manifest.lock";
			outputFileListPaths = (
			);
			outputPaths = (
				"$(DERIVED_FILE_DIR)/Pods-HBSwiftKitExample-checkManifestLockResult.txt",
			);
			runOnlyForDeploymentPostprocessing = 0;
			shellPath = /bin/sh;
			shellScript = "diff \"${PODS_PODFILE_DIR_PATH}/Podfile.lock\" \"${PODS_ROOT}/Manifest.lock\" > /dev/null\nif [ $? != 0 ] ; then\n    # print error to STDERR\n    echo \"error: The sandbox is not in sync with the Podfile.lock. Run 'pod install' or update your CocoaPods installation.\" >&2\n    exit 1\nfi\n# This output is used by Xcode 'outputs' to avoid re-running this script phase.\necho \"SUCCESS\" > \"${SCRIPT_OUTPUT_FILE_0}\"\n";
			showEnvVarsInLog = 0;
		};
		F2968BC7E40AB9260D1B0E50 /* [CP] Check Pods Manifest.lock */ = {
			isa = PBXShellScriptBuildPhase;
			buildActionMask = 2147483647;
			files = (
			);
			inputFileListPaths = (
			);
			inputPaths = (
				"${PODS_PODFILE_DIR_PATH}/Podfile.lock",
				"${PODS_ROOT}/Manifest.lock",
			);
			name = "[CP] Check Pods Manifest.lock";
			outputFileListPaths = (
			);
			outputPaths = (
				"$(DERIVED_FILE_DIR)/Pods-HBSwiftKitExample-HBSwiftKitExampleUITests-checkManifestLockResult.txt",
			);
			runOnlyForDeploymentPostprocessing = 0;
			shellPath = /bin/sh;
			shellScript = "diff \"${PODS_PODFILE_DIR_PATH}/Podfile.lock\" \"${PODS_ROOT}/Manifest.lock\" > /dev/null\nif [ $? != 0 ] ; then\n    # print error to STDERR\n    echo \"error: The sandbox is not in sync with the Podfile.lock. Run 'pod install' or update your CocoaPods installation.\" >&2\n    exit 1\nfi\n# This output is used by Xcode 'outputs' to avoid re-running this script phase.\necho \"SUCCESS\" > \"${SCRIPT_OUTPUT_FILE_0}\"\n";
			showEnvVarsInLog = 0;
		};
/* End PBXShellScriptBuildPhase section */

/* Begin PBXSourcesBuildPhase section */
		B53B30D4254FAE8C006D51AE /* Sources */ = {
			isa = PBXSourcesBuildPhase;
			buildActionMask = 2147483647;
			files = (
				B53B314F254FAF9B006D51AE /* BlueToothController.swift in Sources */,
				B53B3150254FAF9B006D51AE /* DatePickerController.swift in Sources */,
				B53B30E0254FAE8C006D51AE /* ViewController.swift in Sources */,
				B53B314D254FAF9B006D51AE /* NumberPickerController.swift in Sources */,
				B53B30DC254FAE8C006D51AE /* AppDelegate.swift in Sources */,
				B53B314C254FAF9B006D51AE /* ImageBrowerController.swift in Sources */,
				B53B314E254FAF9B006D51AE /* CalendarPickerController.swift in Sources */,
			);
			runOnlyForDeploymentPostprocessing = 0;
		};
		B53B30EA254FAE8F006D51AE /* Sources */ = {
			isa = PBXSourcesBuildPhase;
			buildActionMask = 2147483647;
			files = (
				B53B30F3254FAE8F006D51AE /* HBSwiftKitExampleTests.swift in Sources */,
			);
			runOnlyForDeploymentPostprocessing = 0;
		};
		B53B30F5254FAE8F006D51AE /* Sources */ = {
			isa = PBXSourcesBuildPhase;
			buildActionMask = 2147483647;
			files = (
				B53B30FE254FAE8F006D51AE /* HBSwiftKitExampleUITests.swift in Sources */,
			);
			runOnlyForDeploymentPostprocessing = 0;
		};
/* End PBXSourcesBuildPhase section */

/* Begin PBXTargetDependency section */
		B53B30F0254FAE8F006D51AE /* PBXTargetDependency */ = {
			isa = PBXTargetDependency;
			target = B53B30D7254FAE8C006D51AE /* HBSwiftKitExample */;
			targetProxy = B53B30EF254FAE8F006D51AE /* PBXContainerItemProxy */;
		};
		B53B30FB254FAE8F006D51AE /* PBXTargetDependency */ = {
			isa = PBXTargetDependency;
			target = B53B30D7254FAE8C006D51AE /* HBSwiftKitExample */;
			targetProxy = B53B30FA254FAE8F006D51AE /* PBXContainerItemProxy */;
		};
/* End PBXTargetDependency section */

/* Begin PBXVariantGroup section */
		B53B30E1254FAE8C006D51AE /* Main.storyboard */ = {
			isa = PBXVariantGroup;
			children = (
				B53B30E2254FAE8C006D51AE /* Base */,
			);
			name = Main.storyboard;
			sourceTree = "<group>";
		};
		B53B30E6254FAE8F006D51AE /* LaunchScreen.storyboard */ = {
			isa = PBXVariantGroup;
			children = (
				B53B30E7254FAE8F006D51AE /* Base */,
			);
			name = LaunchScreen.storyboard;
			sourceTree = "<group>";
		};
/* End PBXVariantGroup section */

/* Begin XCBuildConfiguration section */
		B53B3100254FAE8F006D51AE /* Debug */ = {
			isa = XCBuildConfiguration;
			buildSettings = {
				ALWAYS_SEARCH_USER_PATHS = NO;
				CLANG_ANALYZER_NONNULL = YES;
				CLANG_ANALYZER_NUMBER_OBJECT_CONVERSION = YES_AGGRESSIVE;
				CLANG_CXX_LANGUAGE_STANDARD = "gnu++14";
				CLANG_CXX_LIBRARY = "libc++";
				CLANG_ENABLE_MODULES = YES;
				CLANG_ENABLE_OBJC_ARC = YES;
				CLANG_ENABLE_OBJC_WEAK = YES;
				CLANG_WARN_BLOCK_CAPTURE_AUTORELEASING = YES;
				CLANG_WARN_BOOL_CONVERSION = YES;
				CLANG_WARN_COMMA = YES;
				CLANG_WARN_CONSTANT_CONVERSION = YES;
				CLANG_WARN_DEPRECATED_OBJC_IMPLEMENTATIONS = YES;
				CLANG_WARN_DIRECT_OBJC_ISA_USAGE = YES_ERROR;
				CLANG_WARN_DOCUMENTATION_COMMENTS = YES;
				CLANG_WARN_EMPTY_BODY = YES;
				CLANG_WARN_ENUM_CONVERSION = YES;
				CLANG_WARN_INFINITE_RECURSION = YES;
				CLANG_WARN_INT_CONVERSION = YES;
				CLANG_WARN_NON_LITERAL_NULL_CONVERSION = YES;
				CLANG_WARN_OBJC_IMPLICIT_RETAIN_SELF = YES;
				CLANG_WARN_OBJC_LITERAL_CONVERSION = YES;
				CLANG_WARN_OBJC_ROOT_CLASS = YES_ERROR;
				CLANG_WARN_QUOTED_INCLUDE_IN_FRAMEWORK_HEADER = YES;
				CLANG_WARN_RANGE_LOOP_ANALYSIS = YES;
				CLANG_WARN_STRICT_PROTOTYPES = YES;
				CLANG_WARN_SUSPICIOUS_MOVE = YES;
				CLANG_WARN_UNGUARDED_AVAILABILITY = YES_AGGRESSIVE;
				CLANG_WARN_UNREACHABLE_CODE = YES;
				CLANG_WARN__DUPLICATE_METHOD_MATCH = YES;
				COPY_PHASE_STRIP = NO;
				DEBUG_INFORMATION_FORMAT = dwarf;
				ENABLE_STRICT_OBJC_MSGSEND = YES;
				ENABLE_TESTABILITY = YES;
				GCC_C_LANGUAGE_STANDARD = gnu11;
				GCC_DYNAMIC_NO_PIC = NO;
				GCC_NO_COMMON_BLOCKS = YES;
				GCC_OPTIMIZATION_LEVEL = 0;
				GCC_PREPROCESSOR_DEFINITIONS = (
					"DEBUG=1",
					"$(inherited)",
				);
				GCC_WARN_64_TO_32_BIT_CONVERSION = YES;
				GCC_WARN_ABOUT_RETURN_TYPE = YES_ERROR;
				GCC_WARN_UNDECLARED_SELECTOR = YES;
				GCC_WARN_UNINITIALIZED_AUTOS = YES_AGGRESSIVE;
				GCC_WARN_UNUSED_FUNCTION = YES;
				GCC_WARN_UNUSED_VARIABLE = YES;
				IPHONEOS_DEPLOYMENT_TARGET = 9.0;
				MTL_ENABLE_DEBUG_INFO = INCLUDE_SOURCE;
				MTL_FAST_MATH = YES;
				ONLY_ACTIVE_ARCH = YES;
				SDKROOT = iphoneos;
				SWIFT_ACTIVE_COMPILATION_CONDITIONS = DEBUG;
				SWIFT_OPTIMIZATION_LEVEL = "-Onone";
			};
			name = Debug;
		};
		B53B3101254FAE8F006D51AE /* Release */ = {
			isa = XCBuildConfiguration;
			buildSettings = {
				ALWAYS_SEARCH_USER_PATHS = NO;
				CLANG_ANALYZER_NONNULL = YES;
				CLANG_ANALYZER_NUMBER_OBJECT_CONVERSION = YES_AGGRESSIVE;
				CLANG_CXX_LANGUAGE_STANDARD = "gnu++14";
				CLANG_CXX_LIBRARY = "libc++";
				CLANG_ENABLE_MODULES = YES;
				CLANG_ENABLE_OBJC_ARC = YES;
				CLANG_ENABLE_OBJC_WEAK = YES;
				CLANG_WARN_BLOCK_CAPTURE_AUTORELEASING = YES;
				CLANG_WARN_BOOL_CONVERSION = YES;
				CLANG_WARN_COMMA = YES;
				CLANG_WARN_CONSTANT_CONVERSION = YES;
				CLANG_WARN_DEPRECATED_OBJC_IMPLEMENTATIONS = YES;
				CLANG_WARN_DIRECT_OBJC_ISA_USAGE = YES_ERROR;
				CLANG_WARN_DOCUMENTATION_COMMENTS = YES;
				CLANG_WARN_EMPTY_BODY = YES;
				CLANG_WARN_ENUM_CONVERSION = YES;
				CLANG_WARN_INFINITE_RECURSION = YES;
				CLANG_WARN_INT_CONVERSION = YES;
				CLANG_WARN_NON_LITERAL_NULL_CONVERSION = YES;
				CLANG_WARN_OBJC_IMPLICIT_RETAIN_SELF = YES;
				CLANG_WARN_OBJC_LITERAL_CONVERSION = YES;
				CLANG_WARN_OBJC_ROOT_CLASS = YES_ERROR;
				CLANG_WARN_QUOTED_INCLUDE_IN_FRAMEWORK_HEADER = YES;
				CLANG_WARN_RANGE_LOOP_ANALYSIS = YES;
				CLANG_WARN_STRICT_PROTOTYPES = YES;
				CLANG_WARN_SUSPICIOUS_MOVE = YES;
				CLANG_WARN_UNGUARDED_AVAILABILITY = YES_AGGRESSIVE;
				CLANG_WARN_UNREACHABLE_CODE = YES;
				CLANG_WARN__DUPLICATE_METHOD_MATCH = YES;
				COPY_PHASE_STRIP = NO;
				DEBUG_INFORMATION_FORMAT = "dwarf-with-dsym";
				ENABLE_NS_ASSERTIONS = NO;
				ENABLE_STRICT_OBJC_MSGSEND = YES;
				GCC_C_LANGUAGE_STANDARD = gnu11;
				GCC_NO_COMMON_BLOCKS = YES;
				GCC_WARN_64_TO_32_BIT_CONVERSION = YES;
				GCC_WARN_ABOUT_RETURN_TYPE = YES_ERROR;
				GCC_WARN_UNDECLARED_SELECTOR = YES;
				GCC_WARN_UNINITIALIZED_AUTOS = YES_AGGRESSIVE;
				GCC_WARN_UNUSED_FUNCTION = YES;
				GCC_WARN_UNUSED_VARIABLE = YES;
				IPHONEOS_DEPLOYMENT_TARGET = 9.0;
				MTL_ENABLE_DEBUG_INFO = NO;
				MTL_FAST_MATH = YES;
				SDKROOT = iphoneos;
				SWIFT_COMPILATION_MODE = wholemodule;
				SWIFT_OPTIMIZATION_LEVEL = "-O";
				VALIDATE_PRODUCT = YES;
			};
			name = Release;
		};
		B53B3103254FAE8F006D51AE /* Debug */ = {
			isa = XCBuildConfiguration;
			baseConfigurationReference = C8EC6916641668A0A7EA0ECD /* Pods-HBSwiftKitExample.debug.xcconfig */;
			buildSettings = {
				ASSETCATALOG_COMPILER_APPICON_NAME = AppIcon;
				ASSETCATALOG_COMPILER_GLOBAL_ACCENT_COLOR_NAME = AccentColor;
				CLANG_ENABLE_MODULES = YES;
				CODE_SIGN_IDENTITY = "Apple Development";
				CODE_SIGN_STYLE = Automatic;
				DEVELOPMENT_TEAM = YTPNCWF278;
				INFOPLIST_FILE = "$(SRCROOT)/HBSwiftKitExample/Resource/Info.plist";
				IPHONEOS_DEPLOYMENT_TARGET = 9.0;
				LD_RUNPATH_SEARCH_PATHS = (
					"$(inherited)",
					"@executable_path/Frameworks",
				);
				MARKETING_VERSION = 1.0.0;
				PRODUCT_BUNDLE_IDENTIFIER = com.hubin.HBSwiftKitExample;
				PRODUCT_NAME = "$(TARGET_NAME)";
				PROVISIONING_PROFILE_SPECIFIER = "";
				SWIFT_OBJC_BRIDGING_HEADER = "HBSwiftKitExample/Resource/HBSwiftKitExample-Bridging-Header.h";
				SWIFT_OPTIMIZATION_LEVEL = "-Onone";
				SWIFT_VERSION = 5.0;
				TARGETED_DEVICE_FAMILY = "1,2";
			};
			name = Debug;
		};
		B53B3104254FAE8F006D51AE /* Release */ = {
			isa = XCBuildConfiguration;
			baseConfigurationReference = 8E0DF3F2C56BC79CCF498635 /* Pods-HBSwiftKitExample.release.xcconfig */;
			buildSettings = {
				ASSETCATALOG_COMPILER_APPICON_NAME = AppIcon;
				ASSETCATALOG_COMPILER_GLOBAL_ACCENT_COLOR_NAME = AccentColor;
				CLANG_ENABLE_MODULES = YES;
				CODE_SIGN_IDENTITY = "Apple Development";
				CODE_SIGN_STYLE = Automatic;
				DEVELOPMENT_TEAM = YTPNCWF278;
				INFOPLIST_FILE = "$(SRCROOT)/HBSwiftKitExample/Resource/Info.plist";
				IPHONEOS_DEPLOYMENT_TARGET = 9.0;
				LD_RUNPATH_SEARCH_PATHS = (
					"$(inherited)",
					"@executable_path/Frameworks",
				);
				MARKETING_VERSION = 1.0.0;
				PRODUCT_BUNDLE_IDENTIFIER = com.hubin.HBSwiftKitExample;
				PRODUCT_NAME = "$(TARGET_NAME)";
				PROVISIONING_PROFILE_SPECIFIER = "";
				SWIFT_OBJC_BRIDGING_HEADER = "HBSwiftKitExample/Resource/HBSwiftKitExample-Bridging-Header.h";
				SWIFT_VERSION = 5.0;
				TARGETED_DEVICE_FAMILY = "1,2";
			};
			name = Release;
		};
		B53B3106254FAE8F006D51AE /* Debug */ = {
			isa = XCBuildConfiguration;
			baseConfigurationReference = AB6185FFA52FC22998C3689C /* Pods-HBSwiftKitExampleTests.debug.xcconfig */;
			buildSettings = {
				ALWAYS_EMBED_SWIFT_STANDARD_LIBRARIES = YES;
				BUNDLE_LOADER = "$(TEST_HOST)";
				CODE_SIGN_STYLE = Automatic;
				DEVELOPMENT_TEAM = YTPNCWF278;
				INFOPLIST_FILE = HBSwiftKitExampleTests/Info.plist;
				IPHONEOS_DEPLOYMENT_TARGET = 14.0;
				LD_RUNPATH_SEARCH_PATHS = (
					"$(inherited)",
					"@executable_path/Frameworks",
					"@loader_path/Frameworks",
				);
				PRODUCT_BUNDLE_IDENTIFIER = hubin.h.HBSwiftKitExampleTests;
				PRODUCT_NAME = "$(TARGET_NAME)";
				SWIFT_VERSION = 5.0;
				TARGETED_DEVICE_FAMILY = "1,2";
				TEST_HOST = "$(BUILT_PRODUCTS_DIR)/HBSwiftKitExample.app/HBSwiftKitExample";
			};
			name = Debug;
		};
		B53B3107254FAE8F006D51AE /* Release */ = {
			isa = XCBuildConfiguration;
			baseConfigurationReference = F0D21A09058B91F4886D801D /* Pods-HBSwiftKitExampleTests.release.xcconfig */;
			buildSettings = {
				ALWAYS_EMBED_SWIFT_STANDARD_LIBRARIES = YES;
				BUNDLE_LOADER = "$(TEST_HOST)";
				CODE_SIGN_STYLE = Automatic;
				DEVELOPMENT_TEAM = YTPNCWF278;
				INFOPLIST_FILE = HBSwiftKitExampleTests/Info.plist;
				IPHONEOS_DEPLOYMENT_TARGET = 14.0;
				LD_RUNPATH_SEARCH_PATHS = (
					"$(inherited)",
					"@executable_path/Frameworks",
					"@loader_path/Frameworks",
				);
				PRODUCT_BUNDLE_IDENTIFIER = hubin.h.HBSwiftKitExampleTests;
				PRODUCT_NAME = "$(TARGET_NAME)";
				SWIFT_VERSION = 5.0;
				TARGETED_DEVICE_FAMILY = "1,2";
				TEST_HOST = "$(BUILT_PRODUCTS_DIR)/HBSwiftKitExample.app/HBSwiftKitExample";
			};
			name = Release;
		};
		B53B3109254FAE8F006D51AE /* Debug */ = {
			isa = XCBuildConfiguration;
			baseConfigurationReference = D0F62E156C551FF921EBC4F3 /* Pods-HBSwiftKitExample-HBSwiftKitExampleUITests.debug.xcconfig */;
			buildSettings = {
				ALWAYS_EMBED_SWIFT_STANDARD_LIBRARIES = YES;
				CODE_SIGN_STYLE = Automatic;
				DEVELOPMENT_TEAM = YTPNCWF278;
				INFOPLIST_FILE = HBSwiftKitExampleUITests/Info.plist;
				LD_RUNPATH_SEARCH_PATHS = (
					"$(inherited)",
					"@executable_path/Frameworks",
					"@loader_path/Frameworks",
				);
				PRODUCT_BUNDLE_IDENTIFIER = hubin.h.HBSwiftKitExampleUITests;
				PRODUCT_NAME = "$(TARGET_NAME)";
				SWIFT_VERSION = 5.0;
				TARGETED_DEVICE_FAMILY = "1,2";
				TEST_TARGET_NAME = HBSwiftKitExample;
			};
			name = Debug;
		};
		B53B310A254FAE8F006D51AE /* Release */ = {
			isa = XCBuildConfiguration;
			baseConfigurationReference = 8CF9D9879155D6BC28203D8F /* Pods-HBSwiftKitExample-HBSwiftKitExampleUITests.release.xcconfig */;
			buildSettings = {
				ALWAYS_EMBED_SWIFT_STANDARD_LIBRARIES = YES;
				CODE_SIGN_STYLE = Automatic;
				DEVELOPMENT_TEAM = YTPNCWF278;
				INFOPLIST_FILE = HBSwiftKitExampleUITests/Info.plist;
				LD_RUNPATH_SEARCH_PATHS = (
					"$(inherited)",
					"@executable_path/Frameworks",
					"@loader_path/Frameworks",
				);
				PRODUCT_BUNDLE_IDENTIFIER = hubin.h.HBSwiftKitExampleUITests;
				PRODUCT_NAME = "$(TARGET_NAME)";
				SWIFT_VERSION = 5.0;
				TARGETED_DEVICE_FAMILY = "1,2";
				TEST_TARGET_NAME = HBSwiftKitExample;
			};
			name = Release;
		};
/* End XCBuildConfiguration section */

/* Begin XCConfigurationList section */
		B53B30D3254FAE8C006D51AE /* Build configuration list for PBXProject "HBSwiftKitExample" */ = {
			isa = XCConfigurationList;
			buildConfigurations = (
				B53B3100254FAE8F006D51AE /* Debug */,
				B53B3101254FAE8F006D51AE /* Release */,
			);
			defaultConfigurationIsVisible = 0;
			defaultConfigurationName = Release;
		};
		B53B3102254FAE8F006D51AE /* Build configuration list for PBXNativeTarget "HBSwiftKitExample" */ = {
			isa = XCConfigurationList;
			buildConfigurations = (
				B53B3103254FAE8F006D51AE /* Debug */,
				B53B3104254FAE8F006D51AE /* Release */,
			);
			defaultConfigurationIsVisible = 0;
			defaultConfigurationName = Release;
		};
		B53B3105254FAE8F006D51AE /* Build configuration list for PBXNativeTarget "HBSwiftKitExampleTests" */ = {
			isa = XCConfigurationList;
			buildConfigurations = (
				B53B3106254FAE8F006D51AE /* Debug */,
				B53B3107254FAE8F006D51AE /* Release */,
			);
			defaultConfigurationIsVisible = 0;
			defaultConfigurationName = Release;
		};
		B53B3108254FAE8F006D51AE /* Build configuration list for PBXNativeTarget "HBSwiftKitExampleUITests" */ = {
			isa = XCConfigurationList;
			buildConfigurations = (
				B53B3109254FAE8F006D51AE /* Debug */,
				B53B310A254FAE8F006D51AE /* Release */,
			);
			defaultConfigurationIsVisible = 0;
			defaultConfigurationName = Release;
		};
/* End XCConfigurationList section */
	};
	rootObject = B53B30D0254FAE8C006D51AE /* Project object */;
}
